// !$*UTF8*$!
{
	archiveVersion = 1;
	classes = {
	};
	objectVersion = 46;
	objects = {

/* Begin PBXBuildFile section */
		413FE4FF166CC93500A5356C /* add.png in Resources */ = {isa = PBXBuildFile; fileRef = 413FE4FA166CC93500A5356C /* add.png */; };
		413FE500166CC93500A5356C /* moon.png in Resources */ = {isa = PBXBuildFile; fileRef = 413FE4FB166CC93500A5356C /* moon.png */; };
		413FE501166CC93500A5356C /* player.png in Resources */ = {isa = PBXBuildFile; fileRef = 413FE4FC166CC93500A5356C /* player.png */; };
		413FE502166CC93500A5356C /* players.png in Resources */ = {isa = PBXBuildFile; fileRef = 413FE4FD166CC93500A5356C /* players.png */; };
		413FE503166CC93500A5356C /* two_handed.png in Resources */ = {isa = PBXBuildFile; fileRef = 413FE4FE166CC93500A5356C /* two_handed.png */; };
		4147AF851657D9D000B6AE49 /* MafiaAction.m in Sources */ = {isa = PBXBuildFile; fileRef = 4147AF7B1657D9D000B6AE49 /* MafiaAction.m */; };
		4147AF861657D9D000B6AE49 /* MafiaGame.m in Sources */ = {isa = PBXBuildFile; fileRef = 4147AF7D1657D9D000B6AE49 /* MafiaGame.m */; };
		4147AF871657D9D000B6AE49 /* MafiaPlayer.m in Sources */ = {isa = PBXBuildFile; fileRef = 4147AF801657D9D000B6AE49 /* MafiaPlayer.m */; };
		4147AF881657D9D000B6AE49 /* MafiaPlayerList.m in Sources */ = {isa = PBXBuildFile; fileRef = 4147AF821657D9D000B6AE49 /* MafiaPlayerList.m */; };
		4147AF891657D9D000B6AE49 /* MafiaRole.m in Sources */ = {isa = PBXBuildFile; fileRef = 4147AF841657D9D000B6AE49 /* MafiaRole.m */; };
		415CF839165D6B8B00CDB5B2 /* MafiaGamePlayController.m in Sources */ = {isa = PBXBuildFile; fileRef = 415CF834165D6B8B00CDB5B2 /* MafiaGamePlayController.m */; };
		415CF83A165D6B8B00CDB5B2 /* MafiaGamePlayController.xib in Resources */ = {isa = PBXBuildFile; fileRef = 415CF835165D6B8B00CDB5B2 /* MafiaGamePlayController.xib */; };
		415CF83B165D6B8B00CDB5B2 /* MafiaGamePlayerTableViewCell.m in Sources */ = {isa = PBXBuildFile; fileRef = 415CF837165D6B8B00CDB5B2 /* MafiaGamePlayerTableViewCell.m */; };
		415CF83C165D6B8B00CDB5B2 /* MafiaGamePlayerTableViewCell.xib in Resources */ = {isa = PBXBuildFile; fileRef = 415CF838165D6B8B00CDB5B2 /* MafiaGamePlayerTableViewCell.xib */; };
		415CF855165D6EBA00CDB5B2 /* action_in_day.png in Resources */ = {isa = PBXBuildFile; fileRef = 415CF83E165D6EBA00CDB5B2 /* action_in_day.png */; };
		415CF856165D6EBA00CDB5B2 /* action_in_night.png in Resources */ = {isa = PBXBuildFile; fileRef = 415CF83F165D6EBA00CDB5B2 /* action_in_night.png */; };
		415CF857165D6EBA00CDB5B2 /* is_just_guarded.png in Resources */ = {isa = PBXBuildFile; fileRef = 415CF840165D6EBA00CDB5B2 /* is_just_guarded.png */; };
		415CF858165D6EBA00CDB5B2 /* is_misdiagnosed.png in Resources */ = {isa = PBXBuildFile; fileRef = 415CF841165D6EBA00CDB5B2 /* is_misdiagnosed.png */; };
		415CF859165D6EBA00CDB5B2 /* is_unguardable.png in Resources */ = {isa = PBXBuildFile; fileRef = 415CF842165D6EBA00CDB5B2 /* is_unguardable.png */; };
		415CF85A165D6EBA00CDB5B2 /* is_voted.png in Resources */ = {isa = PBXBuildFile; fileRef = 415CF843165D6EBA00CDB5B2 /* is_voted.png */; };
		415CF85B165D6EBA00CDB5B2 /* role_civilian.png in Resources */ = {isa = PBXBuildFile; fileRef = 415CF844165D6EBA00CDB5B2 /* role_civilian.png */; };
		415CF85C165D6EBA00CDB5B2 /* role_dead.png in Resources */ = {isa = PBXBuildFile; fileRef = 415CF845165D6EBA00CDB5B2 /* role_dead.png */; };
		415CF85D165D6EBA00CDB5B2 /* role_detective.png in Resources */ = {isa = PBXBuildFile; fileRef = 415CF846165D6EBA00CDB5B2 /* role_detective.png */; };
		415CF85E165D6EBA00CDB5B2 /* role_doctor.png in Resources */ = {isa = PBXBuildFile; fileRef = 415CF847165D6EBA00CDB5B2 /* role_doctor.png */; };
		415CF85F165D6EBA00CDB5B2 /* role_guardian.png in Resources */ = {isa = PBXBuildFile; fileRef = 415CF848165D6EBA00CDB5B2 /* role_guardian.png */; };
		415CF860165D6EBA00CDB5B2 /* role_killer.png in Resources */ = {isa = PBXBuildFile; fileRef = 415CF849165D6EBA00CDB5B2 /* role_killer.png */; };
		415CF861165D6EBA00CDB5B2 /* role_traitor.png in Resources */ = {isa = PBXBuildFile; fileRef = 415CF84A165D6EBA00CDB5B2 /* role_traitor.png */; };
		415CF862165D6EBA00CDB5B2 /* role_undercover.png in Resources */ = {isa = PBXBuildFile; fileRef = 415CF84B165D6EBA00CDB5B2 /* role_undercover.png */; };
		415CF863165D6EBA00CDB5B2 /* role_unrevealed.png in Resources */ = {isa = PBXBuildFile; fileRef = 415CF84C165D6EBA00CDB5B2 /* role_unrevealed.png */; };
		415CF866165D6EBA00CDB5B2 /* tag_detective.png in Resources */ = {isa = PBXBuildFile; fileRef = 415CF84F165D6EBA00CDB5B2 /* tag_detective.png */; };
		415CF867165D6EBA00CDB5B2 /* tag_doctor.png in Resources */ = {isa = PBXBuildFile; fileRef = 415CF850165D6EBA00CDB5B2 /* tag_doctor.png */; };
		415CF868165D6EBA00CDB5B2 /* tag_guardian.png in Resources */ = {isa = PBXBuildFile; fileRef = 415CF851165D6EBA00CDB5B2 /* tag_guardian.png */; };
		415CF869165D6EBA00CDB5B2 /* tag_killer.png in Resources */ = {isa = PBXBuildFile; fileRef = 415CF852165D6EBA00CDB5B2 /* tag_killer.png */; };
		415CF86A165D6EBA00CDB5B2 /* tag_traitor.png in Resources */ = {isa = PBXBuildFile; fileRef = 415CF853165D6EBA00CDB5B2 /* tag_traitor.png */; };
		415CF86B165D6EBA00CDB5B2 /* tag_undercover.png in Resources */ = {isa = PBXBuildFile; fileRef = 415CF854165D6EBA00CDB5B2 /* tag_undercover.png */; };
		415CF874165D8D1B00CDB5B2 /* MafiaSettleTagsAction.m in Sources */ = {isa = PBXBuildFile; fileRef = 415CF873165D8D1B00CDB5B2 /* MafiaSettleTagsAction.m */; };
		415CF877165D927F00CDB5B2 /* MafiaVoteAndLynchAction.m in Sources */ = {isa = PBXBuildFile; fileRef = 415CF876165D927F00CDB5B2 /* MafiaVoteAndLynchAction.m */; };
		415CF87A165D9CF400CDB5B2 /* game_background.png in Resources */ = {isa = PBXBuildFile; fileRef = 415CF878165D9CF400CDB5B2 /* game_background.png */; };
		415CF87B165D9CF400CDB5B2 /* role_assassin.png in Resources */ = {isa = PBXBuildFile; fileRef = 415CF879165D9CF400CDB5B2 /* role_assassin.png */; };
		415CF8811660CE8B00CDB5B2 /* MafiaGameSetup.m in Sources */ = {isa = PBXBuildFile; fileRef = 415CF8801660CE8B00CDB5B2 /* MafiaGameSetup.m */; };
		416E66BD166D03210062AE57 /* MafiaInformation.m in Sources */ = {isa = PBXBuildFile; fileRef = 416E66BC166D03200062AE57 /* MafiaInformation.m */; };
		416E66C0166D036D0062AE57 /* MafiaGameInformationController.m in Sources */ = {isa = PBXBuildFile; fileRef = 416E66BF166D036D0062AE57 /* MafiaGameInformationController.m */; };
		416E66C2166D03F60062AE57 /* MafiaGameInformationController.xib in Resources */ = {isa = PBXBuildFile; fileRef = 416E66C1166D03F60062AE57 /* MafiaGameInformationController.xib */; };
		416E66D1166D2C610062AE57 /* information_announcement.png in Resources */ = {isa = PBXBuildFile; fileRef = 416E66CE166D2C610062AE57 /* information_announcement.png */; };
		416E66D2166D2C610062AE57 /* information_negative.png in Resources */ = {isa = PBXBuildFile; fileRef = 416E66CF166D2C610062AE57 /* information_negative.png */; };
		416E66D3166D2C610062AE57 /* information_positive.png in Resources */ = {isa = PBXBuildFile; fileRef = 416E66D0166D2C610062AE57 /* information_positive.png */; };
		417F09151670ECA100F44475 /* AddressBook.framework in Frameworks */ = {isa = PBXBuildFile; fileRef = 417F09131670ECA100F44475 /* AddressBook.framework */; };
		417F09161670ECA100F44475 /* AddressBookUI.framework in Frameworks */ = {isa = PBXBuildFile; fileRef = 417F09141670ECA100F44475 /* AddressBookUI.framework */; };
		417F09671671001900F44475 /* UIKit.framework in Frameworks */ = {isa = PBXBuildFile; fileRef = 41857F461652D5A600EE800D /* UIKit.framework */; };
		417F09681671001900F44475 /* Foundation.framework in Frameworks */ = {isa = PBXBuildFile; fileRef = 41857F481652D5A600EE800D /* Foundation.framework */; };
		417F09881671069700F44475 /* SenTestingKit.framework in Frameworks */ = {isa = PBXBuildFile; fileRef = 417F09871671069600F44475 /* SenTestingKit.framework */; };
		41857F471652D5A600EE800D /* UIKit.framework in Frameworks */ = {isa = PBXBuildFile; fileRef = 41857F461652D5A600EE800D /* UIKit.framework */; };
		41857F491652D5A600EE800D /* Foundation.framework in Frameworks */ = {isa = PBXBuildFile; fileRef = 41857F481652D5A600EE800D /* Foundation.framework */; };
		41857F4B1652D5A600EE800D /* CoreGraphics.framework in Frameworks */ = {isa = PBXBuildFile; fileRef = 41857F4A1652D5A600EE800D /* CoreGraphics.framework */; };
		41857F6F1652DAA200EE800D /* main.m in Sources */ = {isa = PBXBuildFile; fileRef = 41857F6E1652DAA200EE800D /* main.m */; };
		41857F791652DACC00EE800D /* InfoPlist.strings in Resources */ = {isa = PBXBuildFile; fileRef = 41857F771652DACC00EE800D /* InfoPlist.strings */; };
		41857F7F1652DB2700EE800D /* MafiaAppDelegate.m in Sources */ = {isa = PBXBuildFile; fileRef = 41857F7E1652DB2700EE800D /* MafiaAppDelegate.m */; };
		418A102116710999003D81C0 /* InfoPlist.strings in Resources */ = {isa = PBXBuildFile; fileRef = 418A101F16710999003D81C0 /* InfoPlist.strings */; };
		418A102816710CA5003D81C0 /* MafiaSettleTagsActionTests.m in Sources */ = {isa = PBXBuildFile; fileRef = 418A102716710CA5003D81C0 /* MafiaSettleTagsActionTests.m */; };
		418A102B16710D94003D81C0 /* MafiaGameplayTestCase.m in Sources */ = {isa = PBXBuildFile; fileRef = 418A102A16710D94003D81C0 /* MafiaGameplayTestCase.m */; };
		418A10321671F106003D81C0 /* MafiaVoteAndLynchActionTests.m in Sources */ = {isa = PBXBuildFile; fileRef = 418A10311671F105003D81C0 /* MafiaVoteAndLynchActionTests.m */; };
		418A72FA1AC9570400A652D2 /* Images.xcassets in Resources */ = {isa = PBXBuildFile; fileRef = 418A72F91AC9570400A652D2 /* Images.xcassets */; };
		4197E9C2166CA89C00D01D34 /* MafiaGameSetupPlayersController.m in Sources */ = {isa = PBXBuildFile; fileRef = 4197E9C1166CA89C00D01D34 /* MafiaGameSetupPlayersController.m */; };
		4197E9C9166CBA5000D01D34 /* MafiaGameSetupRoleController.m in Sources */ = {isa = PBXBuildFile; fileRef = 4197E9C8166CBA5000D01D34 /* MafiaGameSetupRoleController.m */; };
		41B32501166F4BE900E9D509 /* MafiaHTMLPageController.m in Sources */ = {isa = PBXBuildFile; fileRef = 41B32500166F4BE900E9D509 /* MafiaHTMLPageController.m */; };
		41B32504166F4CFC00E9D509 /* MafiaGuideController.m in Sources */ = {isa = PBXBuildFile; fileRef = 41B32503166F4CFC00E9D509 /* MafiaGuideController.m */; };
		41B32507166F4FFF00E9D509 /* MafiaHTMLPage.m in Sources */ = {isa = PBXBuildFile; fileRef = 41B32506166F4FFF00E9D509 /* MafiaHTMLPage.m */; };
		41B32509166F548500E9D509 /* guide.png in Resources */ = {isa = PBXBuildFile; fileRef = 41B32508166F548500E9D509 /* guide.png */; };
		41B3250B166F571500E9D509 /* MafiaHTMLPageController.xib in Resources */ = {isa = PBXBuildFile; fileRef = 41B3250A166F571500E9D509 /* MafiaHTMLPageController.xib */; };
		41B3250F166F579E00E9D509 /* gameplay.zh.html in Resources */ = {isa = PBXBuildFile; fileRef = 41B3250D166F579E00E9D509 /* gameplay.zh.html */; };
		41B32510166F579E00E9D509 /* style.css in Resources */ = {isa = PBXBuildFile; fileRef = 41B3250E166F579E00E9D509 /* style.css */; };
		41B32513166F5FE600E9D509 /* MafiaGamePlayerController.m in Sources */ = {isa = PBXBuildFile; fileRef = 41B32512166F5FE600E9D509 /* MafiaGamePlayerController.m */; };
		41B32515166F70C700E9D509 /* is_dead.png in Resources */ = {isa = PBXBuildFile; fileRef = 41B32514166F70C700E9D509 /* is_dead.png */; };
		41B32518166F7F0200E9D509 /* MafiaGamePlayerRoleController.m in Sources */ = {isa = PBXBuildFile; fileRef = 41B32517166F7F0200E9D509 /* MafiaGamePlayerRoleController.m */; };
		41B3C0CA1673642400233934 /* Localizable.strings in Resources */ = {isa = PBXBuildFile; fileRef = 41B3C0CC1673642400233934 /* Localizable.strings */; };
		41B5A623166E120B009F8CAE /* information_background.png in Resources */ = {isa = PBXBuildFile; fileRef = 41B5A622166E120B009F8CAE /* information_background.png */; };
		41E9AC9C1660D542006AC42D /* tag_assassin.png in Resources */ = {isa = PBXBuildFile; fileRef = 41E9AC9B1660D542006AC42D /* tag_assassin.png */; };
		41E9ACA01660D5F6006AC42D /* MafiaGameSetupController.m in Sources */ = {isa = PBXBuildFile; fileRef = 41E9AC9F1660D5F6006AC42D /* MafiaGameSetupController.m */; };
		41E9ACAD166174CC006AC42D /* MafiaGameSetupAddPlayerController.m in Sources */ = {isa = PBXBuildFile; fileRef = 41E9ACAB166174CC006AC42D /* MafiaGameSetupAddPlayerController.m */; };
		41E9ACAE166174CC006AC42D /* MafiaGameSetupAddPlayerController.xib in Resources */ = {isa = PBXBuildFile; fileRef = 41E9ACAC166174CC006AC42D /* MafiaGameSetupAddPlayerController.xib */; };
		41F88FBF166E3B4100DCC050 /* MafiaNumberRange.m in Sources */ = {isa = PBXBuildFile; fileRef = 41F88FBE166E3B4100DCC050 /* MafiaNumberRange.m */; };
/* End PBXBuildFile section */

/* Begin PBXContainerItemProxy section */
		417F09761671009700F44475 /* PBXContainerItemProxy */ = {
			isa = PBXContainerItemProxy;
			containerPortal = 41857F391652D5A500EE800D /* Project object */;
			proxyType = 1;
			remoteGlobalIDString = 41857F411652D5A600EE800D;
			remoteInfo = Mafia;
		};
/* End PBXContainerItemProxy section */

/* Begin PBXFileReference section */
		413FE4FA166CC93500A5356C /* add.png */ = {isa = PBXFileReference; lastKnownFileType = image.png; path = add.png; sourceTree = "<group>"; };
		413FE4FB166CC93500A5356C /* moon.png */ = {isa = PBXFileReference; lastKnownFileType = image.png; path = moon.png; sourceTree = "<group>"; };
		413FE4FC166CC93500A5356C /* player.png */ = {isa = PBXFileReference; lastKnownFileType = image.png; path = player.png; sourceTree = "<group>"; };
		413FE4FD166CC93500A5356C /* players.png */ = {isa = PBXFileReference; lastKnownFileType = image.png; path = players.png; sourceTree = "<group>"; };
		413FE4FE166CC93500A5356C /* two_handed.png */ = {isa = PBXFileReference; lastKnownFileType = image.png; path = two_handed.png; sourceTree = "<group>"; };
		4147AF7A1657D9D000B6AE49 /* MafiaAction.h */ = {isa = PBXFileReference; fileEncoding = 4; lastKnownFileType = sourcecode.c.h; path = MafiaAction.h; sourceTree = "<group>"; };
		4147AF7B1657D9D000B6AE49 /* MafiaAction.m */ = {isa = PBXFileReference; fileEncoding = 4; lastKnownFileType = sourcecode.c.objc; path = MafiaAction.m; sourceTree = "<group>"; };
		4147AF7C1657D9D000B6AE49 /* MafiaGame.h */ = {isa = PBXFileReference; fileEncoding = 4; lastKnownFileType = sourcecode.c.h; path = MafiaGame.h; sourceTree = "<group>"; };
		4147AF7D1657D9D000B6AE49 /* MafiaGame.m */ = {isa = PBXFileReference; fileEncoding = 4; lastKnownFileType = sourcecode.c.objc; path = MafiaGame.m; sourceTree = "<group>"; };
		4147AF7E1657D9D000B6AE49 /* MafiaGameplay.h */ = {isa = PBXFileReference; fileEncoding = 4; lastKnownFileType = sourcecode.c.h; path = MafiaGameplay.h; sourceTree = "<group>"; };
		4147AF7F1657D9D000B6AE49 /* MafiaPlayer.h */ = {isa = PBXFileReference; fileEncoding = 4; lastKnownFileType = sourcecode.c.h; path = MafiaPlayer.h; sourceTree = "<group>"; };
		4147AF801657D9D000B6AE49 /* MafiaPlayer.m */ = {isa = PBXFileReference; fileEncoding = 4; lastKnownFileType = sourcecode.c.objc; path = MafiaPlayer.m; sourceTree = "<group>"; };
		4147AF811657D9D000B6AE49 /* MafiaPlayerList.h */ = {isa = PBXFileReference; fileEncoding = 4; lastKnownFileType = sourcecode.c.h; path = MafiaPlayerList.h; sourceTree = "<group>"; };
		4147AF821657D9D000B6AE49 /* MafiaPlayerList.m */ = {isa = PBXFileReference; fileEncoding = 4; lastKnownFileType = sourcecode.c.objc; path = MafiaPlayerList.m; sourceTree = "<group>"; };
		4147AF831657D9D000B6AE49 /* MafiaRole.h */ = {isa = PBXFileReference; fileEncoding = 4; lastKnownFileType = sourcecode.c.h; path = MafiaRole.h; sourceTree = "<group>"; };
		4147AF841657D9D000B6AE49 /* MafiaRole.m */ = {isa = PBXFileReference; fileEncoding = 4; lastKnownFileType = sourcecode.c.objc; path = MafiaRole.m; sourceTree = "<group>"; };
		415CF833165D6B8B00CDB5B2 /* MafiaGamePlayController.h */ = {isa = PBXFileReference; fileEncoding = 4; lastKnownFileType = sourcecode.c.h; path = MafiaGamePlayController.h; sourceTree = "<group>"; };
		415CF834165D6B8B00CDB5B2 /* MafiaGamePlayController.m */ = {isa = PBXFileReference; fileEncoding = 4; lastKnownFileType = sourcecode.c.objc; path = MafiaGamePlayController.m; sourceTree = "<group>"; };
		415CF835165D6B8B00CDB5B2 /* MafiaGamePlayController.xib */ = {isa = PBXFileReference; fileEncoding = 4; lastKnownFileType = file.xib; path = MafiaGamePlayController.xib; sourceTree = "<group>"; };
		415CF836165D6B8B00CDB5B2 /* MafiaGamePlayerTableViewCell.h */ = {isa = PBXFileReference; fileEncoding = 4; lastKnownFileType = sourcecode.c.h; path = MafiaGamePlayerTableViewCell.h; sourceTree = "<group>"; };
		415CF837165D6B8B00CDB5B2 /* MafiaGamePlayerTableViewCell.m */ = {isa = PBXFileReference; fileEncoding = 4; lastKnownFileType = sourcecode.c.objc; path = MafiaGamePlayerTableViewCell.m; sourceTree = "<group>"; };
		415CF838165D6B8B00CDB5B2 /* MafiaGamePlayerTableViewCell.xib */ = {isa = PBXFileReference; fileEncoding = 4; lastKnownFileType = file.xib; path = MafiaGamePlayerTableViewCell.xib; sourceTree = "<group>"; };
		415CF83E165D6EBA00CDB5B2 /* action_in_day.png */ = {isa = PBXFileReference; lastKnownFileType = image.png; path = action_in_day.png; sourceTree = "<group>"; };
		415CF83F165D6EBA00CDB5B2 /* action_in_night.png */ = {isa = PBXFileReference; lastKnownFileType = image.png; path = action_in_night.png; sourceTree = "<group>"; };
		415CF840165D6EBA00CDB5B2 /* is_just_guarded.png */ = {isa = PBXFileReference; lastKnownFileType = image.png; path = is_just_guarded.png; sourceTree = "<group>"; };
		415CF841165D6EBA00CDB5B2 /* is_misdiagnosed.png */ = {isa = PBXFileReference; lastKnownFileType = image.png; path = is_misdiagnosed.png; sourceTree = "<group>"; };
		415CF842165D6EBA00CDB5B2 /* is_unguardable.png */ = {isa = PBXFileReference; lastKnownFileType = image.png; path = is_unguardable.png; sourceTree = "<group>"; };
		415CF843165D6EBA00CDB5B2 /* is_voted.png */ = {isa = PBXFileReference; lastKnownFileType = image.png; path = is_voted.png; sourceTree = "<group>"; };
		415CF844165D6EBA00CDB5B2 /* role_civilian.png */ = {isa = PBXFileReference; lastKnownFileType = image.png; path = role_civilian.png; sourceTree = "<group>"; };
		415CF845165D6EBA00CDB5B2 /* role_dead.png */ = {isa = PBXFileReference; lastKnownFileType = image.png; path = role_dead.png; sourceTree = "<group>"; };
		415CF846165D6EBA00CDB5B2 /* role_detective.png */ = {isa = PBXFileReference; lastKnownFileType = image.png; path = role_detective.png; sourceTree = "<group>"; };
		415CF847165D6EBA00CDB5B2 /* role_doctor.png */ = {isa = PBXFileReference; lastKnownFileType = image.png; path = role_doctor.png; sourceTree = "<group>"; };
		415CF848165D6EBA00CDB5B2 /* role_guardian.png */ = {isa = PBXFileReference; lastKnownFileType = image.png; path = role_guardian.png; sourceTree = "<group>"; };
		415CF849165D6EBA00CDB5B2 /* role_killer.png */ = {isa = PBXFileReference; lastKnownFileType = image.png; path = role_killer.png; sourceTree = "<group>"; };
		415CF84A165D6EBA00CDB5B2 /* role_traitor.png */ = {isa = PBXFileReference; lastKnownFileType = image.png; path = role_traitor.png; sourceTree = "<group>"; };
		415CF84B165D6EBA00CDB5B2 /* role_undercover.png */ = {isa = PBXFileReference; lastKnownFileType = image.png; path = role_undercover.png; sourceTree = "<group>"; };
		415CF84C165D6EBA00CDB5B2 /* role_unrevealed.png */ = {isa = PBXFileReference; lastKnownFileType = image.png; path = role_unrevealed.png; sourceTree = "<group>"; };
		415CF84F165D6EBA00CDB5B2 /* tag_detective.png */ = {isa = PBXFileReference; lastKnownFileType = image.png; path = tag_detective.png; sourceTree = "<group>"; };
		415CF850165D6EBA00CDB5B2 /* tag_doctor.png */ = {isa = PBXFileReference; lastKnownFileType = image.png; path = tag_doctor.png; sourceTree = "<group>"; };
		415CF851165D6EBA00CDB5B2 /* tag_guardian.png */ = {isa = PBXFileReference; lastKnownFileType = image.png; path = tag_guardian.png; sourceTree = "<group>"; };
		415CF852165D6EBA00CDB5B2 /* tag_killer.png */ = {isa = PBXFileReference; lastKnownFileType = image.png; path = tag_killer.png; sourceTree = "<group>"; };
		415CF853165D6EBA00CDB5B2 /* tag_traitor.png */ = {isa = PBXFileReference; lastKnownFileType = image.png; path = tag_traitor.png; sourceTree = "<group>"; };
		415CF854165D6EBA00CDB5B2 /* tag_undercover.png */ = {isa = PBXFileReference; lastKnownFileType = image.png; path = tag_undercover.png; sourceTree = "<group>"; };
		415CF872165D8D1B00CDB5B2 /* MafiaSettleTagsAction.h */ = {isa = PBXFileReference; fileEncoding = 4; lastKnownFileType = sourcecode.c.h; path = MafiaSettleTagsAction.h; sourceTree = "<group>"; };
		415CF873165D8D1B00CDB5B2 /* MafiaSettleTagsAction.m */ = {isa = PBXFileReference; fileEncoding = 4; lastKnownFileType = sourcecode.c.objc; path = MafiaSettleTagsAction.m; sourceTree = "<group>"; };
		415CF875165D927F00CDB5B2 /* MafiaVoteAndLynchAction.h */ = {isa = PBXFileReference; fileEncoding = 4; lastKnownFileType = sourcecode.c.h; path = MafiaVoteAndLynchAction.h; sourceTree = "<group>"; };
		415CF876165D927F00CDB5B2 /* MafiaVoteAndLynchAction.m */ = {isa = PBXFileReference; fileEncoding = 4; lastKnownFileType = sourcecode.c.objc; path = MafiaVoteAndLynchAction.m; sourceTree = "<group>"; };
		415CF878165D9CF400CDB5B2 /* game_background.png */ = {isa = PBXFileReference; lastKnownFileType = image.png; path = game_background.png; sourceTree = "<group>"; };
		415CF879165D9CF400CDB5B2 /* role_assassin.png */ = {isa = PBXFileReference; lastKnownFileType = image.png; path = role_assassin.png; sourceTree = "<group>"; };
		415CF87F1660CE8B00CDB5B2 /* MafiaGameSetup.h */ = {isa = PBXFileReference; fileEncoding = 4; lastKnownFileType = sourcecode.c.h; path = MafiaGameSetup.h; sourceTree = "<group>"; };
		415CF8801660CE8B00CDB5B2 /* MafiaGameSetup.m */ = {isa = PBXFileReference; fileEncoding = 4; lastKnownFileType = sourcecode.c.objc; path = MafiaGameSetup.m; sourceTree = "<group>"; };
		416E66BB166D03200062AE57 /* MafiaInformation.h */ = {isa = PBXFileReference; fileEncoding = 4; lastKnownFileType = sourcecode.c.h; path = MafiaInformation.h; sourceTree = "<group>"; };
		416E66BC166D03200062AE57 /* MafiaInformation.m */ = {isa = PBXFileReference; fileEncoding = 4; lastKnownFileType = sourcecode.c.objc; path = MafiaInformation.m; sourceTree = "<group>"; };
		416E66BE166D036C0062AE57 /* MafiaGameInformationController.h */ = {isa = PBXFileReference; fileEncoding = 4; lastKnownFileType = sourcecode.c.h; path = MafiaGameInformationController.h; sourceTree = "<group>"; };
		416E66BF166D036D0062AE57 /* MafiaGameInformationController.m */ = {isa = PBXFileReference; fileEncoding = 4; lastKnownFileType = sourcecode.c.objc; path = MafiaGameInformationController.m; sourceTree = "<group>"; };
		416E66C1166D03F60062AE57 /* MafiaGameInformationController.xib */ = {isa = PBXFileReference; fileEncoding = 4; lastKnownFileType = file.xib; path = MafiaGameInformationController.xib; sourceTree = "<group>"; };
		416E66CE166D2C610062AE57 /* information_announcement.png */ = {isa = PBXFileReference; lastKnownFileType = image.png; path = information_announcement.png; sourceTree = "<group>"; };
		416E66CF166D2C610062AE57 /* information_negative.png */ = {isa = PBXFileReference; lastKnownFileType = image.png; path = information_negative.png; sourceTree = "<group>"; };
		416E66D0166D2C610062AE57 /* information_positive.png */ = {isa = PBXFileReference; lastKnownFileType = image.png; path = information_positive.png; sourceTree = "<group>"; };
		417F09131670ECA100F44475 /* AddressBook.framework */ = {isa = PBXFileReference; lastKnownFileType = wrapper.framework; name = AddressBook.framework; path = System/Library/Frameworks/AddressBook.framework; sourceTree = SDKROOT; };
		417F09141670ECA100F44475 /* AddressBookUI.framework */ = {isa = PBXFileReference; lastKnownFileType = wrapper.framework; name = AddressBookUI.framework; path = System/Library/Frameworks/AddressBookUI.framework; sourceTree = SDKROOT; };
		417F09641671001900F44475 /* MafiaTests.octest */ = {isa = PBXFileReference; explicitFileType = wrapper.cfbundle; includeInIndex = 0; path = MafiaTests.octest; sourceTree = BUILT_PRODUCTS_DIR; };
		417F09871671069600F44475 /* SenTestingKit.framework */ = {isa = PBXFileReference; lastKnownFileType = wrapper.framework; name = SenTestingKit.framework; path = Library/Frameworks/SenTestingKit.framework; sourceTree = DEVELOPER_DIR; };
		41857F421652D5A600EE800D /* Mafia.app */ = {isa = PBXFileReference; explicitFileType = wrapper.application; includeInIndex = 0; path = Mafia.app; sourceTree = BUILT_PRODUCTS_DIR; };
		41857F461652D5A600EE800D /* UIKit.framework */ = {isa = PBXFileReference; lastKnownFileType = wrapper.framework; name = UIKit.framework; path = System/Library/Frameworks/UIKit.framework; sourceTree = SDKROOT; };
		41857F481652D5A600EE800D /* Foundation.framework */ = {isa = PBXFileReference; lastKnownFileType = wrapper.framework; name = Foundation.framework; path = System/Library/Frameworks/Foundation.framework; sourceTree = SDKROOT; };
		41857F4A1652D5A600EE800D /* CoreGraphics.framework */ = {isa = PBXFileReference; lastKnownFileType = wrapper.framework; name = CoreGraphics.framework; path = System/Library/Frameworks/CoreGraphics.framework; sourceTree = SDKROOT; };
		41857F6B1652DA6900EE800D /* Mafia-Info.plist */ = {isa = PBXFileReference; fileEncoding = 4; lastKnownFileType = text.plist.xml; path = "Mafia-Info.plist"; sourceTree = "<group>"; };
		41857F6D1652DAA200EE800D /* Mafia-Prefix.pch */ = {isa = PBXFileReference; fileEncoding = 4; lastKnownFileType = sourcecode.c.h; path = "Mafia-Prefix.pch"; sourceTree = "<group>"; };
		41857F6E1652DAA200EE800D /* main.m */ = {isa = PBXFileReference; fileEncoding = 4; lastKnownFileType = sourcecode.c.objc; path = main.m; sourceTree = "<group>"; };
		41857F781652DACC00EE800D /* en */ = {isa = PBXFileReference; lastKnownFileType = text.plist.strings; name = en; path = Resources/Strings/en.lproj/InfoPlist.strings; sourceTree = "<group>"; };
		41857F7D1652DB2700EE800D /* MafiaAppDelegate.h */ = {isa = PBXFileReference; fileEncoding = 4; lastKnownFileType = sourcecode.c.h; path = MafiaAppDelegate.h; sourceTree = "<group>"; };
		41857F7E1652DB2700EE800D /* MafiaAppDelegate.m */ = {isa = PBXFileReference; fileEncoding = 4; lastKnownFileType = sourcecode.c.objc; path = MafiaAppDelegate.m; sourceTree = "<group>"; };
		418A101C16710992003D81C0 /* MafiaTests-Info.plist */ = {isa = PBXFileReference; fileEncoding = 4; lastKnownFileType = text.plist.xml; path = "MafiaTests-Info.plist"; sourceTree = "<group>"; };
		418A102016710999003D81C0 /* en */ = {isa = PBXFileReference; lastKnownFileType = text.plist.strings; name = en; path = en.lproj/InfoPlist.strings; sourceTree = "<group>"; };
		418A102716710CA5003D81C0 /* MafiaSettleTagsActionTests.m */ = {isa = PBXFileReference; fileEncoding = 4; lastKnownFileType = sourcecode.c.objc; path = MafiaSettleTagsActionTests.m; sourceTree = "<group>"; };
		418A102916710D94003D81C0 /* MafiaGameplayTestCase.h */ = {isa = PBXFileReference; fileEncoding = 4; lastKnownFileType = sourcecode.c.h; path = MafiaGameplayTestCase.h; sourceTree = "<group>"; };
		418A102A16710D94003D81C0 /* MafiaGameplayTestCase.m */ = {isa = PBXFileReference; fileEncoding = 4; lastKnownFileType = sourcecode.c.objc; path = MafiaGameplayTestCase.m; sourceTree = "<group>"; };
		418A10311671F105003D81C0 /* MafiaVoteAndLynchActionTests.m */ = {isa = PBXFileReference; fileEncoding = 4; lastKnownFileType = sourcecode.c.objc; path = MafiaVoteAndLynchActionTests.m; sourceTree = "<group>"; };
		418A72F91AC9570400A652D2 /* Images.xcassets */ = {isa = PBXFileReference; lastKnownFileType = folder.assetcatalog; name = Images.xcassets; path = Mafia/Images.xcassets; sourceTree = SOURCE_ROOT; };
		4197E9C0166CA89B00D01D34 /* MafiaGameSetupPlayersController.h */ = {isa = PBXFileReference; fileEncoding = 4; lastKnownFileType = sourcecode.c.h; path = MafiaGameSetupPlayersController.h; sourceTree = "<group>"; };
		4197E9C1166CA89C00D01D34 /* MafiaGameSetupPlayersController.m */ = {isa = PBXFileReference; fileEncoding = 4; lastKnownFileType = sourcecode.c.objc; path = MafiaGameSetupPlayersController.m; sourceTree = "<group>"; };
		4197E9C7166CBA5000D01D34 /* MafiaGameSetupRoleController.h */ = {isa = PBXFileReference; fileEncoding = 4; lastKnownFileType = sourcecode.c.h; path = MafiaGameSetupRoleController.h; sourceTree = "<group>"; };
		4197E9C8166CBA5000D01D34 /* MafiaGameSetupRoleController.m */ = {isa = PBXFileReference; fileEncoding = 4; lastKnownFileType = sourcecode.c.objc; path = MafiaGameSetupRoleController.m; sourceTree = "<group>"; };
		41B324FF166F4BE900E9D509 /* MafiaHTMLPageController.h */ = {isa = PBXFileReference; fileEncoding = 4; lastKnownFileType = sourcecode.c.h; path = MafiaHTMLPageController.h; sourceTree = "<group>"; };
		41B32500166F4BE900E9D509 /* MafiaHTMLPageController.m */ = {isa = PBXFileReference; fileEncoding = 4; lastKnownFileType = sourcecode.c.objc; path = MafiaHTMLPageController.m; sourceTree = "<group>"; };
		41B32502166F4CFC00E9D509 /* MafiaGuideController.h */ = {isa = PBXFileReference; fileEncoding = 4; lastKnownFileType = sourcecode.c.h; path = MafiaGuideController.h; sourceTree = "<group>"; };
		41B32503166F4CFC00E9D509 /* MafiaGuideController.m */ = {isa = PBXFileReference; fileEncoding = 4; lastKnownFileType = sourcecode.c.objc; path = MafiaGuideController.m; sourceTree = "<group>"; };
		41B32505166F4FFF00E9D509 /* MafiaHTMLPage.h */ = {isa = PBXFileReference; fileEncoding = 4; lastKnownFileType = sourcecode.c.h; path = MafiaHTMLPage.h; sourceTree = "<group>"; };
		41B32506166F4FFF00E9D509 /* MafiaHTMLPage.m */ = {isa = PBXFileReference; fileEncoding = 4; lastKnownFileType = sourcecode.c.objc; path = MafiaHTMLPage.m; sourceTree = "<group>"; };
		41B32508166F548500E9D509 /* guide.png */ = {isa = PBXFileReference; lastKnownFileType = image.png; path = guide.png; sourceTree = "<group>"; };
		41B3250A166F571500E9D509 /* MafiaHTMLPageController.xib */ = {isa = PBXFileReference; fileEncoding = 4; lastKnownFileType = file.xib; path = MafiaHTMLPageController.xib; sourceTree = "<group>"; };
		41B3250D166F579E00E9D509 /* gameplay.zh.html */ = {isa = PBXFileReference; fileEncoding = 4; lastKnownFileType = text.html; path = gameplay.zh.html; sourceTree = "<group>"; };
		41B3250E166F579E00E9D509 /* style.css */ = {isa = PBXFileReference; fileEncoding = 4; lastKnownFileType = text.css; path = style.css; sourceTree = "<group>"; };
		41B32511166F5FE600E9D509 /* MafiaGamePlayerController.h */ = {isa = PBXFileReference; fileEncoding = 4; lastKnownFileType = sourcecode.c.h; path = MafiaGamePlayerController.h; sourceTree = "<group>"; };
		41B32512166F5FE600E9D509 /* MafiaGamePlayerController.m */ = {isa = PBXFileReference; fileEncoding = 4; lastKnownFileType = sourcecode.c.objc; path = MafiaGamePlayerController.m; sourceTree = "<group>"; };
		41B32514166F70C700E9D509 /* is_dead.png */ = {isa = PBXFileReference; lastKnownFileType = image.png; path = is_dead.png; sourceTree = "<group>"; };
		41B32516166F7F0200E9D509 /* MafiaGamePlayerRoleController.h */ = {isa = PBXFileReference; fileEncoding = 4; lastKnownFileType = sourcecode.c.h; path = MafiaGamePlayerRoleController.h; sourceTree = "<group>"; };
		41B32517166F7F0200E9D509 /* MafiaGamePlayerRoleController.m */ = {isa = PBXFileReference; fileEncoding = 4; lastKnownFileType = sourcecode.c.objc; path = MafiaGamePlayerRoleController.m; sourceTree = "<group>"; };
		41B3C0CB1673642400233934 /* en */ = {isa = PBXFileReference; lastKnownFileType = text.plist.strings; name = en; path = en.lproj/Localizable.strings; sourceTree = "<group>"; };
		41B3C0CE1673663900233934 /* zh-Hans */ = {isa = PBXFileReference; lastKnownFileType = text.plist.strings; name = "zh-Hans"; path = "zh-Hans.lproj/Localizable.strings"; sourceTree = "<group>"; };
		41B5A622166E120B009F8CAE /* information_background.png */ = {isa = PBXFileReference; lastKnownFileType = image.png; path = information_background.png; sourceTree = "<group>"; };
		41E9AC9B1660D542006AC42D /* tag_assassin.png */ = {isa = PBXFileReference; lastKnownFileType = image.png; path = tag_assassin.png; sourceTree = "<group>"; };
		41E9AC9E1660D5F6006AC42D /* MafiaGameSetupController.h */ = {isa = PBXFileReference; fileEncoding = 4; lastKnownFileType = sourcecode.c.h; path = MafiaGameSetupController.h; sourceTree = "<group>"; };
		41E9AC9F1660D5F6006AC42D /* MafiaGameSetupController.m */ = {isa = PBXFileReference; fileEncoding = 4; lastKnownFileType = sourcecode.c.objc; path = MafiaGameSetupController.m; sourceTree = "<group>"; };
		41E9ACAA166174CC006AC42D /* MafiaGameSetupAddPlayerController.h */ = {isa = PBXFileReference; fileEncoding = 4; lastKnownFileType = sourcecode.c.h; path = MafiaGameSetupAddPlayerController.h; sourceTree = "<group>"; };
		41E9ACAB166174CC006AC42D /* MafiaGameSetupAddPlayerController.m */ = {isa = PBXFileReference; fileEncoding = 4; lastKnownFileType = sourcecode.c.objc; path = MafiaGameSetupAddPlayerController.m; sourceTree = "<group>"; };
		41E9ACAC166174CC006AC42D /* MafiaGameSetupAddPlayerController.xib */ = {isa = PBXFileReference; fileEncoding = 4; lastKnownFileType = file.xib; path = MafiaGameSetupAddPlayerController.xib; sourceTree = "<group>"; };
		41F88FBD166E3B4100DCC050 /* MafiaNumberRange.h */ = {isa = PBXFileReference; fileEncoding = 4; lastKnownFileType = sourcecode.c.h; path = MafiaNumberRange.h; sourceTree = "<group>"; };
		41F88FBE166E3B4100DCC050 /* MafiaNumberRange.m */ = {isa = PBXFileReference; fileEncoding = 4; lastKnownFileType = sourcecode.c.objc; path = MafiaNumberRange.m; sourceTree = "<group>"; };
/* End PBXFileReference section */

/* Begin PBXFrameworksBuildPhase section */
		417F09601671001900F44475 /* Frameworks */ = {
			isa = PBXFrameworksBuildPhase;
			buildActionMask = 2147483647;
			files = (
				417F09881671069700F44475 /* SenTestingKit.framework in Frameworks */,
				417F09671671001900F44475 /* UIKit.framework in Frameworks */,
				417F09681671001900F44475 /* Foundation.framework in Frameworks */,
			);
			runOnlyForDeploymentPostprocessing = 0;
		};
		41857F3F1652D5A600EE800D /* Frameworks */ = {
			isa = PBXFrameworksBuildPhase;
			buildActionMask = 2147483647;
			files = (
				417F09151670ECA100F44475 /* AddressBook.framework in Frameworks */,
				417F09161670ECA100F44475 /* AddressBookUI.framework in Frameworks */,
				41857F4B1652D5A600EE800D /* CoreGraphics.framework in Frameworks */,
				41857F491652D5A600EE800D /* Foundation.framework in Frameworks */,
				41857F471652D5A600EE800D /* UIKit.framework in Frameworks */,
			);
			runOnlyForDeploymentPostprocessing = 0;
		};
/* End PBXFrameworksBuildPhase section */

/* Begin PBXGroup section */
		4147AF8A1657D9ED00B6AE49 /* Game */ = {
			isa = PBXGroup;
			children = (
				41E9AC9E1660D5F6006AC42D /* MafiaGameSetupController.h */,
				41E9AC9F1660D5F6006AC42D /* MafiaGameSetupController.m */,
				4197E9C0166CA89B00D01D34 /* MafiaGameSetupPlayersController.h */,
				4197E9C1166CA89C00D01D34 /* MafiaGameSetupPlayersController.m */,
				41E9ACAA166174CC006AC42D /* MafiaGameSetupAddPlayerController.h */,
				41E9ACAB166174CC006AC42D /* MafiaGameSetupAddPlayerController.m */,
				41E9ACAC166174CC006AC42D /* MafiaGameSetupAddPlayerController.xib */,
				4197E9C7166CBA5000D01D34 /* MafiaGameSetupRoleController.h */,
				4197E9C8166CBA5000D01D34 /* MafiaGameSetupRoleController.m */,
				415CF833165D6B8B00CDB5B2 /* MafiaGamePlayController.h */,
				415CF834165D6B8B00CDB5B2 /* MafiaGamePlayController.m */,
				415CF835165D6B8B00CDB5B2 /* MafiaGamePlayController.xib */,
				415CF836165D6B8B00CDB5B2 /* MafiaGamePlayerTableViewCell.h */,
				415CF837165D6B8B00CDB5B2 /* MafiaGamePlayerTableViewCell.m */,
				415CF838165D6B8B00CDB5B2 /* MafiaGamePlayerTableViewCell.xib */,
				41B32511166F5FE600E9D509 /* MafiaGamePlayerController.h */,
				41B32512166F5FE600E9D509 /* MafiaGamePlayerController.m */,
				41B32516166F7F0200E9D509 /* MafiaGamePlayerRoleController.h */,
				41B32517166F7F0200E9D509 /* MafiaGamePlayerRoleController.m */,
				416E66BE166D036C0062AE57 /* MafiaGameInformationController.h */,
				416E66BF166D036D0062AE57 /* MafiaGameInformationController.m */,
				416E66C1166D03F60062AE57 /* MafiaGameInformationController.xib */,
			);
			path = Game;
			sourceTree = "<group>";
		};
		415CF83D165D6E9700CDB5B2 /* Game */ = {
			isa = PBXGroup;
			children = (
				415CF83E165D6EBA00CDB5B2 /* action_in_day.png */,
				415CF83F165D6EBA00CDB5B2 /* action_in_night.png */,
				415CF878165D9CF400CDB5B2 /* game_background.png */,
				416E66CE166D2C610062AE57 /* information_announcement.png */,
				41B5A622166E120B009F8CAE /* information_background.png */,
				416E66CF166D2C610062AE57 /* information_negative.png */,
				416E66D0166D2C610062AE57 /* information_positive.png */,
				41B32514166F70C700E9D509 /* is_dead.png */,
				415CF840165D6EBA00CDB5B2 /* is_just_guarded.png */,
				415CF841165D6EBA00CDB5B2 /* is_misdiagnosed.png */,
				415CF842165D6EBA00CDB5B2 /* is_unguardable.png */,
				415CF843165D6EBA00CDB5B2 /* is_voted.png */,
				415CF879165D9CF400CDB5B2 /* role_assassin.png */,
				415CF844165D6EBA00CDB5B2 /* role_civilian.png */,
				415CF845165D6EBA00CDB5B2 /* role_dead.png */,
				415CF846165D6EBA00CDB5B2 /* role_detective.png */,
				415CF847165D6EBA00CDB5B2 /* role_doctor.png */,
				415CF848165D6EBA00CDB5B2 /* role_guardian.png */,
				415CF849165D6EBA00CDB5B2 /* role_killer.png */,
				415CF84A165D6EBA00CDB5B2 /* role_traitor.png */,
				415CF84B165D6EBA00CDB5B2 /* role_undercover.png */,
				415CF84C165D6EBA00CDB5B2 /* role_unrevealed.png */,
				41E9AC9B1660D542006AC42D /* tag_assassin.png */,
				415CF84F165D6EBA00CDB5B2 /* tag_detective.png */,
				415CF850165D6EBA00CDB5B2 /* tag_doctor.png */,
				415CF851165D6EBA00CDB5B2 /* tag_guardian.png */,
				415CF852165D6EBA00CDB5B2 /* tag_killer.png */,
				415CF853165D6EBA00CDB5B2 /* tag_traitor.png */,
				415CF854165D6EBA00CDB5B2 /* tag_undercover.png */,
			);
			path = Game;
			sourceTree = "<group>";
		};
		417F098A1671076200F44475 /* Tests */ = {
			isa = PBXGroup;
			children = (
				418A102516710C08003D81C0 /* Gameplay */,
				417F098E167107CA00F44475 /* Supporting Files */,
			);
			path = Tests;
			sourceTree = "<group>";
		};
		417F098E167107CA00F44475 /* Supporting Files */ = {
			isa = PBXGroup;
			children = (
				418A101F16710999003D81C0 /* InfoPlist.strings */,
				418A101C16710992003D81C0 /* MafiaTests-Info.plist */,
			);
			name = "Supporting Files";
			sourceTree = "<group>";
		};
		41857F371652D5A500EE800D = {
			isa = PBXGroup;
			children = (
				41857F671652D9ED00EE800D /* Sources */,
				41857F691652D9FF00EE800D /* Resources */,
				41857F6A1652DA2D00EE800D /* Supporting Files */,
				417F098A1671076200F44475 /* Tests */,
				41857F451652D5A600EE800D /* Frameworks */,
				41857F431652D5A600EE800D /* Products */,
			);
			sourceTree = "<group>";
		};
		41857F431652D5A600EE800D /* Products */ = {
			isa = PBXGroup;
			children = (
				41857F421652D5A600EE800D /* Mafia.app */,
				417F09641671001900F44475 /* MafiaTests.octest */,
			);
			name = Products;
			sourceTree = "<group>";
		};
		41857F451652D5A600EE800D /* Frameworks */ = {
			isa = PBXGroup;
			children = (
				417F09131670ECA100F44475 /* AddressBook.framework */,
				417F09141670ECA100F44475 /* AddressBookUI.framework */,
				41857F4A1652D5A600EE800D /* CoreGraphics.framework */,
				41857F481652D5A600EE800D /* Foundation.framework */,
				417F09871671069600F44475 /* SenTestingKit.framework */,
				41857F461652D5A600EE800D /* UIKit.framework */,
			);
			name = Frameworks;
			sourceTree = "<group>";
		};
		41857F671652D9ED00EE800D /* Sources */ = {
			isa = PBXGroup;
			children = (
				41857F861652DF5500EE800D /* Gameplay */,
				41857F991652FF8B00EE800D /* Views */,
				41857F7D1652DB2700EE800D /* MafiaAppDelegate.h */,
				41857F7E1652DB2700EE800D /* MafiaAppDelegate.m */,
			);
			path = Sources;
			sourceTree = "<group>";
		};
		41857F691652D9FF00EE800D /* Resources */ = {
			isa = PBXGroup;
			children = (
				418A72F91AC9570400A652D2 /* Images.xcassets */,
				41B3250C166F577A00E9D509 /* HTML */,
				41857F701652DAAB00EE800D /* Images */,
				41B3C0C7167363BD00233934 /* Strings */,
			);
			path = Resources;
			sourceTree = "<group>";
		};
		41857F6A1652DA2D00EE800D /* Supporting Files */ = {
			isa = PBXGroup;
			children = (
				41857F771652DACC00EE800D /* InfoPlist.strings */,
				41857F6D1652DAA200EE800D /* Mafia-Prefix.pch */,
				41857F6E1652DAA200EE800D /* main.m */,
				41857F6B1652DA6900EE800D /* Mafia-Info.plist */,
			);
			name = "Supporting Files";
			sourceTree = "<group>";
		};
		41857F701652DAAB00EE800D /* Images */ = {
			isa = PBXGroup;
			children = (
				415CF83D165D6E9700CDB5B2 /* Game */,
				4197E9CB166CC89800D01D34 /* Icons */,
			);
			path = Images;
			sourceTree = "<group>";
		};
		41857F861652DF5500EE800D /* Gameplay */ = {
			isa = PBXGroup;
			children = (
				4147AF7A1657D9D000B6AE49 /* MafiaAction.h */,
				4147AF7B1657D9D000B6AE49 /* MafiaAction.m */,
				4147AF7C1657D9D000B6AE49 /* MafiaGame.h */,
				4147AF7D1657D9D000B6AE49 /* MafiaGame.m */,
				4147AF7E1657D9D000B6AE49 /* MafiaGameplay.h */,
				415CF87F1660CE8B00CDB5B2 /* MafiaGameSetup.h */,
				415CF8801660CE8B00CDB5B2 /* MafiaGameSetup.m */,
				416E66BB166D03200062AE57 /* MafiaInformation.h */,
				416E66BC166D03200062AE57 /* MafiaInformation.m */,
				41F88FBD166E3B4100DCC050 /* MafiaNumberRange.h */,
				41F88FBE166E3B4100DCC050 /* MafiaNumberRange.m */,
				4147AF7F1657D9D000B6AE49 /* MafiaPlayer.h */,
				4147AF801657D9D000B6AE49 /* MafiaPlayer.m */,
				4147AF811657D9D000B6AE49 /* MafiaPlayerList.h */,
				4147AF821657D9D000B6AE49 /* MafiaPlayerList.m */,
				4147AF831657D9D000B6AE49 /* MafiaRole.h */,
				4147AF841657D9D000B6AE49 /* MafiaRole.m */,
				415CF872165D8D1B00CDB5B2 /* MafiaSettleTagsAction.h */,
				415CF873165D8D1B00CDB5B2 /* MafiaSettleTagsAction.m */,
				415CF875165D927F00CDB5B2 /* MafiaVoteAndLynchAction.h */,
				415CF876165D927F00CDB5B2 /* MafiaVoteAndLynchAction.m */,
			);
			path = Gameplay;
			sourceTree = "<group>";
		};
		41857F991652FF8B00EE800D /* Views */ = {
			isa = PBXGroup;
			children = (
				4147AF8A1657D9ED00B6AE49 /* Game */,
				41B324FD166F4B9D00E9D509 /* Guide */,
			);
			path = Views;
			sourceTree = "<group>";
		};
		418A102516710C08003D81C0 /* Gameplay */ = {
			isa = PBXGroup;
			children = (
				418A102916710D94003D81C0 /* MafiaGameplayTestCase.h */,
				418A102A16710D94003D81C0 /* MafiaGameplayTestCase.m */,
				418A102716710CA5003D81C0 /* MafiaSettleTagsActionTests.m */,
				418A10311671F105003D81C0 /* MafiaVoteAndLynchActionTests.m */,
			);
			path = Gameplay;
			sourceTree = "<group>";
		};
		4197E9CB166CC89800D01D34 /* Icons */ = {
			isa = PBXGroup;
			children = (
				413FE4FA166CC93500A5356C /* add.png */,
				41B32508166F548500E9D509 /* guide.png */,
				413FE4FB166CC93500A5356C /* moon.png */,
				413FE4FC166CC93500A5356C /* player.png */,
				413FE4FD166CC93500A5356C /* players.png */,
				413FE4FE166CC93500A5356C /* two_handed.png */,
			);
			path = Icons;
			sourceTree = "<group>";
		};
		41B324FD166F4B9D00E9D509 /* Guide */ = {
			isa = PBXGroup;
			children = (
				41B32502166F4CFC00E9D509 /* MafiaGuideController.h */,
				41B32503166F4CFC00E9D509 /* MafiaGuideController.m */,
				41B32505166F4FFF00E9D509 /* MafiaHTMLPage.h */,
				41B32506166F4FFF00E9D509 /* MafiaHTMLPage.m */,
				41B324FF166F4BE900E9D509 /* MafiaHTMLPageController.h */,
				41B32500166F4BE900E9D509 /* MafiaHTMLPageController.m */,
				41B3250A166F571500E9D509 /* MafiaHTMLPageController.xib */,
			);
			path = Guide;
			sourceTree = "<group>";
		};
		41B3250C166F577A00E9D509 /* HTML */ = {
			isa = PBXGroup;
			children = (
				41B3250D166F579E00E9D509 /* gameplay.zh.html */,
				41B3250E166F579E00E9D509 /* style.css */,
			);
			path = HTML;
			sourceTree = "<group>";
		};
		41B3C0C7167363BD00233934 /* Strings */ = {
			isa = PBXGroup;
			children = (
				41B3C0CC1673642400233934 /* Localizable.strings */,
			);
			path = Strings;
			sourceTree = "<group>";
		};
/* End PBXGroup section */

/* Begin PBXNativeTarget section */
		417F09631671001900F44475 /* MafiaTests */ = {
			isa = PBXNativeTarget;
			buildConfigurationList = 417F09731671001900F44475 /* Build configuration list for PBXNativeTarget "MafiaTests" */;
			buildPhases = (
				417F095F1671001900F44475 /* Sources */,
				417F09601671001900F44475 /* Frameworks */,
				417F09611671001900F44475 /* Resources */,
				417F09621671001900F44475 /* ShellScript */,
			);
			buildRules = (
			);
			dependencies = (
				417F09771671009700F44475 /* PBXTargetDependency */,
			);
			name = MafiaTests;
			productName = MafiaTests;
			productReference = 417F09641671001900F44475 /* MafiaTests.octest */;
			productType = "com.apple.product-type.bundle.ocunit-test";
		};
		41857F411652D5A600EE800D /* Mafia */ = {
			isa = PBXNativeTarget;
			buildConfigurationList = 41857F601652D5A600EE800D /* Build configuration list for PBXNativeTarget "Mafia" */;
			buildPhases = (
				41857F3E1652D5A600EE800D /* Sources */,
				41857F3F1652D5A600EE800D /* Frameworks */,
				41857F401652D5A600EE800D /* Resources */,
			);
			buildRules = (
			);
			dependencies = (
			);
			name = Mafia;
			productName = Mafia;
			productReference = 41857F421652D5A600EE800D /* Mafia.app */;
			productType = "com.apple.product-type.application";
		};
/* End PBXNativeTarget section */

/* Begin PBXProject section */
		41857F391652D5A500EE800D /* Project object */ = {
			isa = PBXProject;
			attributes = {
				CLASSPREFIX = Mafia;
				LastUpgradeCheck = 0450;
				ORGANIZATIONNAME = "ZHENG Zhong";
			};
			buildConfigurationList = 41857F3C1652D5A500EE800D /* Build configuration list for PBXProject "Mafia" */;
			compatibilityVersion = "Xcode 3.2";
			developmentRegion = English;
			hasScannedForEncodings = 0;
			knownRegions = (
				en,
				"zh-Hans",
			);
			mainGroup = 41857F371652D5A500EE800D;
			productRefGroup = 41857F431652D5A600EE800D /* Products */;
			projectDirPath = "";
			projectRoot = "";
			targets = (
				41857F411652D5A600EE800D /* Mafia */,
				417F09631671001900F44475 /* MafiaTests */,
			);
		};
/* End PBXProject section */

/* Begin PBXResourcesBuildPhase section */
		417F09611671001900F44475 /* Resources */ = {
			isa = PBXResourcesBuildPhase;
			buildActionMask = 2147483647;
			files = (
				418A102116710999003D81C0 /* InfoPlist.strings in Resources */,
			);
			runOnlyForDeploymentPostprocessing = 0;
		};
		41857F401652D5A600EE800D /* Resources */ = {
			isa = PBXResourcesBuildPhase;
			buildActionMask = 2147483647;
			files = (
				41857F791652DACC00EE800D /* InfoPlist.strings in Resources */,
				418A72FA1AC9570400A652D2 /* Images.xcassets in Resources */,
				415CF83A165D6B8B00CDB5B2 /* MafiaGamePlayController.xib in Resources */,
				415CF83C165D6B8B00CDB5B2 /* MafiaGamePlayerTableViewCell.xib in Resources */,
				415CF855165D6EBA00CDB5B2 /* action_in_day.png in Resources */,
				415CF856165D6EBA00CDB5B2 /* action_in_night.png in Resources */,
				415CF857165D6EBA00CDB5B2 /* is_just_guarded.png in Resources */,
				415CF858165D6EBA00CDB5B2 /* is_misdiagnosed.png in Resources */,
				415CF859165D6EBA00CDB5B2 /* is_unguardable.png in Resources */,
				415CF85A165D6EBA00CDB5B2 /* is_voted.png in Resources */,
				415CF85B165D6EBA00CDB5B2 /* role_civilian.png in Resources */,
				415CF85C165D6EBA00CDB5B2 /* role_dead.png in Resources */,
				415CF85D165D6EBA00CDB5B2 /* role_detective.png in Resources */,
				415CF85E165D6EBA00CDB5B2 /* role_doctor.png in Resources */,
				415CF85F165D6EBA00CDB5B2 /* role_guardian.png in Resources */,
				415CF860165D6EBA00CDB5B2 /* role_killer.png in Resources */,
				415CF861165D6EBA00CDB5B2 /* role_traitor.png in Resources */,
				415CF862165D6EBA00CDB5B2 /* role_undercover.png in Resources */,
				415CF863165D6EBA00CDB5B2 /* role_unrevealed.png in Resources */,
				415CF866165D6EBA00CDB5B2 /* tag_detective.png in Resources */,
				415CF867165D6EBA00CDB5B2 /* tag_doctor.png in Resources */,
				415CF868165D6EBA00CDB5B2 /* tag_guardian.png in Resources */,
				415CF869165D6EBA00CDB5B2 /* tag_killer.png in Resources */,
				415CF86A165D6EBA00CDB5B2 /* tag_traitor.png in Resources */,
				415CF86B165D6EBA00CDB5B2 /* tag_undercover.png in Resources */,
				415CF87A165D9CF400CDB5B2 /* game_background.png in Resources */,
				415CF87B165D9CF400CDB5B2 /* role_assassin.png in Resources */,
				41E9AC9C1660D542006AC42D /* tag_assassin.png in Resources */,
				41E9ACAE166174CC006AC42D /* MafiaGameSetupAddPlayerController.xib in Resources */,
				413FE4FF166CC93500A5356C /* add.png in Resources */,
				413FE500166CC93500A5356C /* moon.png in Resources */,
				413FE501166CC93500A5356C /* player.png in Resources */,
				413FE502166CC93500A5356C /* players.png in Resources */,
				413FE503166CC93500A5356C /* two_handed.png in Resources */,
				416E66C2166D03F60062AE57 /* MafiaGameInformationController.xib in Resources */,
				416E66D1166D2C610062AE57 /* information_announcement.png in Resources */,
				416E66D2166D2C610062AE57 /* information_negative.png in Resources */,
				416E66D3166D2C610062AE57 /* information_positive.png in Resources */,
				41B5A623166E120B009F8CAE /* information_background.png in Resources */,
				41B32509166F548500E9D509 /* guide.png in Resources */,
				41B3250B166F571500E9D509 /* MafiaHTMLPageController.xib in Resources */,
				41B3250F166F579E00E9D509 /* gameplay.zh.html in Resources */,
				41B32510166F579E00E9D509 /* style.css in Resources */,
				41B32515166F70C700E9D509 /* is_dead.png in Resources */,
				41B3C0CA1673642400233934 /* Localizable.strings in Resources */,
			);
			runOnlyForDeploymentPostprocessing = 0;
		};
/* End PBXResourcesBuildPhase section */

/* Begin PBXShellScriptBuildPhase section */
		417F09621671001900F44475 /* ShellScript */ = {
			isa = PBXShellScriptBuildPhase;
			buildActionMask = 2147483647;
			files = (
			);
			inputPaths = (
			);
			outputPaths = (
			);
			runOnlyForDeploymentPostprocessing = 0;
			shellPath = /bin/sh;
			shellScript = "# Run the unit tests in this test bundle.\n\"${SYSTEM_DEVELOPER_DIR}/Tools/RunUnitTests\"\n";
		};
/* End PBXShellScriptBuildPhase section */

/* Begin PBXSourcesBuildPhase section */
		417F095F1671001900F44475 /* Sources */ = {
			isa = PBXSourcesBuildPhase;
			buildActionMask = 2147483647;
			files = (
				418A102816710CA5003D81C0 /* MafiaSettleTagsActionTests.m in Sources */,
				418A102B16710D94003D81C0 /* MafiaGameplayTestCase.m in Sources */,
				418A10321671F106003D81C0 /* MafiaVoteAndLynchActionTests.m in Sources */,
			);
			runOnlyForDeploymentPostprocessing = 0;
		};
		41857F3E1652D5A600EE800D /* Sources */ = {
			isa = PBXSourcesBuildPhase;
			buildActionMask = 2147483647;
			files = (
				41857F6F1652DAA200EE800D /* main.m in Sources */,
				41857F7F1652DB2700EE800D /* MafiaAppDelegate.m in Sources */,
				4147AF851657D9D000B6AE49 /* MafiaAction.m in Sources */,
				4147AF861657D9D000B6AE49 /* MafiaGame.m in Sources */,
				4147AF871657D9D000B6AE49 /* MafiaPlayer.m in Sources */,
				4147AF881657D9D000B6AE49 /* MafiaPlayerList.m in Sources */,
				4147AF891657D9D000B6AE49 /* MafiaRole.m in Sources */,
				415CF839165D6B8B00CDB5B2 /* MafiaGamePlayController.m in Sources */,
				415CF83B165D6B8B00CDB5B2 /* MafiaGamePlayerTableViewCell.m in Sources */,
				415CF874165D8D1B00CDB5B2 /* MafiaSettleTagsAction.m in Sources */,
				415CF877165D927F00CDB5B2 /* MafiaVoteAndLynchAction.m in Sources */,
				415CF8811660CE8B00CDB5B2 /* MafiaGameSetup.m in Sources */,
				41E9ACA01660D5F6006AC42D /* MafiaGameSetupController.m in Sources */,
				41E9ACAD166174CC006AC42D /* MafiaGameSetupAddPlayerController.m in Sources */,
				4197E9C2166CA89C00D01D34 /* MafiaGameSetupPlayersController.m in Sources */,
				4197E9C9166CBA5000D01D34 /* MafiaGameSetupRoleController.m in Sources */,
				416E66BD166D03210062AE57 /* MafiaInformation.m in Sources */,
				416E66C0166D036D0062AE57 /* MafiaGameInformationController.m in Sources */,
				41F88FBF166E3B4100DCC050 /* MafiaNumberRange.m in Sources */,
				41B32501166F4BE900E9D509 /* MafiaHTMLPageController.m in Sources */,
				41B32504166F4CFC00E9D509 /* MafiaGuideController.m in Sources */,
				41B32507166F4FFF00E9D509 /* MafiaHTMLPage.m in Sources */,
				41B32513166F5FE600E9D509 /* MafiaGamePlayerController.m in Sources */,
				41B32518166F7F0200E9D509 /* MafiaGamePlayerRoleController.m in Sources */,
			);
			runOnlyForDeploymentPostprocessing = 0;
		};
/* End PBXSourcesBuildPhase section */

/* Begin PBXTargetDependency section */
		417F09771671009700F44475 /* PBXTargetDependency */ = {
			isa = PBXTargetDependency;
			target = 41857F411652D5A600EE800D /* Mafia */;
			targetProxy = 417F09761671009700F44475 /* PBXContainerItemProxy */;
		};
/* End PBXTargetDependency section */

/* Begin PBXVariantGroup section */
		41857F771652DACC00EE800D /* InfoPlist.strings */ = {
			isa = PBXVariantGroup;
			children = (
				41857F781652DACC00EE800D /* en */,
			);
			name = InfoPlist.strings;
			sourceTree = "<group>";
		};
		418A101F16710999003D81C0 /* InfoPlist.strings */ = {
			isa = PBXVariantGroup;
			children = (
				418A102016710999003D81C0 /* en */,
			);
			name = InfoPlist.strings;
			sourceTree = "<group>";
		};
		41B3C0CC1673642400233934 /* Localizable.strings */ = {
			isa = PBXVariantGroup;
			children = (
				41B3C0CB1673642400233934 /* en */,
				41B3C0CE1673663900233934 /* zh-Hans */,
			);
			name = Localizable.strings;
			sourceTree = "<group>";
		};
/* End PBXVariantGroup section */

/* Begin XCBuildConfiguration section */
		417F09741671001900F44475 /* Debug */ = {
			isa = XCBuildConfiguration;
			buildSettings = {
				BUNDLE_LOADER = "$(BUILT_PRODUCTS_DIR)/Mafia.app/Mafia";
				FRAMEWORK_SEARCH_PATHS = (
					"\"$(SDKROOT)/Developer/Library/Frameworks\"",
					"\"$(DEVELOPER_LIBRARY_DIR)/Frameworks\"",
				);
				GCC_PRECOMPILE_PREFIX_HEADER = YES;
				GCC_PREFIX_HEADER = "Mafia-Prefix.pch";
				HEADER_SEARCH_PATHS = "";
				INFOPLIST_FILE = "Tests/MafiaTests-Info.plist";
				IPHONEOS_DEPLOYMENT_TARGET = 5.1;
				PRODUCT_NAME = "$(TARGET_NAME)";
				TEST_HOST = "$(BUNDLE_LOADER)";
				WRAPPER_EXTENSION = octest;
			};
			name = Debug;
		};
		417F09751671001900F44475 /* Release */ = {
			isa = XCBuildConfiguration;
			buildSettings = {
				BUNDLE_LOADER = "$(BUILT_PRODUCTS_DIR)/Mafia.app/Mafia";
				FRAMEWORK_SEARCH_PATHS = (
					"\"$(SDKROOT)/Developer/Library/Frameworks\"",
					"\"$(DEVELOPER_LIBRARY_DIR)/Frameworks\"",
				);
				GCC_PRECOMPILE_PREFIX_HEADER = YES;
				GCC_PREFIX_HEADER = "Mafia-Prefix.pch";
				HEADER_SEARCH_PATHS = "";
				INFOPLIST_FILE = "Tests/MafiaTests-Info.plist";
				IPHONEOS_DEPLOYMENT_TARGET = 5.1;
				PRODUCT_NAME = "$(TARGET_NAME)";
				TEST_HOST = "$(BUNDLE_LOADER)";
				WRAPPER_EXTENSION = octest;
			};
			name = Release;
		};
		41857F5E1652D5A600EE800D /* Debug */ = {
			isa = XCBuildConfiguration;
			buildSettings = {
				ALWAYS_SEARCH_USER_PATHS = NO;
				CLANG_CXX_LANGUAGE_STANDARD = "gnu++0x";
				CLANG_CXX_LIBRARY = "libc++";
				CLANG_ENABLE_OBJC_ARC = YES;
				CLANG_WARN_EMPTY_BODY = YES;
				CLANG_WARN__DUPLICATE_METHOD_MATCH = YES;
				CODE_SIGN_IDENTITY = "iPhone Developer";
				"CODE_SIGN_IDENTITY[sdk=iphoneos*]" = "iPhone Developer";
				COPY_PHASE_STRIP = NO;
				GCC_C_LANGUAGE_STANDARD = gnu99;
				GCC_DYNAMIC_NO_PIC = NO;
				GCC_OPTIMIZATION_LEVEL = 0;
				GCC_PREPROCESSOR_DEFINITIONS = (
					"DEBUG=1",
					"$(inherited)",
				);
				GCC_SYMBOLS_PRIVATE_EXTERN = NO;
				GCC_WARN_ABOUT_RETURN_TYPE = YES;
				GCC_WARN_UNINITIALIZED_AUTOS = YES;
				GCC_WARN_UNUSED_VARIABLE = YES;
				IPHONEOS_DEPLOYMENT_TARGET = 5.1;
				ONLY_ACTIVE_ARCH = YES;
				SDKROOT = iphoneos;
			};
			name = Debug;
		};
		41857F5F1652D5A600EE800D /* Release */ = {
			isa = XCBuildConfiguration;
			buildSettings = {
				ALWAYS_SEARCH_USER_PATHS = NO;
				CLANG_CXX_LANGUAGE_STANDARD = "gnu++0x";
				CLANG_CXX_LIBRARY = "libc++";
				CLANG_ENABLE_OBJC_ARC = YES;
				CLANG_WARN_EMPTY_BODY = YES;
				CLANG_WARN__DUPLICATE_METHOD_MATCH = YES;
				CODE_SIGN_IDENTITY = "iPhone Developer";
				"CODE_SIGN_IDENTITY[sdk=iphoneos*]" = "iPhone Developer";
				COPY_PHASE_STRIP = YES;
				GCC_C_LANGUAGE_STANDARD = gnu99;
				GCC_WARN_ABOUT_RETURN_TYPE = YES;
				GCC_WARN_UNINITIALIZED_AUTOS = YES;
				GCC_WARN_UNUSED_VARIABLE = YES;
				IPHONEOS_DEPLOYMENT_TARGET = 5.1;
				OTHER_CFLAGS = "-DNS_BLOCK_ASSERTIONS=1";
				SDKROOT = iphoneos;
				VALIDATE_PRODUCT = YES;
			};
			name = Release;
		};
		41857F611652D5A600EE800D /* Debug */ = {
			isa = XCBuildConfiguration;
			buildSettings = {
				ASSETCATALOG_COMPILER_APPICON_NAME = AppIcon;
				ASSETCATALOG_COMPILER_LAUNCHIMAGE_NAME = LaunchImage;
				GCC_PRECOMPILE_PREFIX_HEADER = YES;
				GCC_PREFIX_HEADER = "Mafia-Prefix.pch";
				INFOPLIST_FILE = "Mafia-Info.plist";
				PRODUCT_NAME = "$(TARGET_NAME)";
				WRAPPER_EXTENSION = app;
			};
			name = Debug;
		};
		41857F621652D5A600EE800D /* Release */ = {
			isa = XCBuildConfiguration;
			buildSettings = {
				ASSETCATALOG_COMPILER_APPICON_NAME = AppIcon;
				ASSETCATALOG_COMPILER_LAUNCHIMAGE_NAME = LaunchImage;
				GCC_PRECOMPILE_PREFIX_HEADER = YES;
				GCC_PREFIX_HEADER = "Mafia-Prefix.pch";
				INFOPLIST_FILE = "Mafia-Info.plist";
				PRODUCT_NAME = "$(TARGET_NAME)";
				WRAPPER_EXTENSION = app;
			};
			name = Release;
		};
/* End XCBuildConfiguration section */

/* Begin XCConfigurationList section */
		417F09731671001900F44475 /* Build configuration list for PBXNativeTarget "MafiaTests" */ = {
			isa = XCConfigurationList;
			buildConfigurations = (
				417F09741671001900F44475 /* Debug */,
				417F09751671001900F44475 /* Release */,
			);
			defaultConfigurationIsVisible = 0;
			defaultConfigurationName = Release;
		};
		41857F3C1652D5A500EE800D /* Build configuration list for PBXProject "Mafia" */ = {
			isa = XCConfigurationList;
			buildConfigurations = (
				41857F5E1652D5A600EE800D /* Debug */,
				41857F5F1652D5A600EE800D /* Release */,
			);
			defaultConfigurationIsVisible = 0;
			defaultConfigurationName = Release;
		};
		41857F601652D5A600EE800D /* Build configuration list for PBXNativeTarget "Mafia" */ = {
			isa = XCConfigurationList;
			buildConfigurations = (
				41857F611652D5A600EE800D /* Debug */,
				41857F621652D5A600EE800D /* Release */,
			);
			defaultConfigurationIsVisible = 0;
			defaultConfigurationName = Release;
		};
/* End XCConfigurationList section */
	};
	rootObject = 41857F391652D5A500EE800D /* Project object */;
}
