// !$*UTF8*$!
{
	archiveVersion = 1;
	classes = {
	};
	objectVersion = 46;
	objects = {

/* Begin PBXBuildFile section */
		073767AB4D5E7B84ED0D12CE /* libPods.a in Frameworks */ = {isa = PBXBuildFile; fileRef = 3DD82BAEF1DEADBA2969E45E /* libPods.a */; };
		412E50551C00B8950099574B /* UINavigationItem+MafiaBackTitle.m in Sources */ = {isa = PBXBuildFile; fileRef = 412E50541C00B8950099574B /* UINavigationItem+MafiaBackTitle.m */; };
		412E50601C00D4100099574B /* MafiaGameplayTestCase.m in Sources */ = {isa = PBXBuildFile; fileRef = 412E505B1C00D4100099574B /* MafiaGameplayTestCase.m */; };
		412E50611C00D4100099574B /* MafiaSettleTagsActionTests.m in Sources */ = {isa = PBXBuildFile; fileRef = 412E505C1C00D4100099574B /* MafiaSettleTagsActionTests.m */; };
		412E50621C00D4100099574B /* MafiaVoteAndLynchActionTests.m in Sources */ = {isa = PBXBuildFile; fileRef = 412E505D1C00D4100099574B /* MafiaVoteAndLynchActionTests.m */; };
		414AB5291AD4523A001B913C /* MafiaGameplayWebPageController.m in Sources */ = {isa = PBXBuildFile; fileRef = 414AB5281AD4523A001B913C /* MafiaGameplayWebPageController.m */; };
		4153791D1ADAD31F0096B906 /* Localizable.strings in Resources */ = {isa = PBXBuildFile; fileRef = 4153791F1ADAD31F0096B906 /* Localizable.strings */; };
		4153792F1ADDA1CB0096B906 /* MafiaPerson.m in Sources */ = {isa = PBXBuildFile; fileRef = 4153792E1ADDA1CB0096B906 /* MafiaPerson.m */; };
		415379381AE5AD780096B906 /* MafiaDocuments.m in Sources */ = {isa = PBXBuildFile; fileRef = 415379371AE5AD780096B906 /* MafiaDocuments.m */; };
		4153793B1AE5AD860096B906 /* NSError+MafiaAdditions.m in Sources */ = {isa = PBXBuildFile; fileRef = 4153793A1AE5AD860096B906 /* NSError+MafiaAdditions.m */; };
		417F09151670ECA100F44475 /* AddressBook.framework in Frameworks */ = {isa = PBXBuildFile; fileRef = 417F09131670ECA100F44475 /* AddressBook.framework */; };
		417F09161670ECA100F44475 /* AddressBookUI.framework in Frameworks */ = {isa = PBXBuildFile; fileRef = 417F09141670ECA100F44475 /* AddressBookUI.framework */; };
		417F09671671001900F44475 /* UIKit.framework in Frameworks */ = {isa = PBXBuildFile; fileRef = 41857F461652D5A600EE800D /* UIKit.framework */; };
		417F09681671001900F44475 /* Foundation.framework in Frameworks */ = {isa = PBXBuildFile; fileRef = 41857F481652D5A600EE800D /* Foundation.framework */; };
		41857F471652D5A600EE800D /* UIKit.framework in Frameworks */ = {isa = PBXBuildFile; fileRef = 41857F461652D5A600EE800D /* UIKit.framework */; };
		41857F491652D5A600EE800D /* Foundation.framework in Frameworks */ = {isa = PBXBuildFile; fileRef = 41857F481652D5A600EE800D /* Foundation.framework */; };
		41857F4B1652D5A600EE800D /* CoreGraphics.framework in Frameworks */ = {isa = PBXBuildFile; fileRef = 41857F4A1652D5A600EE800D /* CoreGraphics.framework */; };
		41857F6F1652DAA200EE800D /* main.m in Sources */ = {isa = PBXBuildFile; fileRef = 41857F6E1652DAA200EE800D /* main.m */; };
		418A72FA1AC9570400A652D2 /* Images.xcassets in Resources */ = {isa = PBXBuildFile; fileRef = 418A72F91AC9570400A652D2 /* Images.xcassets */; };
		41A7F36E1ACEC8DA0086015F /* MafiaAction.m in Sources */ = {isa = PBXBuildFile; fileRef = 41A7F35A1ACEC8DA0086015F /* MafiaAction.m */; };
		41A7F36F1ACEC8DA0086015F /* MafiaGame.m in Sources */ = {isa = PBXBuildFile; fileRef = 41A7F35C1ACEC8DA0086015F /* MafiaGame.m */; };
		41A7F3701ACEC8DA0086015F /* MafiaGameSetup.m in Sources */ = {isa = PBXBuildFile; fileRef = 41A7F35F1ACEC8DA0086015F /* MafiaGameSetup.m */; };
		41A7F3711ACEC8DA0086015F /* MafiaInformation.m in Sources */ = {isa = PBXBuildFile; fileRef = 41A7F3611ACEC8DA0086015F /* MafiaInformation.m */; };
		41A7F3721ACEC8DA0086015F /* MafiaNumberRange.m in Sources */ = {isa = PBXBuildFile; fileRef = 41A7F3631ACEC8DA0086015F /* MafiaNumberRange.m */; };
		41A7F3731ACEC8DA0086015F /* MafiaPlayer.m in Sources */ = {isa = PBXBuildFile; fileRef = 41A7F3651ACEC8DA0086015F /* MafiaPlayer.m */; };
		41A7F3741ACEC8DA0086015F /* MafiaPlayerList.m in Sources */ = {isa = PBXBuildFile; fileRef = 41A7F3671ACEC8DA0086015F /* MafiaPlayerList.m */; };
		41A7F3751ACEC8DA0086015F /* MafiaRole.m in Sources */ = {isa = PBXBuildFile; fileRef = 41A7F3691ACEC8DA0086015F /* MafiaRole.m */; };
		41A7F3761ACEC8DA0086015F /* MafiaSettleTagsAction.m in Sources */ = {isa = PBXBuildFile; fileRef = 41A7F36B1ACEC8DA0086015F /* MafiaSettleTagsAction.m */; };
		41A7F3771ACEC8DA0086015F /* MafiaVoteAndLynchAction.m in Sources */ = {isa = PBXBuildFile; fileRef = 41A7F36D1ACEC8DA0086015F /* MafiaVoteAndLynchAction.m */; };
		41A7F3821ACED9C70086015F /* LaunchScreen.xib in Resources */ = {isa = PBXBuildFile; fileRef = 41A7F37C1ACED9C70086015F /* LaunchScreen.xib */; };
		41A7F3831ACED9C70086015F /* Main.storyboard in Resources */ = {isa = PBXBuildFile; fileRef = 41A7F37E1ACED9C70086015F /* Main.storyboard */; };
		41A7F3841ACED9C70086015F /* MafiaAppDelegate.m in Sources */ = {isa = PBXBuildFile; fileRef = 41A7F3811ACED9C70086015F /* MafiaAppDelegate.m */; };
		41D39A6E1AD86BA300C13084 /* MafiaRoleAction.m in Sources */ = {isa = PBXBuildFile; fileRef = 41D39A6D1AD86BA300C13084 /* MafiaRoleAction.m */; };
		41EDC4E11BF494EC003AAC39 /* About.storyboard in Resources */ = {isa = PBXBuildFile; fileRef = 41EDC4E31BF494EC003AAC39 /* About.storyboard */; };
		41EDC4F21BF5B1B3003AAC39 /* GameSetup.storyboard in Resources */ = {isa = PBXBuildFile; fileRef = 41EDC4F41BF5B1B3003AAC39 /* GameSetup.storyboard */; };
		41EDC4F71BF5B31C003AAC39 /* MafiaGameSetupController.m in Sources */ = {isa = PBXBuildFile; fileRef = 41EDC4F61BF5B31C003AAC39 /* MafiaGameSetupController.m */; };
		41EDC4FA1BF5B3B8003AAC39 /* MafiaAssets.m in Sources */ = {isa = PBXBuildFile; fileRef = 41EDC4F91BF5B3B8003AAC39 /* MafiaAssets.m */; };
		41EDC4FD1BF5C652003AAC39 /* MafiaManagePlayersController.m in Sources */ = {isa = PBXBuildFile; fileRef = 41EDC4FC1BF5C652003AAC39 /* MafiaManagePlayersController.m */; };
		41EDC5061BF5C71B003AAC39 /* MafiaAddPersonController.m in Sources */ = {isa = PBXBuildFile; fileRef = 41EDC4FF1BF5C71B003AAC39 /* MafiaAddPersonController.m */; };
		41EDC5071BF5C71B003AAC39 /* MafiaAssignRolesController.m in Sources */ = {isa = PBXBuildFile; fileRef = 41EDC5011BF5C71B003AAC39 /* MafiaAssignRolesController.m */; };
		41EDC5091BF5C71B003AAC39 /* MafiaLoadGameSetupController.m in Sources */ = {isa = PBXBuildFile; fileRef = 41EDC5051BF5C71B003AAC39 /* MafiaLoadGameSetupController.m */; };
		41EDC5141BF758C0003AAC39 /* MafiaJudgeDrivenGameController.m in Sources */ = {isa = PBXBuildFile; fileRef = 41EDC50F1BF758C0003AAC39 /* MafiaJudgeDrivenGameController.m */; };
		41EDC5151BF758C0003AAC39 /* MafiaUpdatePlayerController.m in Sources */ = {isa = PBXBuildFile; fileRef = 41EDC5111BF758C0003AAC39 /* MafiaUpdatePlayerController.m */; };
		41EDC5161BF758C0003AAC39 /* MafiaUpdatePlayerRoleController.m in Sources */ = {isa = PBXBuildFile; fileRef = 41EDC5131BF758C0003AAC39 /* MafiaUpdatePlayerRoleController.m */; };
		41EDC51A1BF760FA003AAC39 /* JudgeDrivenGame.storyboard in Resources */ = {isa = PBXBuildFile; fileRef = 41EDC51C1BF760FA003AAC39 /* JudgeDrivenGame.storyboard */; };
		41EDC52E1BF788AB003AAC39 /* MafiaAutonomicGameController.m in Sources */ = {isa = PBXBuildFile; fileRef = 41EDC52C1BF788AB003AAC39 /* MafiaAutonomicGameController.m */; };
		41EDC52F1BF788BD003AAC39 /* AutonomicGame.storyboard in Resources */ = {isa = PBXBuildFile; fileRef = 41EDC5311BF788BD003AAC39 /* AutonomicGame.storyboard */; };
		41EDC5341BF78936003AAC39 /* MafiaAutonomicActionController.m in Sources */ = {isa = PBXBuildFile; fileRef = 41EDC5331BF78936003AAC39 /* MafiaAutonomicActionController.m */; };
		41EDC5371BF79515003AAC39 /* MafiaRootController.m in Sources */ = {isa = PBXBuildFile; fileRef = 41EDC5361BF79515003AAC39 /* MafiaRootController.m */; };
		41EDC53E1BF7A856003AAC39 /* UIView+MafiaAdditions.m in Sources */ = {isa = PBXBuildFile; fileRef = 41EDC53D1BF7A856003AAC39 /* UIView+MafiaAdditions.m */; };
		41EDC5431BFA5FFC003AAC39 /* TSMessage+MafiaAdditions.m in Sources */ = {isa = PBXBuildFile; fileRef = 41EDC5401BFA5FFC003AAC39 /* TSMessage+MafiaAdditions.m */; };
		41EDC5441BFA5FFC003AAC39 /* UIImage+MafiaAdditions.m in Sources */ = {isa = PBXBuildFile; fileRef = 41EDC5421BFA5FFC003AAC39 /* UIImage+MafiaAdditions.m */; };
		4823281113C325BD01987A33 /* libPods.a in Frameworks */ = {isa = PBXBuildFile; fileRef = 3DD82BAEF1DEADBA2969E45E /* libPods.a */; };
/* End PBXBuildFile section */

/* Begin PBXContainerItemProxy section */
		417F09761671009700F44475 /* PBXContainerItemProxy */ = {
			isa = PBXContainerItemProxy;
			containerPortal = 41857F391652D5A500EE800D /* Project object */;
			proxyType = 1;
			remoteGlobalIDString = 41857F411652D5A600EE800D;
			remoteInfo = Mafia;
		};
/* End PBXContainerItemProxy section */

/* Begin PBXFileReference section */
		3DD82BAEF1DEADBA2969E45E /* libPods.a */ = {isa = PBXFileReference; explicitFileType = archive.ar; includeInIndex = 0; path = libPods.a; sourceTree = BUILT_PRODUCTS_DIR; };
		412E50531C00B8950099574B /* UINavigationItem+MafiaBackTitle.h */ = {isa = PBXFileReference; fileEncoding = 4; lastKnownFileType = sourcecode.c.h; path = "UINavigationItem+MafiaBackTitle.h"; sourceTree = "<group>"; };
		412E50541C00B8950099574B /* UINavigationItem+MafiaBackTitle.m */ = {isa = PBXFileReference; fileEncoding = 4; lastKnownFileType = sourcecode.c.objc; path = "UINavigationItem+MafiaBackTitle.m"; sourceTree = "<group>"; };
		412E505A1C00D4100099574B /* MafiaGameplayTestCase.h */ = {isa = PBXFileReference; fileEncoding = 4; lastKnownFileType = sourcecode.c.h; path = MafiaGameplayTestCase.h; sourceTree = "<group>"; };
		412E505B1C00D4100099574B /* MafiaGameplayTestCase.m */ = {isa = PBXFileReference; fileEncoding = 4; lastKnownFileType = sourcecode.c.objc; path = MafiaGameplayTestCase.m; sourceTree = "<group>"; };
		412E505C1C00D4100099574B /* MafiaSettleTagsActionTests.m */ = {isa = PBXFileReference; fileEncoding = 4; lastKnownFileType = sourcecode.c.objc; path = MafiaSettleTagsActionTests.m; sourceTree = "<group>"; };
		412E505D1C00D4100099574B /* MafiaVoteAndLynchActionTests.m */ = {isa = PBXFileReference; fileEncoding = 4; lastKnownFileType = sourcecode.c.objc; path = MafiaVoteAndLynchActionTests.m; sourceTree = "<group>"; };
		412E505E1C00D4100099574B /* Info.plist */ = {isa = PBXFileReference; fileEncoding = 4; lastKnownFileType = text.plist.xml; path = Info.plist; sourceTree = "<group>"; };
		414AB5271AD4523A001B913C /* MafiaGameplayWebPageController.h */ = {isa = PBXFileReference; fileEncoding = 4; lastKnownFileType = sourcecode.c.h; path = MafiaGameplayWebPageController.h; sourceTree = "<group>"; };
		414AB5281AD4523A001B913C /* MafiaGameplayWebPageController.m */ = {isa = PBXFileReference; fileEncoding = 4; lastKnownFileType = sourcecode.c.objc; path = MafiaGameplayWebPageController.m; sourceTree = "<group>"; };
		4153791A1ADAD1900096B906 /* en */ = {isa = PBXFileReference; lastKnownFileType = text.plist.strings; name = en; path = en.lproj/LaunchScreen.strings; sourceTree = "<group>"; };
		4153791E1ADAD31F0096B906 /* Base */ = {isa = PBXFileReference; lastKnownFileType = text.plist.strings; name = Base; path = Base.lproj/Localizable.strings; sourceTree = "<group>"; };
		415379201ADAD3E10096B906 /* zh-Hans */ = {isa = PBXFileReference; lastKnownFileType = text.plist.strings; name = "zh-Hans"; path = "zh-Hans.lproj/Localizable.strings"; sourceTree = "<group>"; };
		415379221ADAD5770096B906 /* zh-Hans */ = {isa = PBXFileReference; lastKnownFileType = text.plist.strings; name = "zh-Hans"; path = "zh-Hans.lproj/LaunchScreen.strings"; sourceTree = "<group>"; };
		4153792D1ADDA1CA0096B906 /* MafiaPerson.h */ = {isa = PBXFileReference; fileEncoding = 4; lastKnownFileType = sourcecode.c.h; path = MafiaPerson.h; sourceTree = "<group>"; };
		4153792E1ADDA1CB0096B906 /* MafiaPerson.m */ = {isa = PBXFileReference; fileEncoding = 4; lastKnownFileType = sourcecode.c.objc; path = MafiaPerson.m; sourceTree = "<group>"; };
		415379361AE5AD780096B906 /* MafiaDocuments.h */ = {isa = PBXFileReference; fileEncoding = 4; lastKnownFileType = sourcecode.c.h; path = MafiaDocuments.h; sourceTree = "<group>"; };
		415379371AE5AD780096B906 /* MafiaDocuments.m */ = {isa = PBXFileReference; fileEncoding = 4; lastKnownFileType = sourcecode.c.objc; path = MafiaDocuments.m; sourceTree = "<group>"; };
		415379391AE5AD860096B906 /* NSError+MafiaAdditions.h */ = {isa = PBXFileReference; fileEncoding = 4; lastKnownFileType = sourcecode.c.h; path = "NSError+MafiaAdditions.h"; sourceTree = "<group>"; };
		4153793A1AE5AD860096B906 /* NSError+MafiaAdditions.m */ = {isa = PBXFileReference; fileEncoding = 4; lastKnownFileType = sourcecode.c.objc; path = "NSError+MafiaAdditions.m"; sourceTree = "<group>"; };
		417F09131670ECA100F44475 /* AddressBook.framework */ = {isa = PBXFileReference; lastKnownFileType = wrapper.framework; name = AddressBook.framework; path = System/Library/Frameworks/AddressBook.framework; sourceTree = SDKROOT; };
		417F09141670ECA100F44475 /* AddressBookUI.framework */ = {isa = PBXFileReference; lastKnownFileType = wrapper.framework; name = AddressBookUI.framework; path = System/Library/Frameworks/AddressBookUI.framework; sourceTree = SDKROOT; };
		417F09641671001900F44475 /* MafiaTests.xctest */ = {isa = PBXFileReference; explicitFileType = wrapper.cfbundle; includeInIndex = 0; path = MafiaTests.xctest; sourceTree = BUILT_PRODUCTS_DIR; };
		41857F421652D5A600EE800D /* Mafia.app */ = {isa = PBXFileReference; explicitFileType = wrapper.application; includeInIndex = 0; path = Mafia.app; sourceTree = BUILT_PRODUCTS_DIR; };
		41857F461652D5A600EE800D /* UIKit.framework */ = {isa = PBXFileReference; lastKnownFileType = wrapper.framework; name = UIKit.framework; path = System/Library/Frameworks/UIKit.framework; sourceTree = SDKROOT; };
		41857F481652D5A600EE800D /* Foundation.framework */ = {isa = PBXFileReference; lastKnownFileType = wrapper.framework; name = Foundation.framework; path = System/Library/Frameworks/Foundation.framework; sourceTree = SDKROOT; };
		41857F4A1652D5A600EE800D /* CoreGraphics.framework */ = {isa = PBXFileReference; lastKnownFileType = wrapper.framework; name = CoreGraphics.framework; path = System/Library/Frameworks/CoreGraphics.framework; sourceTree = SDKROOT; };
		41857F6D1652DAA200EE800D /* Mafia-Prefix.pch */ = {isa = PBXFileReference; fileEncoding = 4; lastKnownFileType = sourcecode.c.h; path = "Mafia-Prefix.pch"; sourceTree = "<group>"; };
		41857F6E1652DAA200EE800D /* main.m */ = {isa = PBXFileReference; fileEncoding = 4; lastKnownFileType = sourcecode.c.objc; path = main.m; sourceTree = "<group>"; };
		418A72F91AC9570400A652D2 /* Images.xcassets */ = {isa = PBXFileReference; lastKnownFileType = folder.assetcatalog; path = Images.xcassets; sourceTree = "<group>"; };
		418A73BD1ACEA4E000A652D2 /* Info.plist */ = {isa = PBXFileReference; fileEncoding = 4; lastKnownFileType = text.plist.xml; path = Info.plist; sourceTree = "<group>"; };
		418A73C21ACEA51300A652D2 /* Base */ = {isa = PBXFileReference; lastKnownFileType = text.plist.strings; name = Base; path = Base.lproj/InfoPlist.strings; sourceTree = "<group>"; };
		41A7F3591ACEC8DA0086015F /* MafiaAction.h */ = {isa = PBXFileReference; fileEncoding = 4; lastKnownFileType = sourcecode.c.h; path = MafiaAction.h; sourceTree = "<group>"; };
		41A7F35A1ACEC8DA0086015F /* MafiaAction.m */ = {isa = PBXFileReference; fileEncoding = 4; lastKnownFileType = sourcecode.c.objc; path = MafiaAction.m; sourceTree = "<group>"; };
		41A7F35B1ACEC8DA0086015F /* MafiaGame.h */ = {isa = PBXFileReference; fileEncoding = 4; lastKnownFileType = sourcecode.c.h; path = MafiaGame.h; sourceTree = "<group>"; };
		41A7F35C1ACEC8DA0086015F /* MafiaGame.m */ = {isa = PBXFileReference; fileEncoding = 4; lastKnownFileType = sourcecode.c.objc; path = MafiaGame.m; sourceTree = "<group>"; };
		41A7F35D1ACEC8DA0086015F /* MafiaGameplay.h */ = {isa = PBXFileReference; fileEncoding = 4; lastKnownFileType = sourcecode.c.h; path = MafiaGameplay.h; sourceTree = "<group>"; };
		41A7F35E1ACEC8DA0086015F /* MafiaGameSetup.h */ = {isa = PBXFileReference; fileEncoding = 4; lastKnownFileType = sourcecode.c.h; path = MafiaGameSetup.h; sourceTree = "<group>"; };
		41A7F35F1ACEC8DA0086015F /* MafiaGameSetup.m */ = {isa = PBXFileReference; fileEncoding = 4; lastKnownFileType = sourcecode.c.objc; path = MafiaGameSetup.m; sourceTree = "<group>"; };
		41A7F3601ACEC8DA0086015F /* MafiaInformation.h */ = {isa = PBXFileReference; fileEncoding = 4; lastKnownFileType = sourcecode.c.h; path = MafiaInformation.h; sourceTree = "<group>"; };
		41A7F3611ACEC8DA0086015F /* MafiaInformation.m */ = {isa = PBXFileReference; fileEncoding = 4; lastKnownFileType = sourcecode.c.objc; path = MafiaInformation.m; sourceTree = "<group>"; };
		41A7F3621ACEC8DA0086015F /* MafiaNumberRange.h */ = {isa = PBXFileReference; fileEncoding = 4; lastKnownFileType = sourcecode.c.h; path = MafiaNumberRange.h; sourceTree = "<group>"; };
		41A7F3631ACEC8DA0086015F /* MafiaNumberRange.m */ = {isa = PBXFileReference; fileEncoding = 4; lastKnownFileType = sourcecode.c.objc; path = MafiaNumberRange.m; sourceTree = "<group>"; };
		41A7F3641ACEC8DA0086015F /* MafiaPlayer.h */ = {isa = PBXFileReference; fileEncoding = 4; lastKnownFileType = sourcecode.c.h; path = MafiaPlayer.h; sourceTree = "<group>"; };
		41A7F3651ACEC8DA0086015F /* MafiaPlayer.m */ = {isa = PBXFileReference; fileEncoding = 4; lastKnownFileType = sourcecode.c.objc; path = MafiaPlayer.m; sourceTree = "<group>"; };
		41A7F3661ACEC8DA0086015F /* MafiaPlayerList.h */ = {isa = PBXFileReference; fileEncoding = 4; lastKnownFileType = sourcecode.c.h; path = MafiaPlayerList.h; sourceTree = "<group>"; };
		41A7F3671ACEC8DA0086015F /* MafiaPlayerList.m */ = {isa = PBXFileReference; fileEncoding = 4; lastKnownFileType = sourcecode.c.objc; path = MafiaPlayerList.m; sourceTree = "<group>"; };
		41A7F3681ACEC8DA0086015F /* MafiaRole.h */ = {isa = PBXFileReference; fileEncoding = 4; lastKnownFileType = sourcecode.c.h; path = MafiaRole.h; sourceTree = "<group>"; };
		41A7F3691ACEC8DA0086015F /* MafiaRole.m */ = {isa = PBXFileReference; fileEncoding = 4; lastKnownFileType = sourcecode.c.objc; path = MafiaRole.m; sourceTree = "<group>"; };
		41A7F36A1ACEC8DA0086015F /* MafiaSettleTagsAction.h */ = {isa = PBXFileReference; fileEncoding = 4; lastKnownFileType = sourcecode.c.h; path = MafiaSettleTagsAction.h; sourceTree = "<group>"; };
		41A7F36B1ACEC8DA0086015F /* MafiaSettleTagsAction.m */ = {isa = PBXFileReference; fileEncoding = 4; lastKnownFileType = sourcecode.c.objc; path = MafiaSettleTagsAction.m; sourceTree = "<group>"; };
		41A7F36C1ACEC8DA0086015F /* MafiaVoteAndLynchAction.h */ = {isa = PBXFileReference; fileEncoding = 4; lastKnownFileType = sourcecode.c.h; path = MafiaVoteAndLynchAction.h; sourceTree = "<group>"; };
		41A7F36D1ACEC8DA0086015F /* MafiaVoteAndLynchAction.m */ = {isa = PBXFileReference; fileEncoding = 4; lastKnownFileType = sourcecode.c.objc; path = MafiaVoteAndLynchAction.m; sourceTree = "<group>"; };
		41A7F37D1ACED9C70086015F /* Base */ = {isa = PBXFileReference; lastKnownFileType = file.xib; name = Base; path = Base.lproj/LaunchScreen.xib; sourceTree = "<group>"; };
		41A7F37F1ACED9C70086015F /* Base */ = {isa = PBXFileReference; lastKnownFileType = file.storyboard; name = Base; path = Base.lproj/Main.storyboard; sourceTree = "<group>"; };
		41A7F3801ACED9C70086015F /* MafiaAppDelegate.h */ = {isa = PBXFileReference; fileEncoding = 4; lastKnownFileType = sourcecode.c.h; path = MafiaAppDelegate.h; sourceTree = "<group>"; };
		41A7F3811ACED9C70086015F /* MafiaAppDelegate.m */ = {isa = PBXFileReference; fileEncoding = 4; lastKnownFileType = sourcecode.c.objc; path = MafiaAppDelegate.m; sourceTree = "<group>"; };
		41D39A6C1AD86BA300C13084 /* MafiaRoleAction.h */ = {isa = PBXFileReference; fileEncoding = 4; lastKnownFileType = sourcecode.c.h; path = MafiaRoleAction.h; sourceTree = "<group>"; };
		41D39A6D1AD86BA300C13084 /* MafiaRoleAction.m */ = {isa = PBXFileReference; fileEncoding = 4; lastKnownFileType = sourcecode.c.objc; path = MafiaRoleAction.m; sourceTree = "<group>"; };
		41EDC4E21BF494EC003AAC39 /* Base */ = {isa = PBXFileReference; lastKnownFileType = file.storyboard; name = Base; path = Base.lproj/About.storyboard; sourceTree = "<group>"; };
		41EDC4F31BF5B1B3003AAC39 /* Base */ = {isa = PBXFileReference; lastKnownFileType = file.storyboard; name = Base; path = Base.lproj/GameSetup.storyboard; sourceTree = "<group>"; };
		41EDC4F51BF5B31C003AAC39 /* MafiaGameSetupController.h */ = {isa = PBXFileReference; fileEncoding = 4; lastKnownFileType = sourcecode.c.h; path = MafiaGameSetupController.h; sourceTree = "<group>"; };
		41EDC4F61BF5B31C003AAC39 /* MafiaGameSetupController.m */ = {isa = PBXFileReference; fileEncoding = 4; lastKnownFileType = sourcecode.c.objc; path = MafiaGameSetupController.m; sourceTree = "<group>"; };
		41EDC4F81BF5B3B8003AAC39 /* MafiaAssets.h */ = {isa = PBXFileReference; fileEncoding = 4; lastKnownFileType = sourcecode.c.h; path = MafiaAssets.h; sourceTree = "<group>"; };
		41EDC4F91BF5B3B8003AAC39 /* MafiaAssets.m */ = {isa = PBXFileReference; fileEncoding = 4; lastKnownFileType = sourcecode.c.objc; path = MafiaAssets.m; sourceTree = "<group>"; };
		41EDC4FB1BF5C652003AAC39 /* MafiaManagePlayersController.h */ = {isa = PBXFileReference; fileEncoding = 4; lastKnownFileType = sourcecode.c.h; path = MafiaManagePlayersController.h; sourceTree = "<group>"; };
		41EDC4FC1BF5C652003AAC39 /* MafiaManagePlayersController.m */ = {isa = PBXFileReference; fileEncoding = 4; lastKnownFileType = sourcecode.c.objc; path = MafiaManagePlayersController.m; sourceTree = "<group>"; };
		41EDC4FE1BF5C71B003AAC39 /* MafiaAddPersonController.h */ = {isa = PBXFileReference; fileEncoding = 4; lastKnownFileType = sourcecode.c.h; path = MafiaAddPersonController.h; sourceTree = "<group>"; };
		41EDC4FF1BF5C71B003AAC39 /* MafiaAddPersonController.m */ = {isa = PBXFileReference; fileEncoding = 4; lastKnownFileType = sourcecode.c.objc; path = MafiaAddPersonController.m; sourceTree = "<group>"; };
		41EDC5001BF5C71B003AAC39 /* MafiaAssignRolesController.h */ = {isa = PBXFileReference; fileEncoding = 4; lastKnownFileType = sourcecode.c.h; path = MafiaAssignRolesController.h; sourceTree = "<group>"; };
		41EDC5011BF5C71B003AAC39 /* MafiaAssignRolesController.m */ = {isa = PBXFileReference; fileEncoding = 4; lastKnownFileType = sourcecode.c.objc; path = MafiaAssignRolesController.m; sourceTree = "<group>"; };
		41EDC5041BF5C71B003AAC39 /* MafiaLoadGameSetupController.h */ = {isa = PBXFileReference; fileEncoding = 4; lastKnownFileType = sourcecode.c.h; path = MafiaLoadGameSetupController.h; sourceTree = "<group>"; };
		41EDC5051BF5C71B003AAC39 /* MafiaLoadGameSetupController.m */ = {isa = PBXFileReference; fileEncoding = 4; lastKnownFileType = sourcecode.c.objc; path = MafiaLoadGameSetupController.m; sourceTree = "<group>"; };
		41EDC50A1BF754FC003AAC39 /* README.md */ = {isa = PBXFileReference; lastKnownFileType = net.daringfireball.markdown; path = README.md; sourceTree = "<group>"; };
		41EDC50E1BF758C0003AAC39 /* MafiaJudgeDrivenGameController.h */ = {isa = PBXFileReference; fileEncoding = 4; lastKnownFileType = sourcecode.c.h; path = MafiaJudgeDrivenGameController.h; sourceTree = "<group>"; };
		41EDC50F1BF758C0003AAC39 /* MafiaJudgeDrivenGameController.m */ = {isa = PBXFileReference; fileEncoding = 4; lastKnownFileType = sourcecode.c.objc; path = MafiaJudgeDrivenGameController.m; sourceTree = "<group>"; };
		41EDC5101BF758C0003AAC39 /* MafiaUpdatePlayerController.h */ = {isa = PBXFileReference; fileEncoding = 4; lastKnownFileType = sourcecode.c.h; path = MafiaUpdatePlayerController.h; sourceTree = "<group>"; };
		41EDC5111BF758C0003AAC39 /* MafiaUpdatePlayerController.m */ = {isa = PBXFileReference; fileEncoding = 4; lastKnownFileType = sourcecode.c.objc; path = MafiaUpdatePlayerController.m; sourceTree = "<group>"; };
		41EDC5121BF758C0003AAC39 /* MafiaUpdatePlayerRoleController.h */ = {isa = PBXFileReference; fileEncoding = 4; lastKnownFileType = sourcecode.c.h; path = MafiaUpdatePlayerRoleController.h; sourceTree = "<group>"; };
		41EDC5131BF758C0003AAC39 /* MafiaUpdatePlayerRoleController.m */ = {isa = PBXFileReference; fileEncoding = 4; lastKnownFileType = sourcecode.c.objc; path = MafiaUpdatePlayerRoleController.m; sourceTree = "<group>"; };
		41EDC51B1BF760FA003AAC39 /* Base */ = {isa = PBXFileReference; lastKnownFileType = file.storyboard; name = Base; path = Base.lproj/JudgeDrivenGame.storyboard; sourceTree = "<group>"; };
		41EDC52B1BF788AB003AAC39 /* MafiaAutonomicGameController.h */ = {isa = PBXFileReference; fileEncoding = 4; lastKnownFileType = sourcecode.c.h; path = MafiaAutonomicGameController.h; sourceTree = "<group>"; };
		41EDC52C1BF788AB003AAC39 /* MafiaAutonomicGameController.m */ = {isa = PBXFileReference; fileEncoding = 4; lastKnownFileType = sourcecode.c.objc; path = MafiaAutonomicGameController.m; sourceTree = "<group>"; };
		41EDC5301BF788BD003AAC39 /* Base */ = {isa = PBXFileReference; lastKnownFileType = file.storyboard; name = Base; path = Base.lproj/AutonomicGame.storyboard; sourceTree = "<group>"; };
		41EDC5321BF78936003AAC39 /* MafiaAutonomicActionController.h */ = {isa = PBXFileReference; fileEncoding = 4; lastKnownFileType = sourcecode.c.h; path = MafiaAutonomicActionController.h; sourceTree = "<group>"; };
		41EDC5331BF78936003AAC39 /* MafiaAutonomicActionController.m */ = {isa = PBXFileReference; fileEncoding = 4; lastKnownFileType = sourcecode.c.objc; path = MafiaAutonomicActionController.m; sourceTree = "<group>"; };
		41EDC5351BF79515003AAC39 /* MafiaRootController.h */ = {isa = PBXFileReference; fileEncoding = 4; lastKnownFileType = sourcecode.c.h; path = MafiaRootController.h; sourceTree = "<group>"; };
		41EDC5361BF79515003AAC39 /* MafiaRootController.m */ = {isa = PBXFileReference; fileEncoding = 4; lastKnownFileType = sourcecode.c.objc; path = MafiaRootController.m; sourceTree = "<group>"; };
		41EDC53C1BF7A856003AAC39 /* UIView+MafiaAdditions.h */ = {isa = PBXFileReference; fileEncoding = 4; lastKnownFileType = sourcecode.c.h; path = "UIView+MafiaAdditions.h"; sourceTree = "<group>"; };
		41EDC53D1BF7A856003AAC39 /* UIView+MafiaAdditions.m */ = {isa = PBXFileReference; fileEncoding = 4; lastKnownFileType = sourcecode.c.objc; path = "UIView+MafiaAdditions.m"; sourceTree = "<group>"; };
		41EDC53F1BFA5FFC003AAC39 /* TSMessage+MafiaAdditions.h */ = {isa = PBXFileReference; fileEncoding = 4; lastKnownFileType = sourcecode.c.h; path = "TSMessage+MafiaAdditions.h"; sourceTree = "<group>"; };
		41EDC5401BFA5FFC003AAC39 /* TSMessage+MafiaAdditions.m */ = {isa = PBXFileReference; fileEncoding = 4; lastKnownFileType = sourcecode.c.objc; path = "TSMessage+MafiaAdditions.m"; sourceTree = "<group>"; };
		41EDC5411BFA5FFC003AAC39 /* UIImage+MafiaAdditions.h */ = {isa = PBXFileReference; fileEncoding = 4; lastKnownFileType = sourcecode.c.h; path = "UIImage+MafiaAdditions.h"; sourceTree = "<group>"; };
		41EDC5421BFA5FFC003AAC39 /* UIImage+MafiaAdditions.m */ = {isa = PBXFileReference; fileEncoding = 4; lastKnownFileType = sourcecode.c.objc; path = "UIImage+MafiaAdditions.m"; sourceTree = "<group>"; };
		6A3A0FE22C16828C513D48A0 /* Pods.debug.xcconfig */ = {isa = PBXFileReference; includeInIndex = 1; lastKnownFileType = text.xcconfig; name = Pods.debug.xcconfig; path = "Pods/Target Support Files/Pods/Pods.debug.xcconfig"; sourceTree = "<group>"; };
		A845D2FFE2A88B7DC63975B0 /* Pods.release.xcconfig */ = {isa = PBXFileReference; includeInIndex = 1; lastKnownFileType = text.xcconfig; name = Pods.release.xcconfig; path = "Pods/Target Support Files/Pods/Pods.release.xcconfig"; sourceTree = "<group>"; };
/* End PBXFileReference section */

/* Begin PBXFrameworksBuildPhase section */
		417F09601671001900F44475 /* Frameworks */ = {
			isa = PBXFrameworksBuildPhase;
			buildActionMask = 2147483647;
			files = (
				417F09671671001900F44475 /* UIKit.framework in Frameworks */,
				417F09681671001900F44475 /* Foundation.framework in Frameworks */,
				4823281113C325BD01987A33 /* libPods.a in Frameworks */,
			);
			runOnlyForDeploymentPostprocessing = 0;
		};
		41857F3F1652D5A600EE800D /* Frameworks */ = {
			isa = PBXFrameworksBuildPhase;
			buildActionMask = 2147483647;
			files = (
				417F09151670ECA100F44475 /* AddressBook.framework in Frameworks */,
				417F09161670ECA100F44475 /* AddressBookUI.framework in Frameworks */,
				41857F4B1652D5A600EE800D /* CoreGraphics.framework in Frameworks */,
				41857F491652D5A600EE800D /* Foundation.framework in Frameworks */,
				41857F471652D5A600EE800D /* UIKit.framework in Frameworks */,
				073767AB4D5E7B84ED0D12CE /* libPods.a in Frameworks */,
			);
			runOnlyForDeploymentPostprocessing = 0;
		};
/* End PBXFrameworksBuildPhase section */

/* Begin PBXGroup section */
		1E08E00C85CF99A7425F4566 /* Pods */ = {
			isa = PBXGroup;
			children = (
				6A3A0FE22C16828C513D48A0 /* Pods.debug.xcconfig */,
				A845D2FFE2A88B7DC63975B0 /* Pods.release.xcconfig */,
			);
			name = Pods;
			sourceTree = "<group>";
		};
		412E50561C00D4100099574B /* MafiaTests */ = {
			isa = PBXGroup;
			children = (
				412E50591C00D4100099574B /* Gameplay */,
				412E50641C00D44B0099574B /* Supporting Files */,
			);
			path = MafiaTests;
			sourceTree = "<group>";
		};
		412E50591C00D4100099574B /* Gameplay */ = {
			isa = PBXGroup;
			children = (
				412E505A1C00D4100099574B /* MafiaGameplayTestCase.h */,
				412E505B1C00D4100099574B /* MafiaGameplayTestCase.m */,
				412E505C1C00D4100099574B /* MafiaSettleTagsActionTests.m */,
				412E505D1C00D4100099574B /* MafiaVoteAndLynchActionTests.m */,
			);
			path = Gameplay;
			sourceTree = "<group>";
		};
		412E50641C00D44B0099574B /* Supporting Files */ = {
			isa = PBXGroup;
			children = (
				412E505E1C00D4100099574B /* Info.plist */,
			);
			name = "Supporting Files";
			sourceTree = "<group>";
		};
		414AB50A1AD2F6CD001B913C /* Game */ = {
			isa = PBXGroup;
			children = (
				41EDC5291BF788AB003AAC39 /* AutonomicGame */,
				41EDC4EC1BF5B19C003AAC39 /* GameSetup */,
				41EDC50B1BF7583B003AAC39 /* JudgeDrivenGame */,
			);
			path = Game;
			sourceTree = "<group>";
		};
		414AB5231AD44D28001B913C /* About */ = {
			isa = PBXGroup;
			children = (
				41EDC4E31BF494EC003AAC39 /* About.storyboard */,
				414AB5271AD4523A001B913C /* MafiaGameplayWebPageController.h */,
				414AB5281AD4523A001B913C /* MafiaGameplayWebPageController.m */,
			);
			path = About;
			sourceTree = "<group>";
		};
		41857F371652D5A500EE800D = {
			isa = PBXGroup;
			children = (
				418A73BA1ACEA0BA00A652D2 /* Mafia */,
				412E50561C00D4100099574B /* MafiaTests */,
				1E08E00C85CF99A7425F4566 /* Pods */,
				41857F431652D5A600EE800D /* Products */,
				41857F451652D5A600EE800D /* Frameworks */,
				41EDC50A1BF754FC003AAC39 /* README.md */,
			);
			sourceTree = "<group>";
		};
		41857F431652D5A600EE800D /* Products */ = {
			isa = PBXGroup;
			children = (
				41857F421652D5A600EE800D /* Mafia.app */,
				417F09641671001900F44475 /* MafiaTests.xctest */,
			);
			name = Products;
			sourceTree = "<group>";
		};
		41857F451652D5A600EE800D /* Frameworks */ = {
			isa = PBXGroup;
			children = (
				417F09131670ECA100F44475 /* AddressBook.framework */,
				417F09141670ECA100F44475 /* AddressBookUI.framework */,
				41857F4A1652D5A600EE800D /* CoreGraphics.framework */,
				41857F481652D5A600EE800D /* Foundation.framework */,
				41857F461652D5A600EE800D /* UIKit.framework */,
				3DD82BAEF1DEADBA2969E45E /* libPods.a */,
			);
			name = Frameworks;
			sourceTree = "<group>";
		};
		41857F6A1652DA2D00EE800D /* Supporting Files */ = {
			isa = PBXGroup;
			children = (
				418A73BF1ACEA50900A652D2 /* InfoPlist.strings */,
				418A73BD1ACEA4E000A652D2 /* Info.plist */,
				41857F6D1652DAA200EE800D /* Mafia-Prefix.pch */,
				41857F6E1652DAA200EE800D /* main.m */,
			);
			name = "Supporting Files";
			sourceTree = "<group>";
		};
		418A73BA1ACEA0BA00A652D2 /* Mafia */ = {
			isa = PBXGroup;
			children = (
				41A7F3801ACED9C70086015F /* MafiaAppDelegate.h */,
				41A7F3811ACED9C70086015F /* MafiaAppDelegate.m */,
				41EDC4F81BF5B3B8003AAC39 /* MafiaAssets.h */,
				41EDC4F91BF5B3B8003AAC39 /* MafiaAssets.m */,
				415379391AE5AD860096B906 /* NSError+MafiaAdditions.h */,
				4153793A1AE5AD860096B906 /* NSError+MafiaAdditions.m */,
				418A72F91AC9570400A652D2 /* Images.xcassets */,
				41A7F37C1ACED9C70086015F /* LaunchScreen.xib */,
				4153791F1ADAD31F0096B906 /* Localizable.strings */,
				41A7F37E1ACED9C70086015F /* Main.storyboard */,
				41A7F3571ACEC8900086015F /* Controllers */,
				41A7F3581ACEC8B10086015F /* Gameplay */,
				41EDC5381BF7A802003AAC39 /* Views */,
				41857F6A1652DA2D00EE800D /* Supporting Files */,
			);
			path = Mafia;
			sourceTree = "<group>";
		};
		41A7F3571ACEC8900086015F /* Controllers */ = {
			isa = PBXGroup;
			children = (
				41EDC5351BF79515003AAC39 /* MafiaRootController.h */,
				41EDC5361BF79515003AAC39 /* MafiaRootController.m */,
				414AB5231AD44D28001B913C /* About */,
				414AB50A1AD2F6CD001B913C /* Game */,
			);
			path = Controllers;
			sourceTree = "<group>";
		};
		41A7F3581ACEC8B10086015F /* Gameplay */ = {
			isa = PBXGroup;
			children = (
				41A7F3591ACEC8DA0086015F /* MafiaAction.h */,
				41A7F35A1ACEC8DA0086015F /* MafiaAction.m */,
				415379361AE5AD780096B906 /* MafiaDocuments.h */,
				415379371AE5AD780096B906 /* MafiaDocuments.m */,
				41A7F35B1ACEC8DA0086015F /* MafiaGame.h */,
				41A7F35C1ACEC8DA0086015F /* MafiaGame.m */,
				41A7F35D1ACEC8DA0086015F /* MafiaGameplay.h */,
				41A7F35E1ACEC8DA0086015F /* MafiaGameSetup.h */,
				41A7F35F1ACEC8DA0086015F /* MafiaGameSetup.m */,
				41A7F3601ACEC8DA0086015F /* MafiaInformation.h */,
				41A7F3611ACEC8DA0086015F /* MafiaInformation.m */,
				41A7F3621ACEC8DA0086015F /* MafiaNumberRange.h */,
				41A7F3631ACEC8DA0086015F /* MafiaNumberRange.m */,
				4153792D1ADDA1CA0096B906 /* MafiaPerson.h */,
				4153792E1ADDA1CB0096B906 /* MafiaPerson.m */,
				41A7F3641ACEC8DA0086015F /* MafiaPlayer.h */,
				41A7F3651ACEC8DA0086015F /* MafiaPlayer.m */,
				41A7F3661ACEC8DA0086015F /* MafiaPlayerList.h */,
				41A7F3671ACEC8DA0086015F /* MafiaPlayerList.m */,
				41A7F3681ACEC8DA0086015F /* MafiaRole.h */,
				41A7F3691ACEC8DA0086015F /* MafiaRole.m */,
				41D39A6C1AD86BA300C13084 /* MafiaRoleAction.h */,
				41D39A6D1AD86BA300C13084 /* MafiaRoleAction.m */,
				41A7F36A1ACEC8DA0086015F /* MafiaSettleTagsAction.h */,
				41A7F36B1ACEC8DA0086015F /* MafiaSettleTagsAction.m */,
				41A7F36C1ACEC8DA0086015F /* MafiaVoteAndLynchAction.h */,
				41A7F36D1ACEC8DA0086015F /* MafiaVoteAndLynchAction.m */,
			);
			path = Gameplay;
			sourceTree = "<group>";
		};
		41EDC4EC1BF5B19C003AAC39 /* GameSetup */ = {
			isa = PBXGroup;
			children = (
				41EDC4F41BF5B1B3003AAC39 /* GameSetup.storyboard */,
				41EDC4FE1BF5C71B003AAC39 /* MafiaAddPersonController.h */,
				41EDC4FF1BF5C71B003AAC39 /* MafiaAddPersonController.m */,
				41EDC5001BF5C71B003AAC39 /* MafiaAssignRolesController.h */,
				41EDC5011BF5C71B003AAC39 /* MafiaAssignRolesController.m */,
				41EDC4F51BF5B31C003AAC39 /* MafiaGameSetupController.h */,
				41EDC4F61BF5B31C003AAC39 /* MafiaGameSetupController.m */,
				41EDC5041BF5C71B003AAC39 /* MafiaLoadGameSetupController.h */,
				41EDC5051BF5C71B003AAC39 /* MafiaLoadGameSetupController.m */,
				41EDC4FB1BF5C652003AAC39 /* MafiaManagePlayersController.h */,
				41EDC4FC1BF5C652003AAC39 /* MafiaManagePlayersController.m */,
			);
			path = GameSetup;
			sourceTree = "<group>";
		};
		41EDC50B1BF7583B003AAC39 /* JudgeDrivenGame */ = {
			isa = PBXGroup;
			children = (
				41EDC51C1BF760FA003AAC39 /* JudgeDrivenGame.storyboard */,
				41EDC50E1BF758C0003AAC39 /* MafiaJudgeDrivenGameController.h */,
				41EDC50F1BF758C0003AAC39 /* MafiaJudgeDrivenGameController.m */,
				41EDC5101BF758C0003AAC39 /* MafiaUpdatePlayerController.h */,
				41EDC5111BF758C0003AAC39 /* MafiaUpdatePlayerController.m */,
				41EDC5121BF758C0003AAC39 /* MafiaUpdatePlayerRoleController.h */,
				41EDC5131BF758C0003AAC39 /* MafiaUpdatePlayerRoleController.m */,
			);
			path = JudgeDrivenGame;
			sourceTree = "<group>";
		};
		41EDC5291BF788AB003AAC39 /* AutonomicGame */ = {
			isa = PBXGroup;
			children = (
				41EDC5311BF788BD003AAC39 /* AutonomicGame.storyboard */,
				41EDC5321BF78936003AAC39 /* MafiaAutonomicActionController.h */,
				41EDC5331BF78936003AAC39 /* MafiaAutonomicActionController.m */,
				41EDC52B1BF788AB003AAC39 /* MafiaAutonomicGameController.h */,
				41EDC52C1BF788AB003AAC39 /* MafiaAutonomicGameController.m */,
			);
			path = AutonomicGame;
			sourceTree = "<group>";
		};
		41EDC5381BF7A802003AAC39 /* Views */ = {
			isa = PBXGroup;
			children = (
				41EDC53F1BFA5FFC003AAC39 /* TSMessage+MafiaAdditions.h */,
				41EDC5401BFA5FFC003AAC39 /* TSMessage+MafiaAdditions.m */,
				41EDC5411BFA5FFC003AAC39 /* UIImage+MafiaAdditions.h */,
				41EDC5421BFA5FFC003AAC39 /* UIImage+MafiaAdditions.m */,
				412E50531C00B8950099574B /* UINavigationItem+MafiaBackTitle.h */,
				412E50541C00B8950099574B /* UINavigationItem+MafiaBackTitle.m */,
				41EDC53C1BF7A856003AAC39 /* UIView+MafiaAdditions.h */,
				41EDC53D1BF7A856003AAC39 /* UIView+MafiaAdditions.m */,
			);
			path = Views;
			sourceTree = "<group>";
		};
/* End PBXGroup section */

/* Begin PBXNativeTarget section */
		417F09631671001900F44475 /* MafiaTests */ = {
			isa = PBXNativeTarget;
			buildConfigurationList = 417F09731671001900F44475 /* Build configuration list for PBXNativeTarget "MafiaTests" */;
			buildPhases = (
				866D3B512F7E258679019A22 /* Check Pods Manifest.lock */,
				417F095F1671001900F44475 /* Sources */,
				417F09601671001900F44475 /* Frameworks */,
				417F09611671001900F44475 /* Resources */,
				4168C386B747499899D15046 /* Copy Pods Resources */,
			);
			buildRules = (
			);
			dependencies = (
				417F09771671009700F44475 /* PBXTargetDependency */,
			);
			name = MafiaTests;
			productName = MafiaTests;
			productReference = 417F09641671001900F44475 /* MafiaTests.xctest */;
			productType = "com.apple.product-type.bundle.unit-test";
		};
		41857F411652D5A600EE800D /* Mafia */ = {
			isa = PBXNativeTarget;
			buildConfigurationList = 41857F601652D5A600EE800D /* Build configuration list for PBXNativeTarget "Mafia" */;
			buildPhases = (
				EDA68C9497000D6D3A61BADC /* Check Pods Manifest.lock */,
				41857F3E1652D5A600EE800D /* Sources */,
				41857F3F1652D5A600EE800D /* Frameworks */,
				41857F401652D5A600EE800D /* Resources */,
				01BEC0078F03E7FFF04D2448 /* Copy Pods Resources */,
			);
			buildRules = (
			);
			dependencies = (
			);
			name = Mafia;
			productName = Mafia;
			productReference = 41857F421652D5A600EE800D /* Mafia.app */;
			productType = "com.apple.product-type.application";
		};
/* End PBXNativeTarget section */

/* Begin PBXProject section */
		41857F391652D5A500EE800D /* Project object */ = {
			isa = PBXProject;
			attributes = {
				CLASSPREFIX = Mafia;
				LastTestingUpgradeCheck = 0620;
				LastUpgradeCheck = 0710;
				ORGANIZATIONNAME = "ZHENG Zhong";
				TargetAttributes = {
					41857F411652D5A600EE800D = {
						DevelopmentTeam = CMU6ZH7LSR;
					};
				};
			};
			buildConfigurationList = 41857F3C1652D5A500EE800D /* Build configuration list for PBXProject "Mafia" */;
			compatibilityVersion = "Xcode 3.2";
			developmentRegion = English;
			hasScannedForEncodings = 0;
			knownRegions = (
				en,
				"zh-Hans",
				Base,
			);
			mainGroup = 41857F371652D5A500EE800D;
			productRefGroup = 41857F431652D5A600EE800D /* Products */;
			projectDirPath = "";
			projectRoot = "";
			targets = (
				41857F411652D5A600EE800D /* Mafia */,
				417F09631671001900F44475 /* MafiaTests */,
			);
		};
/* End PBXProject section */

/* Begin PBXResourcesBuildPhase section */
		417F09611671001900F44475 /* Resources */ = {
			isa = PBXResourcesBuildPhase;
			buildActionMask = 2147483647;
			files = (
			);
			runOnlyForDeploymentPostprocessing = 0;
		};
		41857F401652D5A600EE800D /* Resources */ = {
			isa = PBXResourcesBuildPhase;
			buildActionMask = 2147483647;
			files = (
				418A72FA1AC9570400A652D2 /* Images.xcassets in Resources */,
				41EDC4F21BF5B1B3003AAC39 /* GameSetup.storyboard in Resources */,
				41EDC51A1BF760FA003AAC39 /* JudgeDrivenGame.storyboard in Resources */,
				41A7F3821ACED9C70086015F /* LaunchScreen.xib in Resources */,
				41EDC4E11BF494EC003AAC39 /* About.storyboard in Resources */,
				41EDC52F1BF788BD003AAC39 /* AutonomicGame.storyboard in Resources */,
				4153791D1ADAD31F0096B906 /* Localizable.strings in Resources */,
				41A7F3831ACED9C70086015F /* Main.storyboard in Resources */,
			);
			runOnlyForDeploymentPostprocessing = 0;
		};
/* End PBXResourcesBuildPhase section */

/* Begin PBXShellScriptBuildPhase section */
		01BEC0078F03E7FFF04D2448 /* Copy Pods Resources */ = {
			isa = PBXShellScriptBuildPhase;
			buildActionMask = 2147483647;
			files = (
			);
			inputPaths = (
			);
			name = "Copy Pods Resources";
			outputPaths = (
			);
			runOnlyForDeploymentPostprocessing = 0;
			shellPath = /bin/sh;
			shellScript = "\"${SRCROOT}/Pods/Target Support Files/Pods/Pods-resources.sh\"\n";
			showEnvVarsInLog = 0;
		};
		4168C386B747499899D15046 /* Copy Pods Resources */ = {
			isa = PBXShellScriptBuildPhase;
			buildActionMask = 2147483647;
			files = (
			);
			inputPaths = (
			);
			name = "Copy Pods Resources";
			outputPaths = (
			);
			runOnlyForDeploymentPostprocessing = 0;
			shellPath = /bin/sh;
			shellScript = "\"${SRCROOT}/Pods/Target Support Files/Pods/Pods-resources.sh\"\n";
			showEnvVarsInLog = 0;
		};
		866D3B512F7E258679019A22 /* Check Pods Manifest.lock */ = {
			isa = PBXShellScriptBuildPhase;
			buildActionMask = 2147483647;
			files = (
			);
			inputPaths = (
			);
			name = "Check Pods Manifest.lock";
			outputPaths = (
			);
			runOnlyForDeploymentPostprocessing = 0;
			shellPath = /bin/sh;
			shellScript = "diff \"${PODS_ROOT}/../Podfile.lock\" \"${PODS_ROOT}/Manifest.lock\" > /dev/null\nif [[ $? != 0 ]] ; then\n    cat << EOM\nerror: The sandbox is not in sync with the Podfile.lock. Run 'pod install' or update your CocoaPods installation.\nEOM\n    exit 1\nfi\n";
			showEnvVarsInLog = 0;
		};
		EDA68C9497000D6D3A61BADC /* Check Pods Manifest.lock */ = {
			isa = PBXShellScriptBuildPhase;
			buildActionMask = 2147483647;
			files = (
			);
			inputPaths = (
			);
			name = "Check Pods Manifest.lock";
			outputPaths = (
			);
			runOnlyForDeploymentPostprocessing = 0;
			shellPath = /bin/sh;
			shellScript = "diff \"${PODS_ROOT}/../Podfile.lock\" \"${PODS_ROOT}/Manifest.lock\" > /dev/null\nif [[ $? != 0 ]] ; then\n    cat << EOM\nerror: The sandbox is not in sync with the Podfile.lock. Run 'pod install' or update your CocoaPods installation.\nEOM\n    exit 1\nfi\n";
			showEnvVarsInLog = 0;
		};
/* End PBXShellScriptBuildPhase section */

/* Begin PBXSourcesBuildPhase section */
		417F095F1671001900F44475 /* Sources */ = {
			isa = PBXSourcesBuildPhase;
			buildActionMask = 2147483647;
			files = (
				412E50601C00D4100099574B /* MafiaGameplayTestCase.m in Sources */,
				412E50611C00D4100099574B /* MafiaSettleTagsActionTests.m in Sources */,
				412E50621C00D4100099574B /* MafiaVoteAndLynchActionTests.m in Sources */,
			);
			runOnlyForDeploymentPostprocessing = 0;
		};
		41857F3E1652D5A600EE800D /* Sources */ = {
			isa = PBXSourcesBuildPhase;
			buildActionMask = 2147483647;
			files = (
				41A7F36E1ACEC8DA0086015F /* MafiaAction.m in Sources */,
				41857F6F1652DAA200EE800D /* main.m in Sources */,
				4153793B1AE5AD860096B906 /* NSError+MafiaAdditions.m in Sources */,
				41A7F3731ACEC8DA0086015F /* MafiaPlayer.m in Sources */,
				41A7F3721ACEC8DA0086015F /* MafiaNumberRange.m in Sources */,
				41EDC5141BF758C0003AAC39 /* MafiaJudgeDrivenGameController.m in Sources */,
				41EDC5371BF79515003AAC39 /* MafiaRootController.m in Sources */,
				41EDC5091BF5C71B003AAC39 /* MafiaLoadGameSetupController.m in Sources */,
				41EDC52E1BF788AB003AAC39 /* MafiaAutonomicGameController.m in Sources */,
				41D39A6E1AD86BA300C13084 /* MafiaRoleAction.m in Sources */,
				41A7F3741ACEC8DA0086015F /* MafiaPlayerList.m in Sources */,
				41EDC4F71BF5B31C003AAC39 /* MafiaGameSetupController.m in Sources */,
				414AB5291AD4523A001B913C /* MafiaGameplayWebPageController.m in Sources */,
				41EDC5071BF5C71B003AAC39 /* MafiaAssignRolesController.m in Sources */,
				41EDC5431BFA5FFC003AAC39 /* TSMessage+MafiaAdditions.m in Sources */,
				412E50551C00B8950099574B /* UINavigationItem+MafiaBackTitle.m in Sources */,
				41A7F3701ACEC8DA0086015F /* MafiaGameSetup.m in Sources */,
				41A7F3841ACED9C70086015F /* MafiaAppDelegate.m in Sources */,
				41A7F3751ACEC8DA0086015F /* MafiaRole.m in Sources */,
				4153792F1ADDA1CB0096B906 /* MafiaPerson.m in Sources */,
				41EDC5061BF5C71B003AAC39 /* MafiaAddPersonController.m in Sources */,
				41EDC5151BF758C0003AAC39 /* MafiaUpdatePlayerController.m in Sources */,
				41EDC53E1BF7A856003AAC39 /* UIView+MafiaAdditions.m in Sources */,
				41EDC5441BFA5FFC003AAC39 /* UIImage+MafiaAdditions.m in Sources */,
				41A7F3761ACEC8DA0086015F /* MafiaSettleTagsAction.m in Sources */,
				41EDC5161BF758C0003AAC39 /* MafiaUpdatePlayerRoleController.m in Sources */,
				415379381AE5AD780096B906 /* MafiaDocuments.m in Sources */,
				41EDC4FA1BF5B3B8003AAC39 /* MafiaAssets.m in Sources */,
				41A7F3711ACEC8DA0086015F /* MafiaInformation.m in Sources */,
				41EDC5341BF78936003AAC39 /* MafiaAutonomicActionController.m in Sources */,
				41A7F36F1ACEC8DA0086015F /* MafiaGame.m in Sources */,
				41A7F3771ACEC8DA0086015F /* MafiaVoteAndLynchAction.m in Sources */,
				41EDC4FD1BF5C652003AAC39 /* MafiaManagePlayersController.m in Sources */,
			);
			runOnlyForDeploymentPostprocessing = 0;
		};
/* End PBXSourcesBuildPhase section */

/* Begin PBXTargetDependency section */
		417F09771671009700F44475 /* PBXTargetDependency */ = {
			isa = PBXTargetDependency;
			target = 41857F411652D5A600EE800D /* Mafia */;
			targetProxy = 417F09761671009700F44475 /* PBXContainerItemProxy */;
		};
/* End PBXTargetDependency section */

/* Begin PBXVariantGroup section */
		4153791F1ADAD31F0096B906 /* Localizable.strings */ = {
			isa = PBXVariantGroup;
			children = (
				4153791E1ADAD31F0096B906 /* Base */,
				415379201ADAD3E10096B906 /* zh-Hans */,
			);
			name = Localizable.strings;
			sourceTree = "<group>";
		};
		418A73BF1ACEA50900A652D2 /* InfoPlist.strings */ = {
			isa = PBXVariantGroup;
			children = (
				418A73C21ACEA51300A652D2 /* Base */,
			);
			name = InfoPlist.strings;
			sourceTree = "<group>";
		};
		41A7F37C1ACED9C70086015F /* LaunchScreen.xib */ = {
			isa = PBXVariantGroup;
			children = (
				41A7F37D1ACED9C70086015F /* Base */,
				4153791A1ADAD1900096B906 /* en */,
				415379221ADAD5770096B906 /* zh-Hans */,
			);
			name = LaunchScreen.xib;
			sourceTree = "<group>";
		};
		41A7F37E1ACED9C70086015F /* Main.storyboard */ = {
			isa = PBXVariantGroup;
			children = (
				41A7F37F1ACED9C70086015F /* Base */,
			);
			name = Main.storyboard;
			sourceTree = "<group>";
		};
		41EDC4E31BF494EC003AAC39 /* About.storyboard */ = {
			isa = PBXVariantGroup;
			children = (
				41EDC4E21BF494EC003AAC39 /* Base */,
			);
			name = About.storyboard;
			sourceTree = "<group>";
		};
		41EDC4F41BF5B1B3003AAC39 /* GameSetup.storyboard */ = {
			isa = PBXVariantGroup;
			children = (
				41EDC4F31BF5B1B3003AAC39 /* Base */,
			);
			name = GameSetup.storyboard;
			sourceTree = "<group>";
		};
		41EDC51C1BF760FA003AAC39 /* JudgeDrivenGame.storyboard */ = {
			isa = PBXVariantGroup;
			children = (
				41EDC51B1BF760FA003AAC39 /* Base */,
			);
			name = JudgeDrivenGame.storyboard;
			sourceTree = "<group>";
		};
		41EDC5311BF788BD003AAC39 /* AutonomicGame.storyboard */ = {
			isa = PBXVariantGroup;
			children = (
				41EDC5301BF788BD003AAC39 /* Base */,
			);
			name = AutonomicGame.storyboard;
			sourceTree = "<group>";
		};
/* End PBXVariantGroup section */

/* Begin XCBuildConfiguration section */
		417F09741671001900F44475 /* Debug */ = {
			isa = XCBuildConfiguration;
			baseConfigurationReference = 6A3A0FE22C16828C513D48A0 /* Pods.debug.xcconfig */;
			buildSettings = {
				BUNDLE_LOADER = "$(TEST_HOST)";
				INFOPLIST_FILE = MafiaTests/Info.plist;
				PRODUCT_BUNDLE_IDENTIFIER = "zhengzhong.${PRODUCT_NAME:rfc1034identifier}";
				PRODUCT_NAME = "$(TARGET_NAME)";
				TEST_HOST = "$(BUILT_PRODUCTS_DIR)/Mafia.app/Mafia";
			};
			name = Debug;
		};
		417F09751671001900F44475 /* Release */ = {
			isa = XCBuildConfiguration;
			baseConfigurationReference = A845D2FFE2A88B7DC63975B0 /* Pods.release.xcconfig */;
			buildSettings = {
				BUNDLE_LOADER = "$(TEST_HOST)";
				INFOPLIST_FILE = MafiaTests/Info.plist;
				PRODUCT_BUNDLE_IDENTIFIER = "zhengzhong.${PRODUCT_NAME:rfc1034identifier}";
				PRODUCT_NAME = "$(TARGET_NAME)";
				TEST_HOST = "$(BUILT_PRODUCTS_DIR)/Mafia.app/Mafia";
			};
			name = Release;
		};
		41857F5E1652D5A600EE800D /* Debug */ = {
			isa = XCBuildConfiguration;
			buildSettings = {
				ALWAYS_SEARCH_USER_PATHS = NO;
				CLANG_ANALYZER_SECURITY_FLOATLOOPCOUNTER = YES;
				CLANG_ANALYZER_SECURITY_INSECUREAPI_RAND = YES;
				CLANG_ANALYZER_SECURITY_INSECUREAPI_STRCPY = YES;
				CLANG_CXX_LANGUAGE_STANDARD = "gnu++0x";
				CLANG_CXX_LIBRARY = "libc++";
				CLANG_ENABLE_OBJC_ARC = YES;
				CLANG_WARN_ASSIGN_ENUM = YES;
				CLANG_WARN_BOOL_CONVERSION = YES;
				CLANG_WARN_CONSTANT_CONVERSION = YES;
				CLANG_WARN_DEPRECATED_OBJC_IMPLEMENTATIONS = YES;
				CLANG_WARN_DOCUMENTATION_COMMENTS = YES;
				CLANG_WARN_EMPTY_BODY = YES;
				CLANG_WARN_ENUM_CONVERSION = YES;
				CLANG_WARN_INT_CONVERSION = YES;
				CLANG_WARN_OBJC_EXPLICIT_OWNERSHIP_TYPE = YES;
				CLANG_WARN_OBJC_IMPLICIT_ATOMIC_PROPERTIES = YES;
				CLANG_WARN_OBJC_IMPLICIT_RETAIN_SELF = YES;
				CLANG_WARN_OBJC_REPEATED_USE_OF_WEAK = YES;
				CLANG_WARN_SUSPICIOUS_IMPLICIT_CONVERSION = YES;
				CLANG_WARN_UNREACHABLE_CODE = YES;
				CLANG_WARN__DUPLICATE_METHOD_MATCH = YES;
				CODE_SIGN_IDENTITY = "iPhone Developer";
				"CODE_SIGN_IDENTITY[sdk=iphoneos*]" = "iPhone Developer";
				COPY_PHASE_STRIP = NO;
				ENABLE_TESTABILITY = YES;
				GCC_C_LANGUAGE_STANDARD = gnu99;
				GCC_DYNAMIC_NO_PIC = NO;
				GCC_OPTIMIZATION_LEVEL = 0;
				GCC_PRECOMPILE_PREFIX_HEADER = YES;
				GCC_PREFIX_HEADER = "Mafia/Mafia-Prefix.pch";
				GCC_PREPROCESSOR_DEFINITIONS = (
					"DEBUG=1",
					"$(inherited)",
				);
				GCC_SYMBOLS_PRIVATE_EXTERN = NO;
				GCC_TREAT_IMPLICIT_FUNCTION_DECLARATIONS_AS_ERRORS = YES;
				GCC_TREAT_INCOMPATIBLE_POINTER_TYPE_WARNINGS_AS_ERRORS = YES;
				GCC_WARN_64_TO_32_BIT_CONVERSION = YES;
				GCC_WARN_ABOUT_MISSING_FIELD_INITIALIZERS = YES;
				GCC_WARN_ABOUT_MISSING_NEWLINE = YES;
				GCC_WARN_ABOUT_MISSING_PROTOTYPES = YES;
				GCC_WARN_ABOUT_RETURN_TYPE = YES;
				GCC_WARN_FOUR_CHARACTER_CONSTANTS = YES;
				GCC_WARN_INITIALIZER_NOT_FULLY_BRACKETED = YES;
				GCC_WARN_MULTIPLE_DEFINITION_TYPES_FOR_SELECTOR = YES;
				GCC_WARN_SHADOW = YES;
				GCC_WARN_STRICT_SELECTOR_MATCH = YES;
				GCC_WARN_UNDECLARED_SELECTOR = YES;
				GCC_WARN_UNINITIALIZED_AUTOS = YES;
				GCC_WARN_UNKNOWN_PRAGMAS = YES;
				GCC_WARN_UNUSED_FUNCTION = YES;
				GCC_WARN_UNUSED_LABEL = YES;
				GCC_WARN_UNUSED_VARIABLE = YES;
				IPHONEOS_DEPLOYMENT_TARGET = 8.0;
				ONLY_ACTIVE_ARCH = YES;
				SDKROOT = iphoneos;
			};
			name = Debug;
		};
		41857F5F1652D5A600EE800D /* Release */ = {
			isa = XCBuildConfiguration;
			buildSettings = {
				ALWAYS_SEARCH_USER_PATHS = NO;
				CLANG_ANALYZER_SECURITY_FLOATLOOPCOUNTER = YES;
				CLANG_ANALYZER_SECURITY_INSECUREAPI_RAND = YES;
				CLANG_ANALYZER_SECURITY_INSECUREAPI_STRCPY = YES;
				CLANG_CXX_LANGUAGE_STANDARD = "gnu++0x";
				CLANG_CXX_LIBRARY = "libc++";
				CLANG_ENABLE_OBJC_ARC = YES;
				CLANG_WARN_ASSIGN_ENUM = YES;
				CLANG_WARN_BOOL_CONVERSION = YES;
				CLANG_WARN_CONSTANT_CONVERSION = YES;
				CLANG_WARN_DEPRECATED_OBJC_IMPLEMENTATIONS = YES;
				CLANG_WARN_DOCUMENTATION_COMMENTS = YES;
				CLANG_WARN_EMPTY_BODY = YES;
				CLANG_WARN_ENUM_CONVERSION = YES;
				CLANG_WARN_INT_CONVERSION = YES;
				CLANG_WARN_OBJC_EXPLICIT_OWNERSHIP_TYPE = YES;
				CLANG_WARN_OBJC_IMPLICIT_ATOMIC_PROPERTIES = YES;
				CLANG_WARN_OBJC_IMPLICIT_RETAIN_SELF = YES;
				CLANG_WARN_OBJC_REPEATED_USE_OF_WEAK = YES;
				CLANG_WARN_SUSPICIOUS_IMPLICIT_CONVERSION = YES;
				CLANG_WARN_UNREACHABLE_CODE = YES;
				CLANG_WARN__DUPLICATE_METHOD_MATCH = YES;
				CODE_SIGN_IDENTITY = "iPhone Developer";
				"CODE_SIGN_IDENTITY[sdk=iphoneos*]" = "iPhone Developer";
				COPY_PHASE_STRIP = YES;
				GCC_C_LANGUAGE_STANDARD = gnu99;
				GCC_PRECOMPILE_PREFIX_HEADER = YES;
				GCC_PREFIX_HEADER = "Mafia/Mafia-Prefix.pch";
				GCC_TREAT_IMPLICIT_FUNCTION_DECLARATIONS_AS_ERRORS = YES;
				GCC_TREAT_INCOMPATIBLE_POINTER_TYPE_WARNINGS_AS_ERRORS = YES;
				GCC_WARN_64_TO_32_BIT_CONVERSION = YES;
				GCC_WARN_ABOUT_MISSING_FIELD_INITIALIZERS = YES;
				GCC_WARN_ABOUT_MISSING_NEWLINE = YES;
				GCC_WARN_ABOUT_MISSING_PROTOTYPES = YES;
				GCC_WARN_ABOUT_RETURN_TYPE = YES;
				GCC_WARN_FOUR_CHARACTER_CONSTANTS = YES;
				GCC_WARN_INITIALIZER_NOT_FULLY_BRACKETED = YES;
				GCC_WARN_MULTIPLE_DEFINITION_TYPES_FOR_SELECTOR = YES;
				GCC_WARN_SHADOW = YES;
				GCC_WARN_STRICT_SELECTOR_MATCH = YES;
				GCC_WARN_UNDECLARED_SELECTOR = YES;
				GCC_WARN_UNINITIALIZED_AUTOS = YES;
				GCC_WARN_UNKNOWN_PRAGMAS = YES;
				GCC_WARN_UNUSED_FUNCTION = YES;
				GCC_WARN_UNUSED_LABEL = YES;
				GCC_WARN_UNUSED_VARIABLE = YES;
				IPHONEOS_DEPLOYMENT_TARGET = 8.0;
				ONLY_ACTIVE_ARCH = YES;
				OTHER_CFLAGS = "-DNS_BLOCK_ASSERTIONS=1";
				SDKROOT = iphoneos;
				VALIDATE_PRODUCT = YES;
			};
			name = Release;
		};
		41857F611652D5A600EE800D /* Debug */ = {
			isa = XCBuildConfiguration;
			baseConfigurationReference = 6A3A0FE22C16828C513D48A0 /* Pods.debug.xcconfig */;
			buildSettings = {
				ASSETCATALOG_COMPILER_APPICON_NAME = AppIcon;
				ASSETCATALOG_COMPILER_LAUNCHIMAGE_NAME = "Brand Assets";
				CODE_SIGN_IDENTITY = "iPhone Developer";
				"CODE_SIGN_IDENTITY[sdk=iphoneos*]" = "iPhone Developer";
				INFOPLIST_FILE = Mafia/Info.plist;
				PRODUCT_BUNDLE_IDENTIFIER = "zhengzhong.$(PRODUCT_NAME:rfc1034identifier)";
				PRODUCT_NAME = "$(TARGET_NAME)";
				PROVISIONING_PROFILE = "";
				WRAPPER_EXTENSION = app;
			};
			name = Debug;
		};
		41857F621652D5A600EE800D /* Release */ = {
			isa = XCBuildConfiguration;
			baseConfigurationReference = A845D2FFE2A88B7DC63975B0 /* Pods.release.xcconfig */;
			buildSettings = {
				ASSETCATALOG_COMPILER_APPICON_NAME = AppIcon;
				ASSETCATALOG_COMPILER_LAUNCHIMAGE_NAME = "Brand Assets";
				CODE_SIGN_IDENTITY = "iPhone Developer";
				"CODE_SIGN_IDENTITY[sdk=iphoneos*]" = "iPhone Developer";
				INFOPLIST_FILE = Mafia/Info.plist;
				PRODUCT_BUNDLE_IDENTIFIER = "zhengzhong.$(PRODUCT_NAME:rfc1034identifier)";
				PRODUCT_NAME = "$(TARGET_NAME)";
				PROVISIONING_PROFILE = "";
				WRAPPER_EXTENSION = app;
			};
			name = Release;
		};
/* End XCBuildConfiguration section */

/* Begin XCConfigurationList section */
		417F09731671001900F44475 /* Build configuration list for PBXNativeTarget "MafiaTests" */ = {
			isa = XCConfigurationList;
			buildConfigurations = (
				417F09741671001900F44475 /* Debug */,
				417F09751671001900F44475 /* Release */,
			);
			defaultConfigurationIsVisible = 0;
			defaultConfigurationName = Release;
		};
		41857F3C1652D5A500EE800D /* Build configuration list for PBXProject "Mafia" */ = {
			isa = XCConfigurationList;
			buildConfigurations = (
				41857F5E1652D5A600EE800D /* Debug */,
				41857F5F1652D5A600EE800D /* Release */,
			);
			defaultConfigurationIsVisible = 0;
			defaultConfigurationName = Release;
		};
		41857F601652D5A600EE800D /* Build configuration list for PBXNativeTarget "Mafia" */ = {
			isa = XCConfigurationList;
			buildConfigurations = (
				41857F611652D5A600EE800D /* Debug */,
				41857F621652D5A600EE800D /* Release */,
			);
			defaultConfigurationIsVisible = 0;
			defaultConfigurationName = Release;
		};
/* End XCConfigurationList section */
	};
	rootObject = 41857F391652D5A500EE800D /* Project object */;
}
