// !$*UTF8*$!
{
	archiveVersion = 1;
	classes = {
	};
	objectVersion = 46;
	objects = {

/* Begin PBXBuildFile section */
		413FE4FF166CC93500A5356C /* add.png in Resources */ = {isa = PBXBuildFile; fileRef = 413FE4FA166CC93500A5356C /* add.png */; };
		413FE500166CC93500A5356C /* moon.png in Resources */ = {isa = PBXBuildFile; fileRef = 413FE4FB166CC93500A5356C /* moon.png */; };
		413FE501166CC93500A5356C /* player.png in Resources */ = {isa = PBXBuildFile; fileRef = 413FE4FC166CC93500A5356C /* player.png */; };
		413FE502166CC93500A5356C /* players.png in Resources */ = {isa = PBXBuildFile; fileRef = 413FE4FD166CC93500A5356C /* players.png */; };
		413FE503166CC93500A5356C /* two_handed.png in Resources */ = {isa = PBXBuildFile; fileRef = 413FE4FE166CC93500A5356C /* two_handed.png */; };
		414AB51B1AD2F6F8001B913C /* MafiaAddPlayerController.m in Sources */ = {isa = PBXBuildFile; fileRef = 414AB50C1AD2F6F8001B913C /* MafiaAddPlayerController.m */; };
		414AB51C1AD2F6F8001B913C /* MafiaConfigureRoleController.m in Sources */ = {isa = PBXBuildFile; fileRef = 414AB50E1AD2F6F8001B913C /* MafiaConfigureRoleController.m */; };
		414AB51D1AD2F6F8001B913C /* MafiaGameController.m in Sources */ = {isa = PBXBuildFile; fileRef = 414AB5101AD2F6F8001B913C /* MafiaGameController.m */; };
		414AB51E1AD2F6F8001B913C /* MafiaGameSetupController.m in Sources */ = {isa = PBXBuildFile; fileRef = 414AB5121AD2F6F8001B913C /* MafiaGameSetupController.m */; };
		414AB51F1AD2F6F8001B913C /* MafiaInformationController.m in Sources */ = {isa = PBXBuildFile; fileRef = 414AB5141AD2F6F8001B913C /* MafiaInformationController.m */; };
		414AB5201AD2F6F8001B913C /* MafiaSelectPlayersController.m in Sources */ = {isa = PBXBuildFile; fileRef = 414AB5161AD2F6F8001B913C /* MafiaSelectPlayersController.m */; };
		414AB5211AD2F6F8001B913C /* MafiaUpdatePlayerController.m in Sources */ = {isa = PBXBuildFile; fileRef = 414AB5181AD2F6F8001B913C /* MafiaUpdatePlayerController.m */; };
		414AB5221AD2F6F8001B913C /* MafiaUpdatePlayerRoleController.m in Sources */ = {isa = PBXBuildFile; fileRef = 414AB51A1AD2F6F8001B913C /* MafiaUpdatePlayerRoleController.m */; };
		414AB5291AD4523A001B913C /* MafiaGameplayWebPageController.m in Sources */ = {isa = PBXBuildFile; fileRef = 414AB5281AD4523A001B913C /* MafiaGameplayWebPageController.m */; };
		414AB52F1AD47A99001B913C /* MafiaAboutController.m in Sources */ = {isa = PBXBuildFile; fileRef = 414AB52E1AD47A99001B913C /* MafiaAboutController.m */; };
		415CF855165D6EBA00CDB5B2 /* action_in_day.png in Resources */ = {isa = PBXBuildFile; fileRef = 415CF83E165D6EBA00CDB5B2 /* action_in_day.png */; };
		415CF856165D6EBA00CDB5B2 /* action_in_night.png in Resources */ = {isa = PBXBuildFile; fileRef = 415CF83F165D6EBA00CDB5B2 /* action_in_night.png */; };
		415CF857165D6EBA00CDB5B2 /* is_just_guarded.png in Resources */ = {isa = PBXBuildFile; fileRef = 415CF840165D6EBA00CDB5B2 /* is_just_guarded.png */; };
		415CF858165D6EBA00CDB5B2 /* is_misdiagnosed.png in Resources */ = {isa = PBXBuildFile; fileRef = 415CF841165D6EBA00CDB5B2 /* is_misdiagnosed.png */; };
		415CF859165D6EBA00CDB5B2 /* is_unguardable.png in Resources */ = {isa = PBXBuildFile; fileRef = 415CF842165D6EBA00CDB5B2 /* is_unguardable.png */; };
		415CF85A165D6EBA00CDB5B2 /* is_voted.png in Resources */ = {isa = PBXBuildFile; fileRef = 415CF843165D6EBA00CDB5B2 /* is_voted.png */; };
		415CF85B165D6EBA00CDB5B2 /* role_civilian.png in Resources */ = {isa = PBXBuildFile; fileRef = 415CF844165D6EBA00CDB5B2 /* role_civilian.png */; };
		415CF85C165D6EBA00CDB5B2 /* role_dead.png in Resources */ = {isa = PBXBuildFile; fileRef = 415CF845165D6EBA00CDB5B2 /* role_dead.png */; };
		415CF85D165D6EBA00CDB5B2 /* role_detective.png in Resources */ = {isa = PBXBuildFile; fileRef = 415CF846165D6EBA00CDB5B2 /* role_detective.png */; };
		415CF85E165D6EBA00CDB5B2 /* role_doctor.png in Resources */ = {isa = PBXBuildFile; fileRef = 415CF847165D6EBA00CDB5B2 /* role_doctor.png */; };
		415CF85F165D6EBA00CDB5B2 /* role_guardian.png in Resources */ = {isa = PBXBuildFile; fileRef = 415CF848165D6EBA00CDB5B2 /* role_guardian.png */; };
		415CF860165D6EBA00CDB5B2 /* role_killer.png in Resources */ = {isa = PBXBuildFile; fileRef = 415CF849165D6EBA00CDB5B2 /* role_killer.png */; };
		415CF861165D6EBA00CDB5B2 /* role_traitor.png in Resources */ = {isa = PBXBuildFile; fileRef = 415CF84A165D6EBA00CDB5B2 /* role_traitor.png */; };
		415CF862165D6EBA00CDB5B2 /* role_undercover.png in Resources */ = {isa = PBXBuildFile; fileRef = 415CF84B165D6EBA00CDB5B2 /* role_undercover.png */; };
		415CF863165D6EBA00CDB5B2 /* role_unrevealed.png in Resources */ = {isa = PBXBuildFile; fileRef = 415CF84C165D6EBA00CDB5B2 /* role_unrevealed.png */; };
		415CF866165D6EBA00CDB5B2 /* tag_detective.png in Resources */ = {isa = PBXBuildFile; fileRef = 415CF84F165D6EBA00CDB5B2 /* tag_detective.png */; };
		415CF867165D6EBA00CDB5B2 /* tag_doctor.png in Resources */ = {isa = PBXBuildFile; fileRef = 415CF850165D6EBA00CDB5B2 /* tag_doctor.png */; };
		415CF868165D6EBA00CDB5B2 /* tag_guardian.png in Resources */ = {isa = PBXBuildFile; fileRef = 415CF851165D6EBA00CDB5B2 /* tag_guardian.png */; };
		415CF869165D6EBA00CDB5B2 /* tag_killer.png in Resources */ = {isa = PBXBuildFile; fileRef = 415CF852165D6EBA00CDB5B2 /* tag_killer.png */; };
		415CF86A165D6EBA00CDB5B2 /* tag_traitor.png in Resources */ = {isa = PBXBuildFile; fileRef = 415CF853165D6EBA00CDB5B2 /* tag_traitor.png */; };
		415CF86B165D6EBA00CDB5B2 /* tag_undercover.png in Resources */ = {isa = PBXBuildFile; fileRef = 415CF854165D6EBA00CDB5B2 /* tag_undercover.png */; };
		415CF87A165D9CF400CDB5B2 /* game_background.png in Resources */ = {isa = PBXBuildFile; fileRef = 415CF878165D9CF400CDB5B2 /* game_background.png */; };
		415CF87B165D9CF400CDB5B2 /* role_assassin.png in Resources */ = {isa = PBXBuildFile; fileRef = 415CF879165D9CF400CDB5B2 /* role_assassin.png */; };
		416E66D1166D2C610062AE57 /* information_announcement.png in Resources */ = {isa = PBXBuildFile; fileRef = 416E66CE166D2C610062AE57 /* information_announcement.png */; };
		416E66D2166D2C610062AE57 /* information_negative.png in Resources */ = {isa = PBXBuildFile; fileRef = 416E66CF166D2C610062AE57 /* information_negative.png */; };
		416E66D3166D2C610062AE57 /* information_positive.png in Resources */ = {isa = PBXBuildFile; fileRef = 416E66D0166D2C610062AE57 /* information_positive.png */; };
		417F09151670ECA100F44475 /* AddressBook.framework in Frameworks */ = {isa = PBXBuildFile; fileRef = 417F09131670ECA100F44475 /* AddressBook.framework */; };
		417F09161670ECA100F44475 /* AddressBookUI.framework in Frameworks */ = {isa = PBXBuildFile; fileRef = 417F09141670ECA100F44475 /* AddressBookUI.framework */; };
		417F09671671001900F44475 /* UIKit.framework in Frameworks */ = {isa = PBXBuildFile; fileRef = 41857F461652D5A600EE800D /* UIKit.framework */; };
		417F09681671001900F44475 /* Foundation.framework in Frameworks */ = {isa = PBXBuildFile; fileRef = 41857F481652D5A600EE800D /* Foundation.framework */; };
		41857F471652D5A600EE800D /* UIKit.framework in Frameworks */ = {isa = PBXBuildFile; fileRef = 41857F461652D5A600EE800D /* UIKit.framework */; };
		41857F491652D5A600EE800D /* Foundation.framework in Frameworks */ = {isa = PBXBuildFile; fileRef = 41857F481652D5A600EE800D /* Foundation.framework */; };
		41857F4B1652D5A600EE800D /* CoreGraphics.framework in Frameworks */ = {isa = PBXBuildFile; fileRef = 41857F4A1652D5A600EE800D /* CoreGraphics.framework */; };
		41857F6F1652DAA200EE800D /* main.m in Sources */ = {isa = PBXBuildFile; fileRef = 41857F6E1652DAA200EE800D /* main.m */; };
		418A102116710999003D81C0 /* InfoPlist.strings in Resources */ = {isa = PBXBuildFile; fileRef = 418A101F16710999003D81C0 /* InfoPlist.strings */; };
		418A102816710CA5003D81C0 /* MafiaSettleTagsActionTests.m in Sources */ = {isa = PBXBuildFile; fileRef = 418A102716710CA5003D81C0 /* MafiaSettleTagsActionTests.m */; };
		418A102B16710D94003D81C0 /* MafiaGameplayTestCase.m in Sources */ = {isa = PBXBuildFile; fileRef = 418A102A16710D94003D81C0 /* MafiaGameplayTestCase.m */; };
		418A10321671F106003D81C0 /* MafiaVoteAndLynchActionTests.m in Sources */ = {isa = PBXBuildFile; fileRef = 418A10311671F105003D81C0 /* MafiaVoteAndLynchActionTests.m */; };
		418A72FA1AC9570400A652D2 /* Images.xcassets in Resources */ = {isa = PBXBuildFile; fileRef = 418A72F91AC9570400A652D2 /* Images.xcassets */; };
		41A7F36E1ACEC8DA0086015F /* MafiaAction.m in Sources */ = {isa = PBXBuildFile; fileRef = 41A7F35A1ACEC8DA0086015F /* MafiaAction.m */; };
		41A7F36F1ACEC8DA0086015F /* MafiaGame.m in Sources */ = {isa = PBXBuildFile; fileRef = 41A7F35C1ACEC8DA0086015F /* MafiaGame.m */; };
		41A7F3701ACEC8DA0086015F /* MafiaGameSetup.m in Sources */ = {isa = PBXBuildFile; fileRef = 41A7F35F1ACEC8DA0086015F /* MafiaGameSetup.m */; };
		41A7F3711ACEC8DA0086015F /* MafiaInformation.m in Sources */ = {isa = PBXBuildFile; fileRef = 41A7F3611ACEC8DA0086015F /* MafiaInformation.m */; };
		41A7F3721ACEC8DA0086015F /* MafiaNumberRange.m in Sources */ = {isa = PBXBuildFile; fileRef = 41A7F3631ACEC8DA0086015F /* MafiaNumberRange.m */; };
		41A7F3731ACEC8DA0086015F /* MafiaPlayer.m in Sources */ = {isa = PBXBuildFile; fileRef = 41A7F3651ACEC8DA0086015F /* MafiaPlayer.m */; };
		41A7F3741ACEC8DA0086015F /* MafiaPlayerList.m in Sources */ = {isa = PBXBuildFile; fileRef = 41A7F3671ACEC8DA0086015F /* MafiaPlayerList.m */; };
		41A7F3751ACEC8DA0086015F /* MafiaRole.m in Sources */ = {isa = PBXBuildFile; fileRef = 41A7F3691ACEC8DA0086015F /* MafiaRole.m */; };
		41A7F3761ACEC8DA0086015F /* MafiaSettleTagsAction.m in Sources */ = {isa = PBXBuildFile; fileRef = 41A7F36B1ACEC8DA0086015F /* MafiaSettleTagsAction.m */; };
		41A7F3771ACEC8DA0086015F /* MafiaVoteAndLynchAction.m in Sources */ = {isa = PBXBuildFile; fileRef = 41A7F36D1ACEC8DA0086015F /* MafiaVoteAndLynchAction.m */; };
		41A7F3821ACED9C70086015F /* LaunchScreen.xib in Resources */ = {isa = PBXBuildFile; fileRef = 41A7F37C1ACED9C70086015F /* LaunchScreen.xib */; };
		41A7F3831ACED9C70086015F /* Main.storyboard in Resources */ = {isa = PBXBuildFile; fileRef = 41A7F37E1ACED9C70086015F /* Main.storyboard */; };
		41A7F3841ACED9C70086015F /* MafiaAppDelegate.m in Sources */ = {isa = PBXBuildFile; fileRef = 41A7F3811ACED9C70086015F /* MafiaAppDelegate.m */; };
		41A7F3871ACEDAD80086015F /* UIColor+MafiaAdditions.m in Sources */ = {isa = PBXBuildFile; fileRef = 41A7F3861ACEDAD80086015F /* UIColor+MafiaAdditions.m */; };
		41B32509166F548500E9D509 /* guide.png in Resources */ = {isa = PBXBuildFile; fileRef = 41B32508166F548500E9D509 /* guide.png */; };
		41B3250F166F579E00E9D509 /* gameplay.zh.html in Resources */ = {isa = PBXBuildFile; fileRef = 41B3250D166F579E00E9D509 /* gameplay.zh.html */; };
		41B32510166F579E00E9D509 /* style.css in Resources */ = {isa = PBXBuildFile; fileRef = 41B3250E166F579E00E9D509 /* style.css */; };
		41B32515166F70C700E9D509 /* is_dead.png in Resources */ = {isa = PBXBuildFile; fileRef = 41B32514166F70C700E9D509 /* is_dead.png */; };
		41B3C0CA1673642400233934 /* Localizable.strings in Resources */ = {isa = PBXBuildFile; fileRef = 41B3C0CC1673642400233934 /* Localizable.strings */; };
		41B5A623166E120B009F8CAE /* information_background.png in Resources */ = {isa = PBXBuildFile; fileRef = 41B5A622166E120B009F8CAE /* information_background.png */; };
		41E9AC9C1660D542006AC42D /* tag_assassin.png in Resources */ = {isa = PBXBuildFile; fileRef = 41E9AC9B1660D542006AC42D /* tag_assassin.png */; };
/* End PBXBuildFile section */

/* Begin PBXContainerItemProxy section */
		417F09761671009700F44475 /* PBXContainerItemProxy */ = {
			isa = PBXContainerItemProxy;
			containerPortal = 41857F391652D5A500EE800D /* Project object */;
			proxyType = 1;
			remoteGlobalIDString = 41857F411652D5A600EE800D;
			remoteInfo = Mafia;
		};
/* End PBXContainerItemProxy section */

/* Begin PBXFileReference section */
		413FE4FA166CC93500A5356C /* add.png */ = {isa = PBXFileReference; lastKnownFileType = image.png; path = add.png; sourceTree = "<group>"; };
		413FE4FB166CC93500A5356C /* moon.png */ = {isa = PBXFileReference; lastKnownFileType = image.png; path = moon.png; sourceTree = "<group>"; };
		413FE4FC166CC93500A5356C /* player.png */ = {isa = PBXFileReference; lastKnownFileType = image.png; path = player.png; sourceTree = "<group>"; };
		413FE4FD166CC93500A5356C /* players.png */ = {isa = PBXFileReference; lastKnownFileType = image.png; path = players.png; sourceTree = "<group>"; };
		413FE4FE166CC93500A5356C /* two_handed.png */ = {isa = PBXFileReference; lastKnownFileType = image.png; path = two_handed.png; sourceTree = "<group>"; };
		414AB50B1AD2F6F8001B913C /* MafiaAddPlayerController.h */ = {isa = PBXFileReference; fileEncoding = 4; lastKnownFileType = sourcecode.c.h; path = MafiaAddPlayerController.h; sourceTree = "<group>"; };
		414AB50C1AD2F6F8001B913C /* MafiaAddPlayerController.m */ = {isa = PBXFileReference; fileEncoding = 4; lastKnownFileType = sourcecode.c.objc; path = MafiaAddPlayerController.m; sourceTree = "<group>"; };
		414AB50D1AD2F6F8001B913C /* MafiaConfigureRoleController.h */ = {isa = PBXFileReference; fileEncoding = 4; lastKnownFileType = sourcecode.c.h; path = MafiaConfigureRoleController.h; sourceTree = "<group>"; };
		414AB50E1AD2F6F8001B913C /* MafiaConfigureRoleController.m */ = {isa = PBXFileReference; fileEncoding = 4; lastKnownFileType = sourcecode.c.objc; path = MafiaConfigureRoleController.m; sourceTree = "<group>"; };
		414AB50F1AD2F6F8001B913C /* MafiaGameController.h */ = {isa = PBXFileReference; fileEncoding = 4; lastKnownFileType = sourcecode.c.h; path = MafiaGameController.h; sourceTree = "<group>"; };
		414AB5101AD2F6F8001B913C /* MafiaGameController.m */ = {isa = PBXFileReference; fileEncoding = 4; lastKnownFileType = sourcecode.c.objc; path = MafiaGameController.m; sourceTree = "<group>"; };
		414AB5111AD2F6F8001B913C /* MafiaGameSetupController.h */ = {isa = PBXFileReference; fileEncoding = 4; lastKnownFileType = sourcecode.c.h; path = MafiaGameSetupController.h; sourceTree = "<group>"; };
		414AB5121AD2F6F8001B913C /* MafiaGameSetupController.m */ = {isa = PBXFileReference; fileEncoding = 4; lastKnownFileType = sourcecode.c.objc; path = MafiaGameSetupController.m; sourceTree = "<group>"; };
		414AB5131AD2F6F8001B913C /* MafiaInformationController.h */ = {isa = PBXFileReference; fileEncoding = 4; lastKnownFileType = sourcecode.c.h; path = MafiaInformationController.h; sourceTree = "<group>"; };
		414AB5141AD2F6F8001B913C /* MafiaInformationController.m */ = {isa = PBXFileReference; fileEncoding = 4; lastKnownFileType = sourcecode.c.objc; path = MafiaInformationController.m; sourceTree = "<group>"; };
		414AB5151AD2F6F8001B913C /* MafiaSelectPlayersController.h */ = {isa = PBXFileReference; fileEncoding = 4; lastKnownFileType = sourcecode.c.h; path = MafiaSelectPlayersController.h; sourceTree = "<group>"; };
		414AB5161AD2F6F8001B913C /* MafiaSelectPlayersController.m */ = {isa = PBXFileReference; fileEncoding = 4; lastKnownFileType = sourcecode.c.objc; path = MafiaSelectPlayersController.m; sourceTree = "<group>"; };
		414AB5171AD2F6F8001B913C /* MafiaUpdatePlayerController.h */ = {isa = PBXFileReference; fileEncoding = 4; lastKnownFileType = sourcecode.c.h; path = MafiaUpdatePlayerController.h; sourceTree = "<group>"; };
		414AB5181AD2F6F8001B913C /* MafiaUpdatePlayerController.m */ = {isa = PBXFileReference; fileEncoding = 4; lastKnownFileType = sourcecode.c.objc; path = MafiaUpdatePlayerController.m; sourceTree = "<group>"; };
		414AB5191AD2F6F8001B913C /* MafiaUpdatePlayerRoleController.h */ = {isa = PBXFileReference; fileEncoding = 4; lastKnownFileType = sourcecode.c.h; path = MafiaUpdatePlayerRoleController.h; sourceTree = "<group>"; };
		414AB51A1AD2F6F8001B913C /* MafiaUpdatePlayerRoleController.m */ = {isa = PBXFileReference; fileEncoding = 4; lastKnownFileType = sourcecode.c.objc; path = MafiaUpdatePlayerRoleController.m; sourceTree = "<group>"; };
		414AB5271AD4523A001B913C /* MafiaGameplayWebPageController.h */ = {isa = PBXFileReference; fileEncoding = 4; lastKnownFileType = sourcecode.c.h; path = MafiaGameplayWebPageController.h; sourceTree = "<group>"; };
		414AB5281AD4523A001B913C /* MafiaGameplayWebPageController.m */ = {isa = PBXFileReference; fileEncoding = 4; lastKnownFileType = sourcecode.c.objc; path = MafiaGameplayWebPageController.m; sourceTree = "<group>"; };
		414AB52D1AD47A99001B913C /* MafiaAboutController.h */ = {isa = PBXFileReference; fileEncoding = 4; lastKnownFileType = sourcecode.c.h; path = MafiaAboutController.h; sourceTree = "<group>"; };
		414AB52E1AD47A99001B913C /* MafiaAboutController.m */ = {isa = PBXFileReference; fileEncoding = 4; lastKnownFileType = sourcecode.c.objc; path = MafiaAboutController.m; sourceTree = "<group>"; };
		415CF83E165D6EBA00CDB5B2 /* action_in_day.png */ = {isa = PBXFileReference; lastKnownFileType = image.png; path = action_in_day.png; sourceTree = "<group>"; };
		415CF83F165D6EBA00CDB5B2 /* action_in_night.png */ = {isa = PBXFileReference; lastKnownFileType = image.png; path = action_in_night.png; sourceTree = "<group>"; };
		415CF840165D6EBA00CDB5B2 /* is_just_guarded.png */ = {isa = PBXFileReference; lastKnownFileType = image.png; path = is_just_guarded.png; sourceTree = "<group>"; };
		415CF841165D6EBA00CDB5B2 /* is_misdiagnosed.png */ = {isa = PBXFileReference; lastKnownFileType = image.png; path = is_misdiagnosed.png; sourceTree = "<group>"; };
		415CF842165D6EBA00CDB5B2 /* is_unguardable.png */ = {isa = PBXFileReference; lastKnownFileType = image.png; path = is_unguardable.png; sourceTree = "<group>"; };
		415CF843165D6EBA00CDB5B2 /* is_voted.png */ = {isa = PBXFileReference; lastKnownFileType = image.png; path = is_voted.png; sourceTree = "<group>"; };
		415CF844165D6EBA00CDB5B2 /* role_civilian.png */ = {isa = PBXFileReference; lastKnownFileType = image.png; path = role_civilian.png; sourceTree = "<group>"; };
		415CF845165D6EBA00CDB5B2 /* role_dead.png */ = {isa = PBXFileReference; lastKnownFileType = image.png; path = role_dead.png; sourceTree = "<group>"; };
		415CF846165D6EBA00CDB5B2 /* role_detective.png */ = {isa = PBXFileReference; lastKnownFileType = image.png; path = role_detective.png; sourceTree = "<group>"; };
		415CF847165D6EBA00CDB5B2 /* role_doctor.png */ = {isa = PBXFileReference; lastKnownFileType = image.png; path = role_doctor.png; sourceTree = "<group>"; };
		415CF848165D6EBA00CDB5B2 /* role_guardian.png */ = {isa = PBXFileReference; lastKnownFileType = image.png; path = role_guardian.png; sourceTree = "<group>"; };
		415CF849165D6EBA00CDB5B2 /* role_killer.png */ = {isa = PBXFileReference; lastKnownFileType = image.png; path = role_killer.png; sourceTree = "<group>"; };
		415CF84A165D6EBA00CDB5B2 /* role_traitor.png */ = {isa = PBXFileReference; lastKnownFileType = image.png; path = role_traitor.png; sourceTree = "<group>"; };
		415CF84B165D6EBA00CDB5B2 /* role_undercover.png */ = {isa = PBXFileReference; lastKnownFileType = image.png; path = role_undercover.png; sourceTree = "<group>"; };
		415CF84C165D6EBA00CDB5B2 /* role_unrevealed.png */ = {isa = PBXFileReference; lastKnownFileType = image.png; path = role_unrevealed.png; sourceTree = "<group>"; };
		415CF84F165D6EBA00CDB5B2 /* tag_detective.png */ = {isa = PBXFileReference; lastKnownFileType = image.png; path = tag_detective.png; sourceTree = "<group>"; };
		415CF850165D6EBA00CDB5B2 /* tag_doctor.png */ = {isa = PBXFileReference; lastKnownFileType = image.png; path = tag_doctor.png; sourceTree = "<group>"; };
		415CF851165D6EBA00CDB5B2 /* tag_guardian.png */ = {isa = PBXFileReference; lastKnownFileType = image.png; path = tag_guardian.png; sourceTree = "<group>"; };
		415CF852165D6EBA00CDB5B2 /* tag_killer.png */ = {isa = PBXFileReference; lastKnownFileType = image.png; path = tag_killer.png; sourceTree = "<group>"; };
		415CF853165D6EBA00CDB5B2 /* tag_traitor.png */ = {isa = PBXFileReference; lastKnownFileType = image.png; path = tag_traitor.png; sourceTree = "<group>"; };
		415CF854165D6EBA00CDB5B2 /* tag_undercover.png */ = {isa = PBXFileReference; lastKnownFileType = image.png; path = tag_undercover.png; sourceTree = "<group>"; };
		415CF878165D9CF400CDB5B2 /* game_background.png */ = {isa = PBXFileReference; lastKnownFileType = image.png; path = game_background.png; sourceTree = "<group>"; };
		415CF879165D9CF400CDB5B2 /* role_assassin.png */ = {isa = PBXFileReference; lastKnownFileType = image.png; path = role_assassin.png; sourceTree = "<group>"; };
		416E66CE166D2C610062AE57 /* information_announcement.png */ = {isa = PBXFileReference; lastKnownFileType = image.png; path = information_announcement.png; sourceTree = "<group>"; };
		416E66CF166D2C610062AE57 /* information_negative.png */ = {isa = PBXFileReference; lastKnownFileType = image.png; path = information_negative.png; sourceTree = "<group>"; };
		416E66D0166D2C610062AE57 /* information_positive.png */ = {isa = PBXFileReference; lastKnownFileType = image.png; path = information_positive.png; sourceTree = "<group>"; };
		417F09131670ECA100F44475 /* AddressBook.framework */ = {isa = PBXFileReference; lastKnownFileType = wrapper.framework; name = AddressBook.framework; path = System/Library/Frameworks/AddressBook.framework; sourceTree = SDKROOT; };
		417F09141670ECA100F44475 /* AddressBookUI.framework */ = {isa = PBXFileReference; lastKnownFileType = wrapper.framework; name = AddressBookUI.framework; path = System/Library/Frameworks/AddressBookUI.framework; sourceTree = SDKROOT; };
		417F09641671001900F44475 /* MafiaTests.xctest */ = {isa = PBXFileReference; explicitFileType = wrapper.cfbundle; includeInIndex = 0; path = MafiaTests.xctest; sourceTree = BUILT_PRODUCTS_DIR; };
		41857F421652D5A600EE800D /* Mafia.app */ = {isa = PBXFileReference; explicitFileType = wrapper.application; includeInIndex = 0; path = Mafia.app; sourceTree = BUILT_PRODUCTS_DIR; };
		41857F461652D5A600EE800D /* UIKit.framework */ = {isa = PBXFileReference; lastKnownFileType = wrapper.framework; name = UIKit.framework; path = System/Library/Frameworks/UIKit.framework; sourceTree = SDKROOT; };
		41857F481652D5A600EE800D /* Foundation.framework */ = {isa = PBXFileReference; lastKnownFileType = wrapper.framework; name = Foundation.framework; path = System/Library/Frameworks/Foundation.framework; sourceTree = SDKROOT; };
		41857F4A1652D5A600EE800D /* CoreGraphics.framework */ = {isa = PBXFileReference; lastKnownFileType = wrapper.framework; name = CoreGraphics.framework; path = System/Library/Frameworks/CoreGraphics.framework; sourceTree = SDKROOT; };
		41857F6D1652DAA200EE800D /* Mafia-Prefix.pch */ = {isa = PBXFileReference; fileEncoding = 4; lastKnownFileType = sourcecode.c.h; path = "Mafia-Prefix.pch"; sourceTree = "<group>"; };
		41857F6E1652DAA200EE800D /* main.m */ = {isa = PBXFileReference; fileEncoding = 4; lastKnownFileType = sourcecode.c.objc; path = main.m; sourceTree = "<group>"; };
		418A101C16710992003D81C0 /* MafiaTests-Info.plist */ = {isa = PBXFileReference; fileEncoding = 4; lastKnownFileType = text.plist.xml; path = "MafiaTests-Info.plist"; sourceTree = "<group>"; };
		418A102016710999003D81C0 /* en */ = {isa = PBXFileReference; lastKnownFileType = text.plist.strings; name = en; path = en.lproj/InfoPlist.strings; sourceTree = "<group>"; };
		418A102716710CA5003D81C0 /* MafiaSettleTagsActionTests.m */ = {isa = PBXFileReference; fileEncoding = 4; lastKnownFileType = sourcecode.c.objc; path = MafiaSettleTagsActionTests.m; sourceTree = "<group>"; };
		418A102916710D94003D81C0 /* MafiaGameplayTestCase.h */ = {isa = PBXFileReference; fileEncoding = 4; lastKnownFileType = sourcecode.c.h; path = MafiaGameplayTestCase.h; sourceTree = "<group>"; };
		418A102A16710D94003D81C0 /* MafiaGameplayTestCase.m */ = {isa = PBXFileReference; fileEncoding = 4; lastKnownFileType = sourcecode.c.objc; path = MafiaGameplayTestCase.m; sourceTree = "<group>"; };
		418A10311671F105003D81C0 /* MafiaVoteAndLynchActionTests.m */ = {isa = PBXFileReference; fileEncoding = 4; lastKnownFileType = sourcecode.c.objc; path = MafiaVoteAndLynchActionTests.m; sourceTree = "<group>"; };
		418A72F91AC9570400A652D2 /* Images.xcassets */ = {isa = PBXFileReference; lastKnownFileType = folder.assetcatalog; path = Images.xcassets; sourceTree = "<group>"; };
		418A73BD1ACEA4E000A652D2 /* Info.plist */ = {isa = PBXFileReference; fileEncoding = 4; lastKnownFileType = text.plist.xml; path = Info.plist; sourceTree = "<group>"; };
		418A73C21ACEA51300A652D2 /* Base */ = {isa = PBXFileReference; lastKnownFileType = text.plist.strings; name = Base; path = Base.lproj/InfoPlist.strings; sourceTree = "<group>"; };
		41A7F3591ACEC8DA0086015F /* MafiaAction.h */ = {isa = PBXFileReference; fileEncoding = 4; lastKnownFileType = sourcecode.c.h; path = MafiaAction.h; sourceTree = "<group>"; };
		41A7F35A1ACEC8DA0086015F /* MafiaAction.m */ = {isa = PBXFileReference; fileEncoding = 4; lastKnownFileType = sourcecode.c.objc; path = MafiaAction.m; sourceTree = "<group>"; };
		41A7F35B1ACEC8DA0086015F /* MafiaGame.h */ = {isa = PBXFileReference; fileEncoding = 4; lastKnownFileType = sourcecode.c.h; path = MafiaGame.h; sourceTree = "<group>"; };
		41A7F35C1ACEC8DA0086015F /* MafiaGame.m */ = {isa = PBXFileReference; fileEncoding = 4; lastKnownFileType = sourcecode.c.objc; path = MafiaGame.m; sourceTree = "<group>"; };
		41A7F35D1ACEC8DA0086015F /* MafiaGameplay.h */ = {isa = PBXFileReference; fileEncoding = 4; lastKnownFileType = sourcecode.c.h; path = MafiaGameplay.h; sourceTree = "<group>"; };
		41A7F35E1ACEC8DA0086015F /* MafiaGameSetup.h */ = {isa = PBXFileReference; fileEncoding = 4; lastKnownFileType = sourcecode.c.h; path = MafiaGameSetup.h; sourceTree = "<group>"; };
		41A7F35F1ACEC8DA0086015F /* MafiaGameSetup.m */ = {isa = PBXFileReference; fileEncoding = 4; lastKnownFileType = sourcecode.c.objc; path = MafiaGameSetup.m; sourceTree = "<group>"; };
		41A7F3601ACEC8DA0086015F /* MafiaInformation.h */ = {isa = PBXFileReference; fileEncoding = 4; lastKnownFileType = sourcecode.c.h; path = MafiaInformation.h; sourceTree = "<group>"; };
		41A7F3611ACEC8DA0086015F /* MafiaInformation.m */ = {isa = PBXFileReference; fileEncoding = 4; lastKnownFileType = sourcecode.c.objc; path = MafiaInformation.m; sourceTree = "<group>"; };
		41A7F3621ACEC8DA0086015F /* MafiaNumberRange.h */ = {isa = PBXFileReference; fileEncoding = 4; lastKnownFileType = sourcecode.c.h; path = MafiaNumberRange.h; sourceTree = "<group>"; };
		41A7F3631ACEC8DA0086015F /* MafiaNumberRange.m */ = {isa = PBXFileReference; fileEncoding = 4; lastKnownFileType = sourcecode.c.objc; path = MafiaNumberRange.m; sourceTree = "<group>"; };
		41A7F3641ACEC8DA0086015F /* MafiaPlayer.h */ = {isa = PBXFileReference; fileEncoding = 4; lastKnownFileType = sourcecode.c.h; path = MafiaPlayer.h; sourceTree = "<group>"; };
		41A7F3651ACEC8DA0086015F /* MafiaPlayer.m */ = {isa = PBXFileReference; fileEncoding = 4; lastKnownFileType = sourcecode.c.objc; path = MafiaPlayer.m; sourceTree = "<group>"; };
		41A7F3661ACEC8DA0086015F /* MafiaPlayerList.h */ = {isa = PBXFileReference; fileEncoding = 4; lastKnownFileType = sourcecode.c.h; path = MafiaPlayerList.h; sourceTree = "<group>"; };
		41A7F3671ACEC8DA0086015F /* MafiaPlayerList.m */ = {isa = PBXFileReference; fileEncoding = 4; lastKnownFileType = sourcecode.c.objc; path = MafiaPlayerList.m; sourceTree = "<group>"; };
		41A7F3681ACEC8DA0086015F /* MafiaRole.h */ = {isa = PBXFileReference; fileEncoding = 4; lastKnownFileType = sourcecode.c.h; path = MafiaRole.h; sourceTree = "<group>"; };
		41A7F3691ACEC8DA0086015F /* MafiaRole.m */ = {isa = PBXFileReference; fileEncoding = 4; lastKnownFileType = sourcecode.c.objc; path = MafiaRole.m; sourceTree = "<group>"; };
		41A7F36A1ACEC8DA0086015F /* MafiaSettleTagsAction.h */ = {isa = PBXFileReference; fileEncoding = 4; lastKnownFileType = sourcecode.c.h; path = MafiaSettleTagsAction.h; sourceTree = "<group>"; };
		41A7F36B1ACEC8DA0086015F /* MafiaSettleTagsAction.m */ = {isa = PBXFileReference; fileEncoding = 4; lastKnownFileType = sourcecode.c.objc; path = MafiaSettleTagsAction.m; sourceTree = "<group>"; };
		41A7F36C1ACEC8DA0086015F /* MafiaVoteAndLynchAction.h */ = {isa = PBXFileReference; fileEncoding = 4; lastKnownFileType = sourcecode.c.h; path = MafiaVoteAndLynchAction.h; sourceTree = "<group>"; };
		41A7F36D1ACEC8DA0086015F /* MafiaVoteAndLynchAction.m */ = {isa = PBXFileReference; fileEncoding = 4; lastKnownFileType = sourcecode.c.objc; path = MafiaVoteAndLynchAction.m; sourceTree = "<group>"; };
		41A7F37D1ACED9C70086015F /* Base */ = {isa = PBXFileReference; lastKnownFileType = file.xib; name = Base; path = Base.lproj/LaunchScreen.xib; sourceTree = "<group>"; };
		41A7F37F1ACED9C70086015F /* Base */ = {isa = PBXFileReference; lastKnownFileType = file.storyboard; name = Base; path = Base.lproj/Main.storyboard; sourceTree = "<group>"; };
		41A7F3801ACED9C70086015F /* MafiaAppDelegate.h */ = {isa = PBXFileReference; fileEncoding = 4; lastKnownFileType = sourcecode.c.h; path = MafiaAppDelegate.h; sourceTree = "<group>"; };
		41A7F3811ACED9C70086015F /* MafiaAppDelegate.m */ = {isa = PBXFileReference; fileEncoding = 4; lastKnownFileType = sourcecode.c.objc; path = MafiaAppDelegate.m; sourceTree = "<group>"; };
		41A7F3851ACEDA8A0086015F /* UIColor+MafiaAdditions.h */ = {isa = PBXFileReference; lastKnownFileType = sourcecode.c.h; name = "UIColor+MafiaAdditions.h"; path = "Mafia/Utils/UIColor+MafiaAdditions.h"; sourceTree = SOURCE_ROOT; };
		41A7F3861ACEDAD80086015F /* UIColor+MafiaAdditions.m */ = {isa = PBXFileReference; fileEncoding = 4; lastKnownFileType = sourcecode.c.objc; name = "UIColor+MafiaAdditions.m"; path = "Mafia/Utils/UIColor+MafiaAdditions.m"; sourceTree = SOURCE_ROOT; };
		41B32508166F548500E9D509 /* guide.png */ = {isa = PBXFileReference; lastKnownFileType = image.png; path = guide.png; sourceTree = "<group>"; };
		41B3250D166F579E00E9D509 /* gameplay.zh.html */ = {isa = PBXFileReference; fileEncoding = 4; lastKnownFileType = text.html; path = gameplay.zh.html; sourceTree = "<group>"; };
		41B3250E166F579E00E9D509 /* style.css */ = {isa = PBXFileReference; fileEncoding = 4; lastKnownFileType = text.css; path = style.css; sourceTree = "<group>"; };
		41B32514166F70C700E9D509 /* is_dead.png */ = {isa = PBXFileReference; lastKnownFileType = image.png; path = is_dead.png; sourceTree = "<group>"; };
		41B3C0CB1673642400233934 /* en */ = {isa = PBXFileReference; lastKnownFileType = text.plist.strings; name = en; path = en.lproj/Localizable.strings; sourceTree = "<group>"; };
		41B3C0CE1673663900233934 /* zh-Hans */ = {isa = PBXFileReference; lastKnownFileType = text.plist.strings; name = "zh-Hans"; path = "zh-Hans.lproj/Localizable.strings"; sourceTree = "<group>"; };
		41B5A622166E120B009F8CAE /* information_background.png */ = {isa = PBXFileReference; lastKnownFileType = image.png; path = information_background.png; sourceTree = "<group>"; };
		41E9AC9B1660D542006AC42D /* tag_assassin.png */ = {isa = PBXFileReference; lastKnownFileType = image.png; path = tag_assassin.png; sourceTree = "<group>"; };
/* End PBXFileReference section */

/* Begin PBXFrameworksBuildPhase section */
		417F09601671001900F44475 /* Frameworks */ = {
			isa = PBXFrameworksBuildPhase;
			buildActionMask = 2147483647;
			files = (
				417F09671671001900F44475 /* UIKit.framework in Frameworks */,
				417F09681671001900F44475 /* Foundation.framework in Frameworks */,
			);
			runOnlyForDeploymentPostprocessing = 0;
		};
		41857F3F1652D5A600EE800D /* Frameworks */ = {
			isa = PBXFrameworksBuildPhase;
			buildActionMask = 2147483647;
			files = (
				417F09151670ECA100F44475 /* AddressBook.framework in Frameworks */,
				417F09161670ECA100F44475 /* AddressBookUI.framework in Frameworks */,
				41857F4B1652D5A600EE800D /* CoreGraphics.framework in Frameworks */,
				41857F491652D5A600EE800D /* Foundation.framework in Frameworks */,
				41857F471652D5A600EE800D /* UIKit.framework in Frameworks */,
			);
			runOnlyForDeploymentPostprocessing = 0;
		};
/* End PBXFrameworksBuildPhase section */

/* Begin PBXGroup section */
		414AB50A1AD2F6CD001B913C /* Game */ = {
			isa = PBXGroup;
			children = (
				414AB50B1AD2F6F8001B913C /* MafiaAddPlayerController.h */,
				414AB50C1AD2F6F8001B913C /* MafiaAddPlayerController.m */,
				414AB50D1AD2F6F8001B913C /* MafiaConfigureRoleController.h */,
				414AB50E1AD2F6F8001B913C /* MafiaConfigureRoleController.m */,
				414AB50F1AD2F6F8001B913C /* MafiaGameController.h */,
				414AB5101AD2F6F8001B913C /* MafiaGameController.m */,
				414AB5111AD2F6F8001B913C /* MafiaGameSetupController.h */,
				414AB5121AD2F6F8001B913C /* MafiaGameSetupController.m */,
				414AB5131AD2F6F8001B913C /* MafiaInformationController.h */,
				414AB5141AD2F6F8001B913C /* MafiaInformationController.m */,
				414AB5151AD2F6F8001B913C /* MafiaSelectPlayersController.h */,
				414AB5161AD2F6F8001B913C /* MafiaSelectPlayersController.m */,
				414AB5171AD2F6F8001B913C /* MafiaUpdatePlayerController.h */,
				414AB5181AD2F6F8001B913C /* MafiaUpdatePlayerController.m */,
				414AB5191AD2F6F8001B913C /* MafiaUpdatePlayerRoleController.h */,
				414AB51A1AD2F6F8001B913C /* MafiaUpdatePlayerRoleController.m */,
			);
			path = Game;
			sourceTree = "<group>";
		};
		414AB5231AD44D28001B913C /* About */ = {
			isa = PBXGroup;
			children = (
				414AB52D1AD47A99001B913C /* MafiaAboutController.h */,
				414AB52E1AD47A99001B913C /* MafiaAboutController.m */,
				414AB5271AD4523A001B913C /* MafiaGameplayWebPageController.h */,
				414AB5281AD4523A001B913C /* MafiaGameplayWebPageController.m */,
			);
			path = About;
			sourceTree = "<group>";
		};
		415CF83D165D6E9700CDB5B2 /* Game */ = {
			isa = PBXGroup;
			children = (
				415CF83E165D6EBA00CDB5B2 /* action_in_day.png */,
				415CF83F165D6EBA00CDB5B2 /* action_in_night.png */,
				415CF878165D9CF400CDB5B2 /* game_background.png */,
				416E66CE166D2C610062AE57 /* information_announcement.png */,
				41B5A622166E120B009F8CAE /* information_background.png */,
				416E66CF166D2C610062AE57 /* information_negative.png */,
				416E66D0166D2C610062AE57 /* information_positive.png */,
				41B32514166F70C700E9D509 /* is_dead.png */,
				415CF840165D6EBA00CDB5B2 /* is_just_guarded.png */,
				415CF841165D6EBA00CDB5B2 /* is_misdiagnosed.png */,
				415CF842165D6EBA00CDB5B2 /* is_unguardable.png */,
				415CF843165D6EBA00CDB5B2 /* is_voted.png */,
				415CF879165D9CF400CDB5B2 /* role_assassin.png */,
				415CF844165D6EBA00CDB5B2 /* role_civilian.png */,
				415CF845165D6EBA00CDB5B2 /* role_dead.png */,
				415CF846165D6EBA00CDB5B2 /* role_detective.png */,
				415CF847165D6EBA00CDB5B2 /* role_doctor.png */,
				415CF848165D6EBA00CDB5B2 /* role_guardian.png */,
				415CF849165D6EBA00CDB5B2 /* role_killer.png */,
				415CF84A165D6EBA00CDB5B2 /* role_traitor.png */,
				415CF84B165D6EBA00CDB5B2 /* role_undercover.png */,
				415CF84C165D6EBA00CDB5B2 /* role_unrevealed.png */,
				41E9AC9B1660D542006AC42D /* tag_assassin.png */,
				415CF84F165D6EBA00CDB5B2 /* tag_detective.png */,
				415CF850165D6EBA00CDB5B2 /* tag_doctor.png */,
				415CF851165D6EBA00CDB5B2 /* tag_guardian.png */,
				415CF852165D6EBA00CDB5B2 /* tag_killer.png */,
				415CF853165D6EBA00CDB5B2 /* tag_traitor.png */,
				415CF854165D6EBA00CDB5B2 /* tag_undercover.png */,
			);
			path = Game;
			sourceTree = "<group>";
		};
		417F098A1671076200F44475 /* Tests */ = {
			isa = PBXGroup;
			children = (
				418A102516710C08003D81C0 /* Gameplay */,
				417F098E167107CA00F44475 /* Supporting Files */,
			);
			path = Tests;
			sourceTree = "<group>";
		};
		417F098E167107CA00F44475 /* Supporting Files */ = {
			isa = PBXGroup;
			children = (
				418A101F16710999003D81C0 /* InfoPlist.strings */,
				418A101C16710992003D81C0 /* MafiaTests-Info.plist */,
			);
			name = "Supporting Files";
			sourceTree = "<group>";
		};
		41857F371652D5A500EE800D = {
			isa = PBXGroup;
			children = (
				418A73BA1ACEA0BA00A652D2 /* Mafia */,
				41857F691652D9FF00EE800D /* Resources */,
				417F098A1671076200F44475 /* Tests */,
				41857F451652D5A600EE800D /* Frameworks */,
				41857F431652D5A600EE800D /* Products */,
			);
			sourceTree = "<group>";
		};
		41857F431652D5A600EE800D /* Products */ = {
			isa = PBXGroup;
			children = (
				41857F421652D5A600EE800D /* Mafia.app */,
				417F09641671001900F44475 /* MafiaTests.xctest */,
			);
			name = Products;
			sourceTree = "<group>";
		};
		41857F451652D5A600EE800D /* Frameworks */ = {
			isa = PBXGroup;
			children = (
				417F09131670ECA100F44475 /* AddressBook.framework */,
				417F09141670ECA100F44475 /* AddressBookUI.framework */,
				41857F4A1652D5A600EE800D /* CoreGraphics.framework */,
				41857F481652D5A600EE800D /* Foundation.framework */,
				41857F461652D5A600EE800D /* UIKit.framework */,
			);
			name = Frameworks;
			sourceTree = "<group>";
		};
		41857F691652D9FF00EE800D /* Resources */ = {
			isa = PBXGroup;
			children = (
				41B3250C166F577A00E9D509 /* HTML */,
				41857F701652DAAB00EE800D /* Images */,
				41B3C0C7167363BD00233934 /* Strings */,
			);
			path = Resources;
			sourceTree = "<group>";
		};
		41857F6A1652DA2D00EE800D /* Supporting Files */ = {
			isa = PBXGroup;
			children = (
				418A73BF1ACEA50900A652D2 /* InfoPlist.strings */,
				418A73BD1ACEA4E000A652D2 /* Info.plist */,
				41857F6D1652DAA200EE800D /* Mafia-Prefix.pch */,
				41857F6E1652DAA200EE800D /* main.m */,
			);
			name = "Supporting Files";
			sourceTree = "<group>";
		};
		41857F701652DAAB00EE800D /* Images */ = {
			isa = PBXGroup;
			children = (
				415CF83D165D6E9700CDB5B2 /* Game */,
				4197E9CB166CC89800D01D34 /* Icons */,
			);
			path = Images;
			sourceTree = "<group>";
		};
		418A102516710C08003D81C0 /* Gameplay */ = {
			isa = PBXGroup;
			children = (
				418A102916710D94003D81C0 /* MafiaGameplayTestCase.h */,
				418A102A16710D94003D81C0 /* MafiaGameplayTestCase.m */,
				418A102716710CA5003D81C0 /* MafiaSettleTagsActionTests.m */,
				418A10311671F105003D81C0 /* MafiaVoteAndLynchActionTests.m */,
			);
			path = Gameplay;
			sourceTree = "<group>";
		};
		418A73BA1ACEA0BA00A652D2 /* Mafia */ = {
			isa = PBXGroup;
			children = (
				41A7F3571ACEC8900086015F /* Controllers */,
				41A7F3581ACEC8B10086015F /* Gameplay */,
				418A72F91AC9570400A652D2 /* Images.xcassets */,
				41A7F37C1ACED9C70086015F /* LaunchScreen.xib */,
				41A7F3801ACED9C70086015F /* MafiaAppDelegate.h */,
				41A7F3811ACED9C70086015F /* MafiaAppDelegate.m */,
				41A7F37E1ACED9C70086015F /* Main.storyboard */,
				41857F6A1652DA2D00EE800D /* Supporting Files */,
				41A7F37B1ACED8E90086015F /* Utils */,
			);
			path = Mafia;
			sourceTree = "<group>";
		};
		4197E9CB166CC89800D01D34 /* Icons */ = {
			isa = PBXGroup;
			children = (
				413FE4FA166CC93500A5356C /* add.png */,
				41B32508166F548500E9D509 /* guide.png */,
				413FE4FB166CC93500A5356C /* moon.png */,
				413FE4FC166CC93500A5356C /* player.png */,
				413FE4FD166CC93500A5356C /* players.png */,
				413FE4FE166CC93500A5356C /* two_handed.png */,
			);
			path = Icons;
			sourceTree = "<group>";
		};
		41A7F3571ACEC8900086015F /* Controllers */ = {
			isa = PBXGroup;
			children = (
				414AB5231AD44D28001B913C /* About */,
				414AB50A1AD2F6CD001B913C /* Game */,
			);
			path = Controllers;
			sourceTree = "<group>";
		};
		41A7F3581ACEC8B10086015F /* Gameplay */ = {
			isa = PBXGroup;
			children = (
				41A7F3591ACEC8DA0086015F /* MafiaAction.h */,
				41A7F35A1ACEC8DA0086015F /* MafiaAction.m */,
				41A7F35B1ACEC8DA0086015F /* MafiaGame.h */,
				41A7F35C1ACEC8DA0086015F /* MafiaGame.m */,
				41A7F35D1ACEC8DA0086015F /* MafiaGameplay.h */,
				41A7F35E1ACEC8DA0086015F /* MafiaGameSetup.h */,
				41A7F35F1ACEC8DA0086015F /* MafiaGameSetup.m */,
				41A7F3601ACEC8DA0086015F /* MafiaInformation.h */,
				41A7F3611ACEC8DA0086015F /* MafiaInformation.m */,
				41A7F3621ACEC8DA0086015F /* MafiaNumberRange.h */,
				41A7F3631ACEC8DA0086015F /* MafiaNumberRange.m */,
				41A7F3641ACEC8DA0086015F /* MafiaPlayer.h */,
				41A7F3651ACEC8DA0086015F /* MafiaPlayer.m */,
				41A7F3661ACEC8DA0086015F /* MafiaPlayerList.h */,
				41A7F3671ACEC8DA0086015F /* MafiaPlayerList.m */,
				41A7F3681ACEC8DA0086015F /* MafiaRole.h */,
				41A7F3691ACEC8DA0086015F /* MafiaRole.m */,
				41A7F36A1ACEC8DA0086015F /* MafiaSettleTagsAction.h */,
				41A7F36B1ACEC8DA0086015F /* MafiaSettleTagsAction.m */,
				41A7F36C1ACEC8DA0086015F /* MafiaVoteAndLynchAction.h */,
				41A7F36D1ACEC8DA0086015F /* MafiaVoteAndLynchAction.m */,
			);
			path = Gameplay;
			sourceTree = "<group>";
		};
		41A7F37B1ACED8E90086015F /* Utils */ = {
			isa = PBXGroup;
			children = (
				41A7F3851ACEDA8A0086015F /* UIColor+MafiaAdditions.h */,
				41A7F3861ACEDAD80086015F /* UIColor+MafiaAdditions.m */,
			);
			name = Utils;
			path = Mafia/Utils;
			sourceTree = "<group>";
		};
		41B3250C166F577A00E9D509 /* HTML */ = {
			isa = PBXGroup;
			children = (
				41B3250D166F579E00E9D509 /* gameplay.zh.html */,
				41B3250E166F579E00E9D509 /* style.css */,
			);
			path = HTML;
			sourceTree = "<group>";
		};
		41B3C0C7167363BD00233934 /* Strings */ = {
			isa = PBXGroup;
			children = (
				41B3C0CC1673642400233934 /* Localizable.strings */,
			);
			path = Strings;
			sourceTree = "<group>";
		};
/* End PBXGroup section */

/* Begin PBXNativeTarget section */
		417F09631671001900F44475 /* MafiaTests */ = {
			isa = PBXNativeTarget;
			buildConfigurationList = 417F09731671001900F44475 /* Build configuration list for PBXNativeTarget "MafiaTests" */;
			buildPhases = (
				417F095F1671001900F44475 /* Sources */,
				417F09601671001900F44475 /* Frameworks */,
				417F09611671001900F44475 /* Resources */,
				417F09621671001900F44475 /* ShellScript */,
			);
			buildRules = (
			);
			dependencies = (
				417F09771671009700F44475 /* PBXTargetDependency */,
			);
			name = MafiaTests;
			productName = MafiaTests;
			productReference = 417F09641671001900F44475 /* MafiaTests.xctest */;
			productType = "com.apple.product-type.bundle.unit-test";
		};
		41857F411652D5A600EE800D /* Mafia */ = {
			isa = PBXNativeTarget;
			buildConfigurationList = 41857F601652D5A600EE800D /* Build configuration list for PBXNativeTarget "Mafia" */;
			buildPhases = (
				41857F3E1652D5A600EE800D /* Sources */,
				41857F3F1652D5A600EE800D /* Frameworks */,
				41857F401652D5A600EE800D /* Resources */,
			);
			buildRules = (
			);
			dependencies = (
			);
			name = Mafia;
			productName = Mafia;
			productReference = 41857F421652D5A600EE800D /* Mafia.app */;
			productType = "com.apple.product-type.application";
		};
/* End PBXNativeTarget section */

/* Begin PBXProject section */
		41857F391652D5A500EE800D /* Project object */ = {
			isa = PBXProject;
			attributes = {
				CLASSPREFIX = Mafia;
				LastTestingUpgradeCheck = 0620;
				LastUpgradeCheck = 0450;
				ORGANIZATIONNAME = "ZHENG Zhong";
			};
			buildConfigurationList = 41857F3C1652D5A500EE800D /* Build configuration list for PBXProject "Mafia" */;
			compatibilityVersion = "Xcode 3.2";
			developmentRegion = English;
			hasScannedForEncodings = 0;
			knownRegions = (
				en,
				"zh-Hans",
				Base,
			);
			mainGroup = 41857F371652D5A500EE800D;
			productRefGroup = 41857F431652D5A600EE800D /* Products */;
			projectDirPath = "";
			projectRoot = "";
			targets = (
				41857F411652D5A600EE800D /* Mafia */,
				417F09631671001900F44475 /* MafiaTests */,
			);
		};
/* End PBXProject section */

/* Begin PBXResourcesBuildPhase section */
		417F09611671001900F44475 /* Resources */ = {
			isa = PBXResourcesBuildPhase;
			buildActionMask = 2147483647;
			files = (
				418A102116710999003D81C0 /* InfoPlist.strings in Resources */,
			);
			runOnlyForDeploymentPostprocessing = 0;
		};
		41857F401652D5A600EE800D /* Resources */ = {
			isa = PBXResourcesBuildPhase;
			buildActionMask = 2147483647;
			files = (
				418A72FA1AC9570400A652D2 /* Images.xcassets in Resources */,
				415CF855165D6EBA00CDB5B2 /* action_in_day.png in Resources */,
				415CF856165D6EBA00CDB5B2 /* action_in_night.png in Resources */,
				415CF857165D6EBA00CDB5B2 /* is_just_guarded.png in Resources */,
				415CF858165D6EBA00CDB5B2 /* is_misdiagnosed.png in Resources */,
				415CF859165D6EBA00CDB5B2 /* is_unguardable.png in Resources */,
				415CF85A165D6EBA00CDB5B2 /* is_voted.png in Resources */,
				415CF85B165D6EBA00CDB5B2 /* role_civilian.png in Resources */,
				415CF85C165D6EBA00CDB5B2 /* role_dead.png in Resources */,
				415CF85D165D6EBA00CDB5B2 /* role_detective.png in Resources */,
				415CF85E165D6EBA00CDB5B2 /* role_doctor.png in Resources */,
				415CF85F165D6EBA00CDB5B2 /* role_guardian.png in Resources */,
				415CF860165D6EBA00CDB5B2 /* role_killer.png in Resources */,
				415CF861165D6EBA00CDB5B2 /* role_traitor.png in Resources */,
				415CF862165D6EBA00CDB5B2 /* role_undercover.png in Resources */,
				415CF863165D6EBA00CDB5B2 /* role_unrevealed.png in Resources */,
				415CF866165D6EBA00CDB5B2 /* tag_detective.png in Resources */,
				415CF867165D6EBA00CDB5B2 /* tag_doctor.png in Resources */,
				415CF868165D6EBA00CDB5B2 /* tag_guardian.png in Resources */,
				415CF869165D6EBA00CDB5B2 /* tag_killer.png in Resources */,
				415CF86A165D6EBA00CDB5B2 /* tag_traitor.png in Resources */,
				415CF86B165D6EBA00CDB5B2 /* tag_undercover.png in Resources */,
				415CF87A165D9CF400CDB5B2 /* game_background.png in Resources */,
				41A7F3821ACED9C70086015F /* LaunchScreen.xib in Resources */,
				415CF87B165D9CF400CDB5B2 /* role_assassin.png in Resources */,
				41E9AC9C1660D542006AC42D /* tag_assassin.png in Resources */,
				413FE4FF166CC93500A5356C /* add.png in Resources */,
				413FE500166CC93500A5356C /* moon.png in Resources */,
				413FE501166CC93500A5356C /* player.png in Resources */,
				413FE502166CC93500A5356C /* players.png in Resources */,
				413FE503166CC93500A5356C /* two_handed.png in Resources */,
				41A7F3831ACED9C70086015F /* Main.storyboard in Resources */,
				416E66D1166D2C610062AE57 /* information_announcement.png in Resources */,
				416E66D2166D2C610062AE57 /* information_negative.png in Resources */,
				416E66D3166D2C610062AE57 /* information_positive.png in Resources */,
				41B5A623166E120B009F8CAE /* information_background.png in Resources */,
				41B32509166F548500E9D509 /* guide.png in Resources */,
				41B3250F166F579E00E9D509 /* gameplay.zh.html in Resources */,
				41B32510166F579E00E9D509 /* style.css in Resources */,
				41B32515166F70C700E9D509 /* is_dead.png in Resources */,
				41B3C0CA1673642400233934 /* Localizable.strings in Resources */,
			);
			runOnlyForDeploymentPostprocessing = 0;
		};
/* End PBXResourcesBuildPhase section */

/* Begin PBXShellScriptBuildPhase section */
		417F09621671001900F44475 /* ShellScript */ = {
			isa = PBXShellScriptBuildPhase;
			buildActionMask = 2147483647;
			files = (
			);
			inputPaths = (
			);
			outputPaths = (
			);
			runOnlyForDeploymentPostprocessing = 0;
			shellPath = /bin/sh;
			shellScript = "# Run the unit tests in this test bundle.\n\"${SYSTEM_DEVELOPER_DIR}/Tools/RunUnitTests\"\n";
		};
/* End PBXShellScriptBuildPhase section */

/* Begin PBXSourcesBuildPhase section */
		417F095F1671001900F44475 /* Sources */ = {
			isa = PBXSourcesBuildPhase;
			buildActionMask = 2147483647;
			files = (
				418A102816710CA5003D81C0 /* MafiaSettleTagsActionTests.m in Sources */,
				418A102B16710D94003D81C0 /* MafiaGameplayTestCase.m in Sources */,
				418A10321671F106003D81C0 /* MafiaVoteAndLynchActionTests.m in Sources */,
			);
			runOnlyForDeploymentPostprocessing = 0;
		};
		41857F3E1652D5A600EE800D /* Sources */ = {
			isa = PBXSourcesBuildPhase;
			buildActionMask = 2147483647;
			files = (
				41A7F36E1ACEC8DA0086015F /* MafiaAction.m in Sources */,
				41857F6F1652DAA200EE800D /* main.m in Sources */,
				414AB52F1AD47A99001B913C /* MafiaAboutController.m in Sources */,
				414AB5211AD2F6F8001B913C /* MafiaUpdatePlayerController.m in Sources */,
				414AB51E1AD2F6F8001B913C /* MafiaGameSetupController.m in Sources */,
				414AB5201AD2F6F8001B913C /* MafiaSelectPlayersController.m in Sources */,
				41A7F3731ACEC8DA0086015F /* MafiaPlayer.m in Sources */,
				41A7F3721ACEC8DA0086015F /* MafiaNumberRange.m in Sources */,
				414AB51F1AD2F6F8001B913C /* MafiaInformationController.m in Sources */,
				414AB5221AD2F6F8001B913C /* MafiaUpdatePlayerRoleController.m in Sources */,
				41A7F3741ACEC8DA0086015F /* MafiaPlayerList.m in Sources */,
				414AB5291AD4523A001B913C /* MafiaGameplayWebPageController.m in Sources */,
				41A7F3701ACEC8DA0086015F /* MafiaGameSetup.m in Sources */,
				41A7F3841ACED9C70086015F /* MafiaAppDelegate.m in Sources */,
				41A7F3751ACEC8DA0086015F /* MafiaRole.m in Sources */,
				41A7F3871ACEDAD80086015F /* UIColor+MafiaAdditions.m in Sources */,
				414AB51B1AD2F6F8001B913C /* MafiaAddPlayerController.m in Sources */,
				414AB51D1AD2F6F8001B913C /* MafiaGameController.m in Sources */,
				41A7F3761ACEC8DA0086015F /* MafiaSettleTagsAction.m in Sources */,
				41A7F3711ACEC8DA0086015F /* MafiaInformation.m in Sources */,
				414AB51C1AD2F6F8001B913C /* MafiaConfigureRoleController.m in Sources */,
				41A7F36F1ACEC8DA0086015F /* MafiaGame.m in Sources */,
				41A7F3771ACEC8DA0086015F /* MafiaVoteAndLynchAction.m in Sources */,
			);
			runOnlyForDeploymentPostprocessing = 0;
		};
/* End PBXSourcesBuildPhase section */

/* Begin PBXTargetDependency section */
		417F09771671009700F44475 /* PBXTargetDependency */ = {
			isa = PBXTargetDependency;
			target = 41857F411652D5A600EE800D /* Mafia */;
			targetProxy = 417F09761671009700F44475 /* PBXContainerItemProxy */;
		};
/* End PBXTargetDependency section */

/* Begin PBXVariantGroup section */
		418A101F16710999003D81C0 /* InfoPlist.strings */ = {
			isa = PBXVariantGroup;
			children = (
				418A102016710999003D81C0 /* en */,
			);
			name = InfoPlist.strings;
			sourceTree = "<group>";
		};
		418A73BF1ACEA50900A652D2 /* InfoPlist.strings */ = {
			isa = PBXVariantGroup;
			children = (
				418A73C21ACEA51300A652D2 /* Base */,
			);
			name = InfoPlist.strings;
			sourceTree = "<group>";
		};
		41A7F37C1ACED9C70086015F /* LaunchScreen.xib */ = {
			isa = PBXVariantGroup;
			children = (
				41A7F37D1ACED9C70086015F /* Base */,
			);
			name = LaunchScreen.xib;
			sourceTree = "<group>";
		};
		41A7F37E1ACED9C70086015F /* Main.storyboard */ = {
			isa = PBXVariantGroup;
			children = (
				41A7F37F1ACED9C70086015F /* Base */,
			);
			name = Main.storyboard;
			sourceTree = "<group>";
		};
		41B3C0CC1673642400233934 /* Localizable.strings */ = {
			isa = PBXVariantGroup;
			children = (
				41B3C0CB1673642400233934 /* en */,
				41B3C0CE1673663900233934 /* zh-Hans */,
			);
			name = Localizable.strings;
			sourceTree = "<group>";
		};
/* End PBXVariantGroup section */

/* Begin XCBuildConfiguration section */
		417F09741671001900F44475 /* Debug */ = {
			isa = XCBuildConfiguration;
			buildSettings = {
				BUNDLE_LOADER = "$(TEST_HOST)";
				FRAMEWORK_SEARCH_PATHS = (
					"\"$(SDKROOT)/Developer/Library/Frameworks\"",
					"\"$(DEVELOPER_LIBRARY_DIR)/Frameworks\"",
					"$(inherited)",
				);
				INFOPLIST_FILE = "Tests/MafiaTests-Info.plist";
				IPHONEOS_DEPLOYMENT_TARGET = 5.1;
				PRODUCT_NAME = "$(TARGET_NAME)";
				TEST_HOST = "$(BUILT_PRODUCTS_DIR)/Mafia.app/Mafia";
			};
			name = Debug;
		};
		417F09751671001900F44475 /* Release */ = {
			isa = XCBuildConfiguration;
			buildSettings = {
				BUNDLE_LOADER = "$(TEST_HOST)";
				FRAMEWORK_SEARCH_PATHS = (
					"\"$(SDKROOT)/Developer/Library/Frameworks\"",
					"\"$(DEVELOPER_LIBRARY_DIR)/Frameworks\"",
					"$(inherited)",
				);
				INFOPLIST_FILE = "Tests/MafiaTests-Info.plist";
				IPHONEOS_DEPLOYMENT_TARGET = 5.1;
				PRODUCT_NAME = "$(TARGET_NAME)";
				TEST_HOST = "$(BUILT_PRODUCTS_DIR)/Mafia.app/Mafia";
			};
			name = Release;
		};
		41857F5E1652D5A600EE800D /* Debug */ = {
			isa = XCBuildConfiguration;
			buildSettings = {
				ALWAYS_SEARCH_USER_PATHS = NO;
				CLANG_CXX_LANGUAGE_STANDARD = "gnu++0x";
				CLANG_CXX_LIBRARY = "libc++";
				CLANG_ENABLE_OBJC_ARC = YES;
				CLANG_WARN_EMPTY_BODY = YES;
				CLANG_WARN__DUPLICATE_METHOD_MATCH = YES;
				CODE_SIGN_IDENTITY = "iPhone Developer";
				"CODE_SIGN_IDENTITY[sdk=iphoneos*]" = "iPhone Developer";
				COPY_PHASE_STRIP = NO;
				GCC_C_LANGUAGE_STANDARD = gnu99;
				GCC_DYNAMIC_NO_PIC = NO;
				GCC_OPTIMIZATION_LEVEL = 0;
				GCC_PRECOMPILE_PREFIX_HEADER = YES;
				GCC_PREFIX_HEADER = "Mafia/Mafia-Prefix.pch";
				GCC_PREPROCESSOR_DEFINITIONS = (
					"DEBUG=1",
					"$(inherited)",
				);
				GCC_SYMBOLS_PRIVATE_EXTERN = NO;
				GCC_WARN_ABOUT_RETURN_TYPE = YES;
				GCC_WARN_UNINITIALIZED_AUTOS = YES;
				GCC_WARN_UNUSED_VARIABLE = YES;
				IPHONEOS_DEPLOYMENT_TARGET = 6.0;
				ONLY_ACTIVE_ARCH = YES;
				SDKROOT = iphoneos;
			};
			name = Debug;
		};
		41857F5F1652D5A600EE800D /* Release */ = {
			isa = XCBuildConfiguration;
			buildSettings = {
				ALWAYS_SEARCH_USER_PATHS = NO;
				CLANG_CXX_LANGUAGE_STANDARD = "gnu++0x";
				CLANG_CXX_LIBRARY = "libc++";
				CLANG_ENABLE_OBJC_ARC = YES;
				CLANG_WARN_EMPTY_BODY = YES;
				CLANG_WARN__DUPLICATE_METHOD_MATCH = YES;
				CODE_SIGN_IDENTITY = "iPhone Developer";
				"CODE_SIGN_IDENTITY[sdk=iphoneos*]" = "iPhone Developer";
				COPY_PHASE_STRIP = YES;
				GCC_C_LANGUAGE_STANDARD = gnu99;
				GCC_PRECOMPILE_PREFIX_HEADER = YES;
				GCC_PREFIX_HEADER = "Mafia/Mafia-Prefix.pch";
				GCC_WARN_ABOUT_RETURN_TYPE = YES;
				GCC_WARN_UNINITIALIZED_AUTOS = YES;
				GCC_WARN_UNUSED_VARIABLE = YES;
				IPHONEOS_DEPLOYMENT_TARGET = 6.0;
				OTHER_CFLAGS = "-DNS_BLOCK_ASSERTIONS=1";
				SDKROOT = iphoneos;
				VALIDATE_PRODUCT = YES;
			};
			name = Release;
		};
		41857F611652D5A600EE800D /* Debug */ = {
			isa = XCBuildConfiguration;
			buildSettings = {
				ASSETCATALOG_COMPILER_APPICON_NAME = AppIcon;
				INFOPLIST_FILE = Mafia/Info.plist;
				PRODUCT_NAME = "$(TARGET_NAME)";
				WRAPPER_EXTENSION = app;
			};
			name = Debug;
		};
		41857F621652D5A600EE800D /* Release */ = {
			isa = XCBuildConfiguration;
			buildSettings = {
				ASSETCATALOG_COMPILER_APPICON_NAME = AppIcon;
				INFOPLIST_FILE = Mafia/Info.plist;
				PRODUCT_NAME = "$(TARGET_NAME)";
				WRAPPER_EXTENSION = app;
			};
			name = Release;
		};
/* End XCBuildConfiguration section */

/* Begin XCConfigurationList section */
		417F09731671001900F44475 /* Build configuration list for PBXNativeTarget "MafiaTests" */ = {
			isa = XCConfigurationList;
			buildConfigurations = (
				417F09741671001900F44475 /* Debug */,
				417F09751671001900F44475 /* Release */,
			);
			defaultConfigurationIsVisible = 0;
			defaultConfigurationName = Release;
		};
		41857F3C1652D5A500EE800D /* Build configuration list for PBXProject "Mafia" */ = {
			isa = XCConfigurationList;
			buildConfigurations = (
				41857F5E1652D5A600EE800D /* Debug */,
				41857F5F1652D5A600EE800D /* Release */,
			);
			defaultConfigurationIsVisible = 0;
			defaultConfigurationName = Release;
		};
		41857F601652D5A600EE800D /* Build configuration list for PBXNativeTarget "Mafia" */ = {
			isa = XCConfigurationList;
			buildConfigurations = (
				41857F611652D5A600EE800D /* Debug */,
				41857F621652D5A600EE800D /* Release */,
			);
			defaultConfigurationIsVisible = 0;
			defaultConfigurationName = Release;
		};
/* End XCConfigurationList section */
	};
	rootObject = 41857F391652D5A500EE800D /* Project object */;
}
