PODS:
  - HexColors (2.2.1)
  - Mantle (2.0.5):
    - Mantle/extobjc (= 2.0.5)
  - Mantle/extobjc (2.0.5)
  - SVProgressHUD (1.1.3)
  - TSMessages (0.9.12):
    - HexColors (~> 2.2.0)

DEPENDENCIES:
  - Mantle (~> 2.0.4)
  - SVProgressHUD (~> 1.1.3)
  - TSMessages (~> 0.9)

SPEC CHECKSUMS:
  HexColors: abfd172e329dab59888614ccba6f216cec59289d
  Mantle: 1912395033f601de5adc8ee91e48f46e4c7051ad
  SVProgressHUD: 748080e4f36e603f6c02aec292664239df5279c1
  TSMessages: c8cc7b80f2a833af533872cd02010cac061532cc

COCOAPODS: 0.38.2
